// !$*UTF8*$!
{
	archiveVersion = 1;
	classes = {
	};
	objectVersion = 56;
	objects = {

/* Begin PBXBuildFile section */
		FAC8AB122AF951AE0082A927 /* Get_In_The_ZoneApp.swift in Sources */ = {isa = PBXBuildFile; fileRef = FAC8AB112AF951AE0082A927 /* Get_In_The_ZoneApp.swift */; };
		FAC8AB142AF951AE0082A927 /* ContentView.swift in Sources */ = {isa = PBXBuildFile; fileRef = FAC8AB132AF951AE0082A927 /* ContentView.swift */; };
		FAC8AB162AF951B10082A927 /* Assets.xcassets in Resources */ = {isa = PBXBuildFile; fileRef = FAC8AB152AF951B10082A927 /* Assets.xcassets */; };
		FAC8AB192AF951B10082A927 /* Preview Assets.xcassets in Resources */ = {isa = PBXBuildFile; fileRef = FAC8AB182AF951B10082A927 /* Preview Assets.xcassets */; };
		FAC8AB232AF951B10082A927 /* Get_In_The_ZoneTests.swift in Sources */ = {isa = PBXBuildFile; fileRef = FAC8AB222AF951B10082A927 /* Get_In_The_ZoneTests.swift */; };
		FAC8AB2D2AF951B20082A927 /* Get_In_The_ZoneUITests.swift in Sources */ = {isa = PBXBuildFile; fileRef = FAC8AB2C2AF951B20082A927 /* Get_In_The_ZoneUITests.swift */; };
		FAC8AB2F2AF951B20082A927 /* Get_In_The_ZoneUITestsLaunchTests.swift in Sources */ = {isa = PBXBuildFile; fileRef = FAC8AB2E2AF951B20082A927 /* Get_In_The_ZoneUITestsLaunchTests.swift */; };
		FAC8AB352AF951B20082A927 /* Get In The Zone Watch App.app in Embed Watch Content */ = {isa = PBXBuildFile; fileRef = FAC8AB342AF951B20082A927 /* Get In The Zone Watch App.app */; settings = {ATTRIBUTES = (RemoveHeadersOnCopy, ); }; };
		FAC8AB3A2AF951B20082A927 /* Get_In_The_ZoneApp.swift in Sources */ = {isa = PBXBuildFile; fileRef = FAC8AB392AF951B20082A927 /* Get_In_The_ZoneApp.swift */; };
		FAC8AB3C2AF951B20082A927 /* ContentView.swift in Sources */ = {isa = PBXBuildFile; fileRef = FAC8AB3B2AF951B20082A927 /* ContentView.swift */; };
		FAC8AB3E2AF951B40082A927 /* Assets.xcassets in Resources */ = {isa = PBXBuildFile; fileRef = FAC8AB3D2AF951B40082A927 /* Assets.xcassets */; };
		FAC8AB412AF951B40082A927 /* Preview Assets.xcassets in Resources */ = {isa = PBXBuildFile; fileRef = FAC8AB402AF951B40082A927 /* Preview Assets.xcassets */; };
		FAC8AB4B2AF951B40082A927 /* Get_In_The_Zone_Watch_AppTests.swift in Sources */ = {isa = PBXBuildFile; fileRef = FAC8AB4A2AF951B40082A927 /* Get_In_The_Zone_Watch_AppTests.swift */; };
		FAC8AB552AF951B40082A927 /* Get_In_The_Zone_Watch_AppUITests.swift in Sources */ = {isa = PBXBuildFile; fileRef = FAC8AB542AF951B40082A927 /* Get_In_The_Zone_Watch_AppUITests.swift */; };
		FAC8AB572AF951B40082A927 /* Get_In_The_Zone_Watch_AppUITestsLaunchTests.swift in Sources */ = {isa = PBXBuildFile; fileRef = FAC8AB562AF951B40082A927 /* Get_In_The_Zone_Watch_AppUITestsLaunchTests.swift */; };
/* End PBXBuildFile section */

/* Begin PBXContainerItemProxy section */
		FAC8AB1F2AF951B10082A927 /* PBXContainerItemProxy */ = {
			isa = PBXContainerItemProxy;
			containerPortal = FAC8AB062AF951AD0082A927 /* Project object */;
			proxyType = 1;
			remoteGlobalIDString = FAC8AB0D2AF951AE0082A927;
			remoteInfo = "Get In The Zone";
		};
		FAC8AB292AF951B10082A927 /* PBXContainerItemProxy */ = {
			isa = PBXContainerItemProxy;
			containerPortal = FAC8AB062AF951AD0082A927 /* Project object */;
			proxyType = 1;
			remoteGlobalIDString = FAC8AB0D2AF951AE0082A927;
			remoteInfo = "Get In The Zone";
		};
		FAC8AB362AF951B20082A927 /* PBXContainerItemProxy */ = {
			isa = PBXContainerItemProxy;
			containerPortal = FAC8AB062AF951AD0082A927 /* Project object */;
			proxyType = 1;
			remoteGlobalIDString = FAC8AB332AF951B20082A927;
			remoteInfo = "Get In The Zone Watch App";
		};
		FAC8AB472AF951B40082A927 /* PBXContainerItemProxy */ = {
			isa = PBXContainerItemProxy;
			containerPortal = FAC8AB062AF951AD0082A927 /* Project object */;
			proxyType = 1;
			remoteGlobalIDString = FAC8AB332AF951B20082A927;
			remoteInfo = "Get In The Zone Watch App";
		};
		FAC8AB512AF951B40082A927 /* PBXContainerItemProxy */ = {
			isa = PBXContainerItemProxy;
			containerPortal = FAC8AB062AF951AD0082A927 /* Project object */;
			proxyType = 1;
			remoteGlobalIDString = FAC8AB332AF951B20082A927;
			remoteInfo = "Get In The Zone Watch App";
		};
/* End PBXContainerItemProxy section */

/* Begin PBXCopyFilesBuildPhase section */
		FAC8AB5D2AF951B40082A927 /* Embed Watch Content */ = {
			isa = PBXCopyFilesBuildPhase;
			buildActionMask = 2147483647;
			dstPath = "$(CONTENTS_FOLDER_PATH)/Watch";
			dstSubfolderSpec = 16;
			files = (
				FAC8AB352AF951B20082A927 /* Get In The Zone Watch App.app in Embed Watch Content */,
			);
			name = "Embed Watch Content";
			runOnlyForDeploymentPostprocessing = 0;
		};
/* End PBXCopyFilesBuildPhase section */

/* Begin PBXFileReference section */
		FAC8AB0E2AF951AE0082A927 /* Get In The Zone.app */ = {isa = PBXFileReference; explicitFileType = wrapper.application; includeInIndex = 0; path = "Get In The Zone.app"; sourceTree = BUILT_PRODUCTS_DIR; };
		FAC8AB112AF951AE0082A927 /* Get_In_The_ZoneApp.swift */ = {isa = PBXFileReference; lastKnownFileType = sourcecode.swift; path = Get_In_The_ZoneApp.swift; sourceTree = "<group>"; };
		FAC8AB132AF951AE0082A927 /* ContentView.swift */ = {isa = PBXFileReference; lastKnownFileType = sourcecode.swift; path = ContentView.swift; sourceTree = "<group>"; };
		FAC8AB152AF951B10082A927 /* Assets.xcassets */ = {isa = PBXFileReference; lastKnownFileType = folder.assetcatalog; path = Assets.xcassets; sourceTree = "<group>"; };
		FAC8AB182AF951B10082A927 /* Preview Assets.xcassets */ = {isa = PBXFileReference; lastKnownFileType = folder.assetcatalog; path = "Preview Assets.xcassets"; sourceTree = "<group>"; };
		FAC8AB1E2AF951B10082A927 /* Get In The ZoneTests.xctest */ = {isa = PBXFileReference; explicitFileType = wrapper.cfbundle; includeInIndex = 0; path = "Get In The ZoneTests.xctest"; sourceTree = BUILT_PRODUCTS_DIR; };
		FAC8AB222AF951B10082A927 /* Get_In_The_ZoneTests.swift */ = {isa = PBXFileReference; lastKnownFileType = sourcecode.swift; path = Get_In_The_ZoneTests.swift; sourceTree = "<group>"; };
		FAC8AB282AF951B10082A927 /* Get In The ZoneUITests.xctest */ = {isa = PBXFileReference; explicitFileType = wrapper.cfbundle; includeInIndex = 0; path = "Get In The ZoneUITests.xctest"; sourceTree = BUILT_PRODUCTS_DIR; };
		FAC8AB2C2AF951B20082A927 /* Get_In_The_ZoneUITests.swift */ = {isa = PBXFileReference; lastKnownFileType = sourcecode.swift; path = Get_In_The_ZoneUITests.swift; sourceTree = "<group>"; };
		FAC8AB2E2AF951B20082A927 /* Get_In_The_ZoneUITestsLaunchTests.swift */ = {isa = PBXFileReference; lastKnownFileType = sourcecode.swift; path = Get_In_The_ZoneUITestsLaunchTests.swift; sourceTree = "<group>"; };
		FAC8AB342AF951B20082A927 /* Get In The Zone Watch App.app */ = {isa = PBXFileReference; explicitFileType = wrapper.application; includeInIndex = 0; path = "Get In The Zone Watch App.app"; sourceTree = BUILT_PRODUCTS_DIR; };
		FAC8AB392AF951B20082A927 /* Get_In_The_ZoneApp.swift */ = {isa = PBXFileReference; lastKnownFileType = sourcecode.swift; path = Get_In_The_ZoneApp.swift; sourceTree = "<group>"; };
		FAC8AB3B2AF951B20082A927 /* ContentView.swift */ = {isa = PBXFileReference; lastKnownFileType = sourcecode.swift; path = ContentView.swift; sourceTree = "<group>"; };
		FAC8AB3D2AF951B40082A927 /* Assets.xcassets */ = {isa = PBXFileReference; lastKnownFileType = folder.assetcatalog; path = Assets.xcassets; sourceTree = "<group>"; };
		FAC8AB402AF951B40082A927 /* Preview Assets.xcassets */ = {isa = PBXFileReference; lastKnownFileType = folder.assetcatalog; path = "Preview Assets.xcassets"; sourceTree = "<group>"; };
		FAC8AB462AF951B40082A927 /* Get In The Zone Watch AppTests.xctest */ = {isa = PBXFileReference; explicitFileType = wrapper.cfbundle; includeInIndex = 0; path = "Get In The Zone Watch AppTests.xctest"; sourceTree = BUILT_PRODUCTS_DIR; };
		FAC8AB4A2AF951B40082A927 /* Get_In_The_Zone_Watch_AppTests.swift */ = {isa = PBXFileReference; lastKnownFileType = sourcecode.swift; path = Get_In_The_Zone_Watch_AppTests.swift; sourceTree = "<group>"; };
		FAC8AB502AF951B40082A927 /* Get In The Zone Watch AppUITests.xctest */ = {isa = PBXFileReference; explicitFileType = wrapper.cfbundle; includeInIndex = 0; path = "Get In The Zone Watch AppUITests.xctest"; sourceTree = BUILT_PRODUCTS_DIR; };
		FAC8AB542AF951B40082A927 /* Get_In_The_Zone_Watch_AppUITests.swift */ = {isa = PBXFileReference; lastKnownFileType = sourcecode.swift; path = Get_In_The_Zone_Watch_AppUITests.swift; sourceTree = "<group>"; };
		FAC8AB562AF951B40082A927 /* Get_In_The_Zone_Watch_AppUITestsLaunchTests.swift */ = {isa = PBXFileReference; lastKnownFileType = sourcecode.swift; path = Get_In_The_Zone_Watch_AppUITestsLaunchTests.swift; sourceTree = "<group>"; };
		FAC8AB6D2AF952490082A927 /* Get In The Zone.entitlements */ = {isa = PBXFileReference; lastKnownFileType = text.plist.entitlements; path = "Get In The Zone.entitlements"; sourceTree = "<group>"; };
/* End PBXFileReference section */

/* Begin PBXFrameworksBuildPhase section */
		FAC8AB0B2AF951AE0082A927 /* Frameworks */ = {
			isa = PBXFrameworksBuildPhase;
			buildActionMask = 2147483647;
			files = (
			);
			runOnlyForDeploymentPostprocessing = 0;
		};
		FAC8AB1B2AF951B10082A927 /* Frameworks */ = {
			isa = PBXFrameworksBuildPhase;
			buildActionMask = 2147483647;
			files = (
			);
			runOnlyForDeploymentPostprocessing = 0;
		};
		FAC8AB252AF951B10082A927 /* Frameworks */ = {
			isa = PBXFrameworksBuildPhase;
			buildActionMask = 2147483647;
			files = (
			);
			runOnlyForDeploymentPostprocessing = 0;
		};
		FAC8AB312AF951B20082A927 /* Frameworks */ = {
			isa = PBXFrameworksBuildPhase;
			buildActionMask = 2147483647;
			files = (
			);
			runOnlyForDeploymentPostprocessing = 0;
		};
		FAC8AB432AF951B40082A927 /* Frameworks */ = {
			isa = PBXFrameworksBuildPhase;
			buildActionMask = 2147483647;
			files = (
			);
			runOnlyForDeploymentPostprocessing = 0;
		};
		FAC8AB4D2AF951B40082A927 /* Frameworks */ = {
			isa = PBXFrameworksBuildPhase;
			buildActionMask = 2147483647;
			files = (
			);
			runOnlyForDeploymentPostprocessing = 0;
		};
/* End PBXFrameworksBuildPhase section */

/* Begin PBXGroup section */
		FAC8AB052AF951AD0082A927 = {
			isa = PBXGroup;
			children = (
				FAC8AB102AF951AE0082A927 /* Get In The Zone */,
				FAC8AB212AF951B10082A927 /* Get In The ZoneTests */,
				FAC8AB2B2AF951B10082A927 /* Get In The ZoneUITests */,
				FAC8AB382AF951B20082A927 /* Get In The Zone Watch App */,
				FAC8AB492AF951B40082A927 /* Get In The Zone Watch AppTests */,
				FAC8AB532AF951B40082A927 /* Get In The Zone Watch AppUITests */,
				FAC8AB0F2AF951AE0082A927 /* Products */,
			);
			sourceTree = "<group>";
		};
		FAC8AB0F2AF951AE0082A927 /* Products */ = {
			isa = PBXGroup;
			children = (
				FAC8AB0E2AF951AE0082A927 /* Get In The Zone.app */,
				FAC8AB1E2AF951B10082A927 /* Get In The ZoneTests.xctest */,
				FAC8AB282AF951B10082A927 /* Get In The ZoneUITests.xctest */,
				FAC8AB342AF951B20082A927 /* Get In The Zone Watch App.app */,
				FAC8AB462AF951B40082A927 /* Get In The Zone Watch AppTests.xctest */,
				FAC8AB502AF951B40082A927 /* Get In The Zone Watch AppUITests.xctest */,
			);
			name = Products;
			sourceTree = "<group>";
		};
		FAC8AB102AF951AE0082A927 /* Get In The Zone */ = {
			isa = PBXGroup;
			children = (
				FAC8AB6D2AF952490082A927 /* Get In The Zone.entitlements */,
				FAC8AB112AF951AE0082A927 /* Get_In_The_ZoneApp.swift */,
				FAC8AB132AF951AE0082A927 /* ContentView.swift */,
				FAC8AB152AF951B10082A927 /* Assets.xcassets */,
				FAC8AB172AF951B10082A927 /* Preview Content */,
			);
			path = "Get In The Zone";
			sourceTree = "<group>";
		};
		FAC8AB172AF951B10082A927 /* Preview Content */ = {
			isa = PBXGroup;
			children = (
				FAC8AB182AF951B10082A927 /* Preview Assets.xcassets */,
			);
			path = "Preview Content";
			sourceTree = "<group>";
		};
		FAC8AB212AF951B10082A927 /* Get In The ZoneTests */ = {
			isa = PBXGroup;
			children = (
				FAC8AB222AF951B10082A927 /* Get_In_The_ZoneTests.swift */,
			);
			path = "Get In The ZoneTests";
			sourceTree = "<group>";
		};
		FAC8AB2B2AF951B10082A927 /* Get In The ZoneUITests */ = {
			isa = PBXGroup;
			children = (
				FAC8AB2C2AF951B20082A927 /* Get_In_The_ZoneUITests.swift */,
				FAC8AB2E2AF951B20082A927 /* Get_In_The_ZoneUITestsLaunchTests.swift */,
			);
			path = "Get In The ZoneUITests";
			sourceTree = "<group>";
		};
		FAC8AB382AF951B20082A927 /* Get In The Zone Watch App */ = {
			isa = PBXGroup;
			children = (
				FAC8AB392AF951B20082A927 /* Get_In_The_ZoneApp.swift */,
				FAC8AB3B2AF951B20082A927 /* ContentView.swift */,
				FAC8AB3D2AF951B40082A927 /* Assets.xcassets */,
				FAC8AB3F2AF951B40082A927 /* Preview Content */,
			);
			path = "Get In The Zone Watch App";
			sourceTree = "<group>";
		};
		FAC8AB3F2AF951B40082A927 /* Preview Content */ = {
			isa = PBXGroup;
			children = (
				FAC8AB402AF951B40082A927 /* Preview Assets.xcassets */,
			);
			path = "Preview Content";
			sourceTree = "<group>";
		};
		FAC8AB492AF951B40082A927 /* Get In The Zone Watch AppTests */ = {
			isa = PBXGroup;
			children = (
				FAC8AB4A2AF951B40082A927 /* Get_In_The_Zone_Watch_AppTests.swift */,
			);
			path = "Get In The Zone Watch AppTests";
			sourceTree = "<group>";
		};
		FAC8AB532AF951B40082A927 /* Get In The Zone Watch AppUITests */ = {
			isa = PBXGroup;
			children = (
				FAC8AB542AF951B40082A927 /* Get_In_The_Zone_Watch_AppUITests.swift */,
				FAC8AB562AF951B40082A927 /* Get_In_The_Zone_Watch_AppUITestsLaunchTests.swift */,
			);
			path = "Get In The Zone Watch AppUITests";
			sourceTree = "<group>";
		};
/* End PBXGroup section */

/* Begin PBXNativeTarget section */
		FAC8AB0D2AF951AE0082A927 /* Get In The Zone */ = {
			isa = PBXNativeTarget;
			buildConfigurationList = FAC8AB5E2AF951B40082A927 /* Build configuration list for PBXNativeTarget "Get In The Zone" */;
			buildPhases = (
				FAC8AB0A2AF951AE0082A927 /* Sources */,
				FAC8AB0B2AF951AE0082A927 /* Frameworks */,
				FAC8AB0C2AF951AE0082A927 /* Resources */,
				FAC8AB5D2AF951B40082A927 /* Embed Watch Content */,
			);
			buildRules = (
			);
			dependencies = (
				FAC8AB372AF951B20082A927 /* PBXTargetDependency */,
			);
			name = "Get In The Zone";
			productName = "Get In The Zone";
			productReference = FAC8AB0E2AF951AE0082A927 /* Get In The Zone.app */;
			productType = "com.apple.product-type.application";
		};
		FAC8AB1D2AF951B10082A927 /* Get In The ZoneTests */ = {
			isa = PBXNativeTarget;
			buildConfigurationList = FAC8AB612AF951B40082A927 /* Build configuration list for PBXNativeTarget "Get In The ZoneTests" */;
			buildPhases = (
				FAC8AB1A2AF951B10082A927 /* Sources */,
				FAC8AB1B2AF951B10082A927 /* Frameworks */,
				FAC8AB1C2AF951B10082A927 /* Resources */,
			);
			buildRules = (
			);
			dependencies = (
				FAC8AB202AF951B10082A927 /* PBXTargetDependency */,
			);
			name = "Get In The ZoneTests";
			productName = "Get In The ZoneTests";
			productReference = FAC8AB1E2AF951B10082A927 /* Get In The ZoneTests.xctest */;
			productType = "com.apple.product-type.bundle.unit-test";
		};
		FAC8AB272AF951B10082A927 /* Get In The ZoneUITests */ = {
			isa = PBXNativeTarget;
			buildConfigurationList = FAC8AB642AF951B40082A927 /* Build configuration list for PBXNativeTarget "Get In The ZoneUITests" */;
			buildPhases = (
				FAC8AB242AF951B10082A927 /* Sources */,
				FAC8AB252AF951B10082A927 /* Frameworks */,
				FAC8AB262AF951B10082A927 /* Resources */,
			);
			buildRules = (
			);
			dependencies = (
				FAC8AB2A2AF951B10082A927 /* PBXTargetDependency */,
			);
			name = "Get In The ZoneUITests";
			productName = "Get In The ZoneUITests";
			productReference = FAC8AB282AF951B10082A927 /* Get In The ZoneUITests.xctest */;
			productType = "com.apple.product-type.bundle.ui-testing";
		};
		FAC8AB332AF951B20082A927 /* Get In The Zone Watch App */ = {
			isa = PBXNativeTarget;
			buildConfigurationList = FAC8AB5A2AF951B40082A927 /* Build configuration list for PBXNativeTarget "Get In The Zone Watch App" */;
			buildPhases = (
				FAC8AB302AF951B20082A927 /* Sources */,
				FAC8AB312AF951B20082A927 /* Frameworks */,
				FAC8AB322AF951B20082A927 /* Resources */,
			);
			buildRules = (
			);
			dependencies = (
			);
			name = "Get In The Zone Watch App";
			productName = "Get In The Zone Watch App";
			productReference = FAC8AB342AF951B20082A927 /* Get In The Zone Watch App.app */;
			productType = "com.apple.product-type.application";
		};
		FAC8AB452AF951B40082A927 /* Get In The Zone Watch AppTests */ = {
			isa = PBXNativeTarget;
			buildConfigurationList = FAC8AB672AF951B40082A927 /* Build configuration list for PBXNativeTarget "Get In The Zone Watch AppTests" */;
			buildPhases = (
				FAC8AB422AF951B40082A927 /* Sources */,
				FAC8AB432AF951B40082A927 /* Frameworks */,
				FAC8AB442AF951B40082A927 /* Resources */,
			);
			buildRules = (
			);
			dependencies = (
				FAC8AB482AF951B40082A927 /* PBXTargetDependency */,
			);
			name = "Get In The Zone Watch AppTests";
			productName = "Get In The Zone Watch AppTests";
			productReference = FAC8AB462AF951B40082A927 /* Get In The Zone Watch AppTests.xctest */;
			productType = "com.apple.product-type.bundle.unit-test";
		};
		FAC8AB4F2AF951B40082A927 /* Get In The Zone Watch AppUITests */ = {
			isa = PBXNativeTarget;
			buildConfigurationList = FAC8AB6A2AF951B40082A927 /* Build configuration list for PBXNativeTarget "Get In The Zone Watch AppUITests" */;
			buildPhases = (
				FAC8AB4C2AF951B40082A927 /* Sources */,
				FAC8AB4D2AF951B40082A927 /* Frameworks */,
				FAC8AB4E2AF951B40082A927 /* Resources */,
			);
			buildRules = (
			);
			dependencies = (
				FAC8AB522AF951B40082A927 /* PBXTargetDependency */,
			);
			name = "Get In The Zone Watch AppUITests";
			productName = "Get In The Zone Watch AppUITests";
			productReference = FAC8AB502AF951B40082A927 /* Get In The Zone Watch AppUITests.xctest */;
			productType = "com.apple.product-type.bundle.ui-testing";
		};
/* End PBXNativeTarget section */

/* Begin PBXProject section */
		FAC8AB062AF951AD0082A927 /* Project object */ = {
			isa = PBXProject;
			attributes = {
				BuildIndependentTargetsInParallel = 1;
				LastSwiftUpdateCheck = 1420;
				LastUpgradeCheck = 1420;
				TargetAttributes = {
					FAC8AB0D2AF951AE0082A927 = {
						CreatedOnToolsVersion = 14.2;
					};
					FAC8AB1D2AF951B10082A927 = {
						CreatedOnToolsVersion = 14.2;
						TestTargetID = FAC8AB0D2AF951AE0082A927;
					};
					FAC8AB272AF951B10082A927 = {
						CreatedOnToolsVersion = 14.2;
						TestTargetID = FAC8AB0D2AF951AE0082A927;
					};
					FAC8AB332AF951B20082A927 = {
						CreatedOnToolsVersion = 14.2;
					};
					FAC8AB452AF951B40082A927 = {
						CreatedOnToolsVersion = 14.2;
						TestTargetID = FAC8AB332AF951B20082A927;
					};
					FAC8AB4F2AF951B40082A927 = {
						CreatedOnToolsVersion = 14.2;
						TestTargetID = FAC8AB332AF951B20082A927;
					};
				};
			};
			buildConfigurationList = FAC8AB092AF951AD0082A927 /* Build configuration list for PBXProject "Get In The Zone" */;
			compatibilityVersion = "Xcode 14.0";
			developmentRegion = en;
			hasScannedForEncodings = 0;
			knownRegions = (
				en,
				Base,
			);
			mainGroup = FAC8AB052AF951AD0082A927;
			productRefGroup = FAC8AB0F2AF951AE0082A927 /* Products */;
			projectDirPath = "";
			projectRoot = "";
			targets = (
				FAC8AB0D2AF951AE0082A927 /* Get In The Zone */,
				FAC8AB1D2AF951B10082A927 /* Get In The ZoneTests */,
				FAC8AB272AF951B10082A927 /* Get In The ZoneUITests */,
				FAC8AB332AF951B20082A927 /* Get In The Zone Watch App */,
				FAC8AB452AF951B40082A927 /* Get In The Zone Watch AppTests */,
				FAC8AB4F2AF951B40082A927 /* Get In The Zone Watch AppUITests */,
			);
		};
/* End PBXProject section */

/* Begin PBXResourcesBuildPhase section */
		FAC8AB0C2AF951AE0082A927 /* Resources */ = {
			isa = PBXResourcesBuildPhase;
			buildActionMask = 2147483647;
			files = (
				FAC8AB192AF951B10082A927 /* Preview Assets.xcassets in Resources */,
				FAC8AB162AF951B10082A927 /* Assets.xcassets in Resources */,
			);
			runOnlyForDeploymentPostprocessing = 0;
		};
		FAC8AB1C2AF951B10082A927 /* Resources */ = {
			isa = PBXResourcesBuildPhase;
			buildActionMask = 2147483647;
			files = (
			);
			runOnlyForDeploymentPostprocessing = 0;
		};
		FAC8AB262AF951B10082A927 /* Resources */ = {
			isa = PBXResourcesBuildPhase;
			buildActionMask = 2147483647;
			files = (
			);
			runOnlyForDeploymentPostprocessing = 0;
		};
		FAC8AB322AF951B20082A927 /* Resources */ = {
			isa = PBXResourcesBuildPhase;
			buildActionMask = 2147483647;
			files = (
				FAC8AB412AF951B40082A927 /* Preview Assets.xcassets in Resources */,
				FAC8AB3E2AF951B40082A927 /* Assets.xcassets in Resources */,
			);
			runOnlyForDeploymentPostprocessing = 0;
		};
		FAC8AB442AF951B40082A927 /* Resources */ = {
			isa = PBXResourcesBuildPhase;
			buildActionMask = 2147483647;
			files = (
			);
			runOnlyForDeploymentPostprocessing = 0;
		};
		FAC8AB4E2AF951B40082A927 /* Resources */ = {
			isa = PBXResourcesBuildPhase;
			buildActionMask = 2147483647;
			files = (
			);
			runOnlyForDeploymentPostprocessing = 0;
		};
/* End PBXResourcesBuildPhase section */

/* Begin PBXSourcesBuildPhase section */
		FAC8AB0A2AF951AE0082A927 /* Sources */ = {
			isa = PBXSourcesBuildPhase;
			buildActionMask = 2147483647;
			files = (
				FAC8AB142AF951AE0082A927 /* ContentView.swift in Sources */,
				FAC8AB122AF951AE0082A927 /* Get_In_The_ZoneApp.swift in Sources */,
			);
			runOnlyForDeploymentPostprocessing = 0;
		};
		FAC8AB1A2AF951B10082A927 /* Sources */ = {
			isa = PBXSourcesBuildPhase;
			buildActionMask = 2147483647;
			files = (
				FAC8AB232AF951B10082A927 /* Get_In_The_ZoneTests.swift in Sources */,
			);
			runOnlyForDeploymentPostprocessing = 0;
		};
		FAC8AB242AF951B10082A927 /* Sources */ = {
			isa = PBXSourcesBuildPhase;
			buildActionMask = 2147483647;
			files = (
				FAC8AB2F2AF951B20082A927 /* Get_In_The_ZoneUITestsLaunchTests.swift in Sources */,
				FAC8AB2D2AF951B20082A927 /* Get_In_The_ZoneUITests.swift in Sources */,
			);
			runOnlyForDeploymentPostprocessing = 0;
		};
		FAC8AB302AF951B20082A927 /* Sources */ = {
			isa = PBXSourcesBuildPhase;
			buildActionMask = 2147483647;
			files = (
				FAC8AB3C2AF951B20082A927 /* ContentView.swift in Sources */,
				FAC8AB3A2AF951B20082A927 /* Get_In_The_ZoneApp.swift in Sources */,
			);
			runOnlyForDeploymentPostprocessing = 0;
		};
		FAC8AB422AF951B40082A927 /* Sources */ = {
			isa = PBXSourcesBuildPhase;
			buildActionMask = 2147483647;
			files = (
				FAC8AB4B2AF951B40082A927 /* Get_In_The_Zone_Watch_AppTests.swift in Sources */,
			);
			runOnlyForDeploymentPostprocessing = 0;
		};
		FAC8AB4C2AF951B40082A927 /* Sources */ = {
			isa = PBXSourcesBuildPhase;
			buildActionMask = 2147483647;
			files = (
				FAC8AB572AF951B40082A927 /* Get_In_The_Zone_Watch_AppUITestsLaunchTests.swift in Sources */,
				FAC8AB552AF951B40082A927 /* Get_In_The_Zone_Watch_AppUITests.swift in Sources */,
			);
			runOnlyForDeploymentPostprocessing = 0;
		};
/* End PBXSourcesBuildPhase section */

/* Begin PBXTargetDependency section */
		FAC8AB202AF951B10082A927 /* PBXTargetDependency */ = {
			isa = PBXTargetDependency;
			target = FAC8AB0D2AF951AE0082A927 /* Get In The Zone */;
			targetProxy = FAC8AB1F2AF951B10082A927 /* PBXContainerItemProxy */;
		};
		FAC8AB2A2AF951B10082A927 /* PBXTargetDependency */ = {
			isa = PBXTargetDependency;
			target = FAC8AB0D2AF951AE0082A927 /* Get In The Zone */;
			targetProxy = FAC8AB292AF951B10082A927 /* PBXContainerItemProxy */;
		};
		FAC8AB372AF951B20082A927 /* PBXTargetDependency */ = {
			isa = PBXTargetDependency;
			target = FAC8AB332AF951B20082A927 /* Get In The Zone Watch App */;
			targetProxy = FAC8AB362AF951B20082A927 /* PBXContainerItemProxy */;
		};
		FAC8AB482AF951B40082A927 /* PBXTargetDependency */ = {
			isa = PBXTargetDependency;
			target = FAC8AB332AF951B20082A927 /* Get In The Zone Watch App */;
			targetProxy = FAC8AB472AF951B40082A927 /* PBXContainerItemProxy */;
		};
		FAC8AB522AF951B40082A927 /* PBXTargetDependency */ = {
			isa = PBXTargetDependency;
			target = FAC8AB332AF951B20082A927 /* Get In The Zone Watch App */;
			targetProxy = FAC8AB512AF951B40082A927 /* PBXContainerItemProxy */;
		};
/* End PBXTargetDependency section */

/* Begin XCBuildConfiguration section */
		FAC8AB582AF951B40082A927 /* Debug */ = {
			isa = XCBuildConfiguration;
			buildSettings = {
				ALWAYS_SEARCH_USER_PATHS = NO;
				CLANG_ANALYZER_NONNULL = YES;
				CLANG_ANALYZER_NUMBER_OBJECT_CONVERSION = YES_AGGRESSIVE;
				CLANG_CXX_LANGUAGE_STANDARD = "gnu++20";
				CLANG_ENABLE_MODULES = YES;
				CLANG_ENABLE_OBJC_ARC = YES;
				CLANG_ENABLE_OBJC_WEAK = YES;
				CLANG_WARN_BLOCK_CAPTURE_AUTORELEASING = YES;
				CLANG_WARN_BOOL_CONVERSION = YES;
				CLANG_WARN_COMMA = YES;
				CLANG_WARN_CONSTANT_CONVERSION = YES;
				CLANG_WARN_DEPRECATED_OBJC_IMPLEMENTATIONS = YES;
				CLANG_WARN_DIRECT_OBJC_ISA_USAGE = YES_ERROR;
				CLANG_WARN_DOCUMENTATION_COMMENTS = YES;
				CLANG_WARN_EMPTY_BODY = YES;
				CLANG_WARN_ENUM_CONVERSION = YES;
				CLANG_WARN_INFINITE_RECURSION = YES;
				CLANG_WARN_INT_CONVERSION = YES;
				CLANG_WARN_NON_LITERAL_NULL_CONVERSION = YES;
				CLANG_WARN_OBJC_IMPLICIT_RETAIN_SELF = YES;
				CLANG_WARN_OBJC_LITERAL_CONVERSION = YES;
				CLANG_WARN_OBJC_ROOT_CLASS = YES_ERROR;
				CLANG_WARN_QUOTED_INCLUDE_IN_FRAMEWORK_HEADER = YES;
				CLANG_WARN_RANGE_LOOP_ANALYSIS = YES;
				CLANG_WARN_STRICT_PROTOTYPES = YES;
				CLANG_WARN_SUSPICIOUS_MOVE = YES;
				CLANG_WARN_UNGUARDED_AVAILABILITY = YES_AGGRESSIVE;
				CLANG_WARN_UNREACHABLE_CODE = YES;
				CLANG_WARN__DUPLICATE_METHOD_MATCH = YES;
				COPY_PHASE_STRIP = NO;
				DEBUG_INFORMATION_FORMAT = dwarf;
				ENABLE_STRICT_OBJC_MSGSEND = YES;
				ENABLE_TESTABILITY = YES;
				GCC_C_LANGUAGE_STANDARD = gnu11;
				GCC_DYNAMIC_NO_PIC = NO;
				GCC_NO_COMMON_BLOCKS = YES;
				GCC_OPTIMIZATION_LEVEL = 0;
				GCC_PREPROCESSOR_DEFINITIONS = (
					"DEBUG=1",
					"$(inherited)",
				);
				GCC_WARN_64_TO_32_BIT_CONVERSION = YES;
				GCC_WARN_ABOUT_RETURN_TYPE = YES_ERROR;
				GCC_WARN_UNDECLARED_SELECTOR = YES;
				GCC_WARN_UNINITIALIZED_AUTOS = YES_AGGRESSIVE;
				GCC_WARN_UNUSED_FUNCTION = YES;
				GCC_WARN_UNUSED_VARIABLE = YES;
				MTL_ENABLE_DEBUG_INFO = INCLUDE_SOURCE;
				MTL_FAST_MATH = YES;
				ONLY_ACTIVE_ARCH = YES;
				SWIFT_ACTIVE_COMPILATION_CONDITIONS = DEBUG;
				SWIFT_OPTIMIZATION_LEVEL = "-Onone";
			};
			name = Debug;
		};
		FAC8AB592AF951B40082A927 /* Release */ = {
			isa = XCBuildConfiguration;
			buildSettings = {
				ALWAYS_SEARCH_USER_PATHS = NO;
				CLANG_ANALYZER_NONNULL = YES;
				CLANG_ANALYZER_NUMBER_OBJECT_CONVERSION = YES_AGGRESSIVE;
				CLANG_CXX_LANGUAGE_STANDARD = "gnu++20";
				CLANG_ENABLE_MODULES = YES;
				CLANG_ENABLE_OBJC_ARC = YES;
				CLANG_ENABLE_OBJC_WEAK = YES;
				CLANG_WARN_BLOCK_CAPTURE_AUTORELEASING = YES;
				CLANG_WARN_BOOL_CONVERSION = YES;
				CLANG_WARN_COMMA = YES;
				CLANG_WARN_CONSTANT_CONVERSION = YES;
				CLANG_WARN_DEPRECATED_OBJC_IMPLEMENTATIONS = YES;
				CLANG_WARN_DIRECT_OBJC_ISA_USAGE = YES_ERROR;
				CLANG_WARN_DOCUMENTATION_COMMENTS = YES;
				CLANG_WARN_EMPTY_BODY = YES;
				CLANG_WARN_ENUM_CONVERSION = YES;
				CLANG_WARN_INFINITE_RECURSION = YES;
				CLANG_WARN_INT_CONVERSION = YES;
				CLANG_WARN_NON_LITERAL_NULL_CONVERSION = YES;
				CLANG_WARN_OBJC_IMPLICIT_RETAIN_SELF = YES;
				CLANG_WARN_OBJC_LITERAL_CONVERSION = YES;
				CLANG_WARN_OBJC_ROOT_CLASS = YES_ERROR;
				CLANG_WARN_QUOTED_INCLUDE_IN_FRAMEWORK_HEADER = YES;
				CLANG_WARN_RANGE_LOOP_ANALYSIS = YES;
				CLANG_WARN_STRICT_PROTOTYPES = YES;
				CLANG_WARN_SUSPICIOUS_MOVE = YES;
				CLANG_WARN_UNGUARDED_AVAILABILITY = YES_AGGRESSIVE;
				CLANG_WARN_UNREACHABLE_CODE = YES;
				CLANG_WARN__DUPLICATE_METHOD_MATCH = YES;
				COPY_PHASE_STRIP = NO;
				DEBUG_INFORMATION_FORMAT = "dwarf-with-dsym";
				ENABLE_NS_ASSERTIONS = NO;
				ENABLE_STRICT_OBJC_MSGSEND = YES;
				GCC_C_LANGUAGE_STANDARD = gnu11;
				GCC_NO_COMMON_BLOCKS = YES;
				GCC_WARN_64_TO_32_BIT_CONVERSION = YES;
				GCC_WARN_ABOUT_RETURN_TYPE = YES_ERROR;
				GCC_WARN_UNDECLARED_SELECTOR = YES;
				GCC_WARN_UNINITIALIZED_AUTOS = YES_AGGRESSIVE;
				GCC_WARN_UNUSED_FUNCTION = YES;
				GCC_WARN_UNUSED_VARIABLE = YES;
				MTL_ENABLE_DEBUG_INFO = NO;
				MTL_FAST_MATH = YES;
				SWIFT_COMPILATION_MODE = wholemodule;
				SWIFT_OPTIMIZATION_LEVEL = "-O";
			};
			name = Release;
		};
		FAC8AB5B2AF951B40082A927 /* Debug */ = {
			isa = XCBuildConfiguration;
			buildSettings = {
				ASSETCATALOG_COMPILER_APPICON_NAME = AppIcon;
				ASSETCATALOG_COMPILER_GLOBAL_ACCENT_COLOR_NAME = AccentColor;
				CODE_SIGN_STYLE = Automatic;
				CURRENT_PROJECT_VERSION = 1;
				DEVELOPMENT_ASSET_PATHS = "\"Get In The Zone Watch App/Preview Content\"";
				ENABLE_PREVIEWS = YES;
				GENERATE_INFOPLIST_FILE = YES;
				INFOPLIST_KEY_CFBundleDisplayName = "Get In The Zone";
				INFOPLIST_KEY_UISupportedInterfaceOrientations = "UIInterfaceOrientationPortrait UIInterfaceOrientationPortraitUpsideDown";
				INFOPLIST_KEY_WKCompanionAppBundleIdentifier = "com.apbrankin.Get-In-The-Zone";
				LD_RUNPATH_SEARCH_PATHS = (
					"$(inherited)",
					"@executable_path/Frameworks",
				);
				MARKETING_VERSION = 1.0;
				PRODUCT_BUNDLE_IDENTIFIER = "com.apbrankin.Get-In-The-Zone.watchkitapp";
				PRODUCT_NAME = "$(TARGET_NAME)";
				SDKROOT = watchos;
				SKIP_INSTALL = YES;
				SWIFT_EMIT_LOC_STRINGS = YES;
				SWIFT_VERSION = 5.0;
				TARGETED_DEVICE_FAMILY = 4;
				WATCHOS_DEPLOYMENT_TARGET = 9.1;
			};
			name = Debug;
		};
		FAC8AB5C2AF951B40082A927 /* Release */ = {
			isa = XCBuildConfiguration;
			buildSettings = {
				ASSETCATALOG_COMPILER_APPICON_NAME = AppIcon;
				ASSETCATALOG_COMPILER_GLOBAL_ACCENT_COLOR_NAME = AccentColor;
				CODE_SIGN_STYLE = Automatic;
				CURRENT_PROJECT_VERSION = 1;
				DEVELOPMENT_ASSET_PATHS = "\"Get In The Zone Watch App/Preview Content\"";
				ENABLE_PREVIEWS = YES;
				GENERATE_INFOPLIST_FILE = YES;
				INFOPLIST_KEY_CFBundleDisplayName = "Get In The Zone";
				INFOPLIST_KEY_UISupportedInterfaceOrientations = "UIInterfaceOrientationPortrait UIInterfaceOrientationPortraitUpsideDown";
				INFOPLIST_KEY_WKCompanionAppBundleIdentifier = "com.apbrankin.Get-In-The-Zone";
				LD_RUNPATH_SEARCH_PATHS = (
					"$(inherited)",
					"@executable_path/Frameworks",
				);
				MARKETING_VERSION = 1.0;
				PRODUCT_BUNDLE_IDENTIFIER = "com.apbrankin.Get-In-The-Zone.watchkitapp";
				PRODUCT_NAME = "$(TARGET_NAME)";
				SDKROOT = watchos;
				SKIP_INSTALL = YES;
				SWIFT_EMIT_LOC_STRINGS = YES;
				SWIFT_VERSION = 5.0;
				TARGETED_DEVICE_FAMILY = 4;
				VALIDATE_PRODUCT = YES;
				WATCHOS_DEPLOYMENT_TARGET = 9.1;
			};
			name = Release;
		};
		FAC8AB5F2AF951B40082A927 /* Debug */ = {
			isa = XCBuildConfiguration;
			buildSettings = {
				ALWAYS_EMBED_SWIFT_STANDARD_LIBRARIES = YES;
				ASSETCATALOG_COMPILER_APPICON_NAME = AppIcon;
				ASSETCATALOG_COMPILER_GLOBAL_ACCENT_COLOR_NAME = AccentColor;
				CODE_SIGN_ENTITLEMENTS = "Get In The Zone/Get In The Zone.entitlements";
				CODE_SIGN_STYLE = Automatic;
				CURRENT_PROJECT_VERSION = 1;
				DEVELOPMENT_ASSET_PATHS = "\"Get In The Zone/Preview Content\"";
				ENABLE_PREVIEWS = YES;
				GENERATE_INFOPLIST_FILE = YES;
				INFOPLIST_KEY_CFBundleDisplayName = "Get In The Zone";
				INFOPLIST_KEY_UIApplicationSceneManifest_Generation = YES;
				INFOPLIST_KEY_UIApplicationSupportsIndirectInputEvents = YES;
				INFOPLIST_KEY_UILaunchScreen_Generation = YES;
				INFOPLIST_KEY_UISupportedInterfaceOrientations_iPad = "UIInterfaceOrientationPortrait UIInterfaceOrientationPortraitUpsideDown UIInterfaceOrientationLandscapeLeft UIInterfaceOrientationLandscapeRight";
				INFOPLIST_KEY_UISupportedInterfaceOrientations_iPhone = "UIInterfaceOrientationPortrait UIInterfaceOrientationLandscapeLeft UIInterfaceOrientationLandscapeRight";
				IPHONEOS_DEPLOYMENT_TARGET = 16.2;
				LD_RUNPATH_SEARCH_PATHS = (
					"$(inherited)",
					"@executable_path/Frameworks",
				);
				MARKETING_VERSION = 1.0;
				PRODUCT_BUNDLE_IDENTIFIER = "com.apbrankin.Get-In-The-Zone";
				PRODUCT_NAME = "$(TARGET_NAME)";
				SDKROOT = iphoneos;
				SWIFT_EMIT_LOC_STRINGS = YES;
				SWIFT_VERSION = 5.0;
				TARGETED_DEVICE_FAMILY = "1,2";
			};
			name = Debug;
		};
		FAC8AB602AF951B40082A927 /* Release */ = {
			isa = XCBuildConfiguration;
			buildSettings = {
				ALWAYS_EMBED_SWIFT_STANDARD_LIBRARIES = YES;
				ASSETCATALOG_COMPILER_APPICON_NAME = AppIcon;
				ASSETCATALOG_COMPILER_GLOBAL_ACCENT_COLOR_NAME = AccentColor;
				CODE_SIGN_ENTITLEMENTS = "Get In The Zone/Get In The Zone.entitlements";
				CODE_SIGN_STYLE = Automatic;
				CURRENT_PROJECT_VERSION = 1;
				DEVELOPMENT_ASSET_PATHS = "\"Get In The Zone/Preview Content\"";
				ENABLE_PREVIEWS = YES;
				GENERATE_INFOPLIST_FILE = YES;
				INFOPLIST_KEY_CFBundleDisplayName = "Get In The Zone";
				INFOPLIST_KEY_UIApplicationSceneManifest_Generation = YES;
				INFOPLIST_KEY_UIApplicationSupportsIndirectInputEvents = YES;
				INFOPLIST_KEY_UILaunchScreen_Generation = YES;
				INFOPLIST_KEY_UISupportedInterfaceOrientations_iPad = "UIInterfaceOrientationPortrait UIInterfaceOrientationPortraitUpsideDown UIInterfaceOrientationLandscapeLeft UIInterfaceOrientationLandscapeRight";
				INFOPLIST_KEY_UISupportedInterfaceOrientations_iPhone = "UIInterfaceOrientationPortrait UIInterfaceOrientationLandscapeLeft UIInterfaceOrientationLandscapeRight";
				IPHONEOS_DEPLOYMENT_TARGET = 16.2;
				LD_RUNPATH_SEARCH_PATHS = (
					"$(inherited)",
					"@executable_path/Frameworks",
				);
				MARKETING_VERSION = 1.0;
				PRODUCT_BUNDLE_IDENTIFIER = "com.apbrankin.Get-In-The-Zone";
				PRODUCT_NAME = "$(TARGET_NAME)";
				SDKROOT = iphoneos;
				SWIFT_EMIT_LOC_STRINGS = YES;
				SWIFT_VERSION = 5.0;
				TARGETED_DEVICE_FAMILY = "1,2";
				VALIDATE_PRODUCT = YES;
			};
			name = Release;
		};
		FAC8AB622AF951B40082A927 /* Debug */ = {
			isa = XCBuildConfiguration;
			buildSettings = {
				ALWAYS_EMBED_SWIFT_STANDARD_LIBRARIES = YES;
				BUNDLE_LOADER = "$(TEST_HOST)";
				CODE_SIGN_STYLE = Automatic;
				CURRENT_PROJECT_VERSION = 1;
				GENERATE_INFOPLIST_FILE = YES;
				IPHONEOS_DEPLOYMENT_TARGET = 16.2;
				MARKETING_VERSION = 1.0;
				PRODUCT_BUNDLE_IDENTIFIER = "com.apbrankin.Get-In-The-ZoneTests";
				PRODUCT_NAME = "$(TARGET_NAME)";
				SDKROOT = iphoneos;
				SWIFT_EMIT_LOC_STRINGS = NO;
				SWIFT_VERSION = 5.0;
				TARGETED_DEVICE_FAMILY = "1,2";
				TEST_HOST = "$(BUILT_PRODUCTS_DIR)/Get In The Zone.app/$(BUNDLE_EXECUTABLE_FOLDER_PATH)/Get In The Zone";
			};
			name = Debug;
		};
		FAC8AB632AF951B40082A927 /* Release */ = {
			isa = XCBuildConfiguration;
			buildSettings = {
				ALWAYS_EMBED_SWIFT_STANDARD_LIBRARIES = YES;
				BUNDLE_LOADER = "$(TEST_HOST)";
				CODE_SIGN_STYLE = Automatic;
				CURRENT_PROJECT_VERSION = 1;
				GENERATE_INFOPLIST_FILE = YES;
				IPHONEOS_DEPLOYMENT_TARGET = 16.2;
				MARKETING_VERSION = 1.0;
				PRODUCT_BUNDLE_IDENTIFIER = "com.apbrankin.Get-In-The-ZoneTests";
				PRODUCT_NAME = "$(TARGET_NAME)";
				SDKROOT = iphoneos;
				SWIFT_EMIT_LOC_STRINGS = NO;
				SWIFT_VERSION = 5.0;
				TARGETED_DEVICE_FAMILY = "1,2";
				TEST_HOST = "$(BUILT_PRODUCTS_DIR)/Get In The Zone.app/$(BUNDLE_EXECUTABLE_FOLDER_PATH)/Get In The Zone";
				VALIDATE_PRODUCT = YES;
			};
			name = Release;
		};
		FAC8AB652AF951B40082A927 /* Debug */ = {
			isa = XCBuildConfiguration;
			buildSettings = {
				ALWAYS_EMBED_SWIFT_STANDARD_LIBRARIES = YES;
				CODE_SIGN_STYLE = Automatic;
				CURRENT_PROJECT_VERSION = 1;
				GENERATE_INFOPLIST_FILE = YES;
				IPHONEOS_DEPLOYMENT_TARGET = 16.2;
				MARKETING_VERSION = 1.0;
				PRODUCT_BUNDLE_IDENTIFIER = "com.apbrankin.Get-In-The-ZoneUITests";
				PRODUCT_NAME = "$(TARGET_NAME)";
				SDKROOT = iphoneos;
				SWIFT_EMIT_LOC_STRINGS = NO;
				SWIFT_VERSION = 5.0;
				TARGETED_DEVICE_FAMILY = "1,2";
				TEST_TARGET_NAME = "Get In The Zone";
			};
			name = Debug;
		};
		FAC8AB662AF951B40082A927 /* Release */ = {
			isa = XCBuildConfiguration;
			buildSettings = {
				ALWAYS_EMBED_SWIFT_STANDARD_LIBRARIES = YES;
				CODE_SIGN_STYLE = Automatic;
				CURRENT_PROJECT_VERSION = 1;
				GENERATE_INFOPLIST_FILE = YES;
				IPHONEOS_DEPLOYMENT_TARGET = 16.2;
				MARKETING_VERSION = 1.0;
				PRODUCT_BUNDLE_IDENTIFIER = "com.apbrankin.Get-In-The-ZoneUITests";
				PRODUCT_NAME = "$(TARGET_NAME)";
				SDKROOT = iphoneos;
				SWIFT_EMIT_LOC_STRINGS = NO;
				SWIFT_VERSION = 5.0;
				TARGETED_DEVICE_FAMILY = "1,2";
				TEST_TARGET_NAME = "Get In The Zone";
				VALIDATE_PRODUCT = YES;
			};
			name = Release;
		};
		FAC8AB682AF951B40082A927 /* Debug */ = {
			isa = XCBuildConfiguration;
			buildSettings = {
				ALWAYS_EMBED_SWIFT_STANDARD_LIBRARIES = YES;
				BUNDLE_LOADER = "$(TEST_HOST)";
				CODE_SIGN_STYLE = Automatic;
				CURRENT_PROJECT_VERSION = 1;
				GENERATE_INFOPLIST_FILE = YES;
				MARKETING_VERSION = 1.0;
				PRODUCT_BUNDLE_IDENTIFIER = "com.apbrankin.Get-In-The-Zone-Watch-AppTests";
				PRODUCT_NAME = "$(TARGET_NAME)";
				SDKROOT = watchos;
				SWIFT_EMIT_LOC_STRINGS = NO;
				SWIFT_VERSION = 5.0;
				TARGETED_DEVICE_FAMILY = 4;
				TEST_HOST = "$(BUILT_PRODUCTS_DIR)/Get In The Zone Watch App.app/$(BUNDLE_EXECUTABLE_FOLDER_PATH)/Get In The Zone Watch App";
				WATCHOS_DEPLOYMENT_TARGET = 9.1;
			};
			name = Debug;
		};
		FAC8AB692AF951B40082A927 /* Release */ = {
			isa = XCBuildConfiguration;
			buildSettings = {
				ALWAYS_EMBED_SWIFT_STANDARD_LIBRARIES = YES;
				BUNDLE_LOADER = "$(TEST_HOST)";
				CODE_SIGN_STYLE = Automatic;
				CURRENT_PROJECT_VERSION = 1;
				GENERATE_INFOPLIST_FILE = YES;
				MARKETING_VERSION = 1.0;
				PRODUCT_BUNDLE_IDENTIFIER = "com.apbrankin.Get-In-The-Zone-Watch-AppTests";
				PRODUCT_NAME = "$(TARGET_NAME)";
				SDKROOT = watchos;
				SWIFT_EMIT_LOC_STRINGS = NO;
				SWIFT_VERSION = 5.0;
				TARGETED_DEVICE_FAMILY = 4;
				TEST_HOST = "$(BUILT_PRODUCTS_DIR)/Get In The Zone Watch App.app/$(BUNDLE_EXECUTABLE_FOLDER_PATH)/Get In The Zone Watch App";
				VALIDATE_PRODUCT = YES;
				WATCHOS_DEPLOYMENT_TARGET = 9.1;
			};
			name = Release;
		};
		FAC8AB6B2AF951B40082A927 /* Debug */ = {
			isa = XCBuildConfiguration;
			buildSettings = {
				ALWAYS_EMBED_SWIFT_STANDARD_LIBRARIES = YES;
				CODE_SIGN_STYLE = Automatic;
				CURRENT_PROJECT_VERSION = 1;
				GENERATE_INFOPLIST_FILE = YES;
				MARKETING_VERSION = 1.0;
				PRODUCT_BUNDLE_IDENTIFIER = "com.apbrankin.Get-In-The-Zone-Watch-AppUITests";
				PRODUCT_NAME = "$(TARGET_NAME)";
				SDKROOT = watchos;
				SWIFT_EMIT_LOC_STRINGS = NO;
				SWIFT_VERSION = 5.0;
				TARGETED_DEVICE_FAMILY = 4;
				TEST_TARGET_NAME = "Get In The Zone Watch App";
				WATCHOS_DEPLOYMENT_TARGET = 9.1;
			};
			name = Debug;
		};
		FAC8AB6C2AF951B40082A927 /* Release */ = {
			isa = XCBuildConfiguration;
			buildSettings = {
				ALWAYS_EMBED_SWIFT_STANDARD_LIBRARIES = YES;
				CODE_SIGN_STYLE = Automatic;
				CURRENT_PROJECT_VERSION = 1;
				GENERATE_INFOPLIST_FILE = YES;
				MARKETING_VERSION = 1.0;
				PRODUCT_BUNDLE_IDENTIFIER = "com.apbrankin.Get-In-The-Zone-Watch-AppUITests";
				PRODUCT_NAME = "$(TARGET_NAME)";
				SDKROOT = watchos;
				SWIFT_EMIT_LOC_STRINGS = NO;
				SWIFT_VERSION = 5.0;
				TARGETED_DEVICE_FAMILY = 4;
				TEST_TARGET_NAME = "Get In The Zone Watch App";
				VALIDATE_PRODUCT = YES;
				WATCHOS_DEPLOYMENT_TARGET = 9.1;
			};
			name = Release;
		};
/* End XCBuildConfiguration section */

/* Begin XCConfigurationList section */
		FAC8AB092AF951AD0082A927 /* Build configuration list for PBXProject "Get In The Zone" */ = {
			isa = XCConfigurationList;
			buildConfigurations = (
				FAC8AB582AF951B40082A927 /* Debug */,
				FAC8AB592AF951B40082A927 /* Release */,
			);
			defaultConfigurationIsVisible = 0;
			defaultConfigurationName = Release;
		};
		FAC8AB5A2AF951B40082A927 /* Build configuration list for PBXNativeTarget "Get In The Zone Watch App" */ = {
			isa = XCConfigurationList;
			buildConfigurations = (
				FAC8AB5B2AF951B40082A927 /* Debug */,
				FAC8AB5C2AF951B40082A927 /* Release */,
			);
			defaultConfigurationIsVisible = 0;
			defaultConfigurationName = Release;
		};
		FAC8AB5E2AF951B40082A927 /* Build configuration list for PBXNativeTarget "Get In The Zone" */ = {
			isa = XCConfigurationList;
			buildConfigurations = (
				FAC8AB5F2AF951B40082A927 /* Debug */,
				FAC8AB602AF951B40082A927 /* Release */,
			);
			defaultConfigurationIsVisible = 0;
			defaultConfigurationName = Release;
		};
		FAC8AB612AF951B40082A927 /* Build configuration list for PBXNativeTarget "Get In The ZoneTests" */ = {
			isa = XCConfigurationList;
			buildConfigurations = (
				FAC8AB622AF951B40082A927 /* Debug */,
				FAC8AB632AF951B40082A927 /* Release */,
			);
			defaultConfigurationIsVisible = 0;
			defaultConfigurationName = Release;
		};
		FAC8AB642AF951B40082A927 /* Build configuration list for PBXNativeTarget "Get In The ZoneUITests" */ = {
			isa = XCConfigurationList;
			buildConfigurations = (
				FAC8AB652AF951B40082A927 /* Debug */,
				FAC8AB662AF951B40082A927 /* Release */,
			);
			defaultConfigurationIsVisible = 0;
			defaultConfigurationName = Release;
		};
		FAC8AB672AF951B40082A927 /* Build configuration list for PBXNativeTarget "Get In The Zone Watch AppTests" */ = {
			isa = XCConfigurationList;
			buildConfigurations = (
				FAC8AB682AF951B40082A927 /* Debug */,
				FAC8AB692AF951B40082A927 /* Release */,
			);
			defaultConfigurationIsVisible = 0;
			defaultConfigurationName = Release;
		};
		FAC8AB6A2AF951B40082A927 /* Build configuration list for PBXNativeTarget "Get In The Zone Watch AppUITests" */ = {
			isa = XCConfigurationList;
			buildConfigurations = (
				FAC8AB6B2AF951B40082A927 /* Debug */,
				FAC8AB6C2AF951B40082A927 /* Release */,
			);
			defaultConfigurationIsVisible = 0;
			defaultConfigurationName = Release;
		};
/* End XCConfigurationList section */
	};
	rootObject = FAC8AB062AF951AD0082A927 /* Project object */;
}
