// !$*UTF8*$!
{
	archiveVersion = 1;
	classes = {
	};
	objectVersion = 56;
	objects = {

/* Begin PBXBuildFile section */
		9F79CBE02BBC5FA200E130F3 /* Connectivity.swift in Sources */ = {isa = PBXBuildFile; fileRef = 9F79CBDF2BBC5FA200E130F3 /* Connectivity.swift */; };
		9F99CD0A2BBC58D20019BF15 /* InTheZoneApp.swift in Sources */ = {isa = PBXBuildFile; fileRef = 9F99CD092BBC58D20019BF15 /* InTheZoneApp.swift */; };
		9F99CD0C2BBC58D20019BF15 /* ContentView.swift in Sources */ = {isa = PBXBuildFile; fileRef = 9F99CD0B2BBC58D20019BF15 /* ContentView.swift */; };
		9F99CD0E2BBC58D30019BF15 /* Assets.xcassets in Resources */ = {isa = PBXBuildFile; fileRef = 9F99CD0D2BBC58D30019BF15 /* Assets.xcassets */; };
		9F99CD112BBC58D30019BF15 /* Preview Assets.xcassets in Resources */ = {isa = PBXBuildFile; fileRef = 9F99CD102BBC58D30019BF15 /* Preview Assets.xcassets */; };
		9F99CD132BBC58D30019BF15 /* Persistence.swift in Sources */ = {isa = PBXBuildFile; fileRef = 9F99CD122BBC58D30019BF15 /* Persistence.swift */; };
		9F99CD162BBC58D30019BF15 /* InTheZone.xcdatamodeld in Sources */ = {isa = PBXBuildFile; fileRef = 9F99CD142BBC58D30019BF15 /* InTheZone.xcdatamodeld */; };
		9F99CD202BBC58D30019BF15 /* InTheZoneTests.swift in Sources */ = {isa = PBXBuildFile; fileRef = 9F99CD1F2BBC58D30019BF15 /* InTheZoneTests.swift */; };
		9F99CD3A2BBC5B0F0019BF15 /* AppDelegate.swift in Sources */ = {isa = PBXBuildFile; fileRef = 9F99CD392BBC5B0F0019BF15 /* AppDelegate.swift */; };
		9F99CD3C2BBC5B280019BF15 /* SceneDelegate.swift in Sources */ = {isa = PBXBuildFile; fileRef = 9F99CD3B2BBC5B280019BF15 /* SceneDelegate.swift */; };
		9F99CD3E2BBC5B410019BF15 /* HRManager.swift in Sources */ = {isa = PBXBuildFile; fileRef = 9F99CD3D2BBC5B410019BF15 /* HRManager.swift */; };
		9F99CD402BBC5B6A0019BF15 /* HRView.swift in Sources */ = {isa = PBXBuildFile; fileRef = 9F99CD3F2BBC5B6A0019BF15 /* HRView.swift */; };
		9FCF58B12BBCB8AC0029C70C /* WatchTheZoneApp.swift in Sources */ = {isa = PBXBuildFile; fileRef = 9FCF58B02BBCB8AC0029C70C /* WatchTheZoneApp.swift */; };
		9FCF58B32BBCB8AC0029C70C /* ContentView.swift in Sources */ = {isa = PBXBuildFile; fileRef = 9FCF58B22BBCB8AC0029C70C /* ContentView.swift */; };
		9FCF58B52BBCB8AD0029C70C /* Assets.xcassets in Resources */ = {isa = PBXBuildFile; fileRef = 9FCF58B42BBCB8AD0029C70C /* Assets.xcassets */; };
		9FCF58B82BBCB8AD0029C70C /* Preview Assets.xcassets in Resources */ = {isa = PBXBuildFile; fileRef = 9FCF58B72BBCB8AD0029C70C /* Preview Assets.xcassets */; };
		9FCF58C22BBCB8AD0029C70C /* WatchTheZone_Watch_AppTests.swift in Sources */ = {isa = PBXBuildFile; fileRef = 9FCF58C12BBCB8AD0029C70C /* WatchTheZone_Watch_AppTests.swift */; };
		9FCF58CC2BBCB8AD0029C70C /* WatchTheZone_Watch_AppUITests.swift in Sources */ = {isa = PBXBuildFile; fileRef = 9FCF58CB2BBCB8AD0029C70C /* WatchTheZone_Watch_AppUITests.swift */; };
		9FCF58CE2BBCB8AD0029C70C /* WatchTheZone_Watch_AppUITestsLaunchTests.swift in Sources */ = {isa = PBXBuildFile; fileRef = 9FCF58CD2BBCB8AD0029C70C /* WatchTheZone_Watch_AppUITestsLaunchTests.swift */; };
		9FCF58D12BBCB8AD0029C70C /* InTheZone.app in Embed Watch Content */ = {isa = PBXBuildFile; fileRef = 9FCF58AE2BBCB8AC0029C70C /* InTheZone.app */; settings = {ATTRIBUTES = (RemoveHeadersOnCopy, ); }; };
		9FFC528D2BBCC08A0095DD95 /* HealthKit.framework in Frameworks */ = {isa = PBXBuildFile; fileRef = 9FFC528B2BBCC0860095DD95 /* HealthKit.framework */; };
		9FFC52922BBCC0950095DD95 /* HealthKitUI.framework in Frameworks */ = {isa = PBXBuildFile; fileRef = 9FFC52902BBCC0930095DD95 /* HealthKitUI.framework */; };
		9FFC52952BBCCBBA0095DD95 /* HealthKitUI.framework in Frameworks */ = {isa = PBXBuildFile; fileRef = 9FFC52902BBCC0930095DD95 /* HealthKitUI.framework */; };
		9FFC52962BBCCBC00095DD95 /* HealthKit.framework in Frameworks */ = {isa = PBXBuildFile; fileRef = 9FFC528B2BBCC0860095DD95 /* HealthKit.framework */; };
/* End PBXBuildFile section */

/* Begin PBXContainerItemProxy section */
		9F99CD1C2BBC58D30019BF15 /* PBXContainerItemProxy */ = {
			isa = PBXContainerItemProxy;
			containerPortal = 9F99CCFE2BBC58D20019BF15 /* Project object */;
			proxyType = 1;
			remoteGlobalIDString = 9F99CD052BBC58D20019BF15;
			remoteInfo = InTheZone;
		};
		9FCF58BE2BBCB8AD0029C70C /* PBXContainerItemProxy */ = {
			isa = PBXContainerItemProxy;
			containerPortal = 9F99CCFE2BBC58D20019BF15 /* Project object */;
			proxyType = 1;
			remoteGlobalIDString = 9FCF58AD2BBCB8AC0029C70C;
			remoteInfo = "WatchTheZone Watch App";
		};
		9FCF58C82BBCB8AD0029C70C /* PBXContainerItemProxy */ = {
			isa = PBXContainerItemProxy;
			containerPortal = 9F99CCFE2BBC58D20019BF15 /* Project object */;
			proxyType = 1;
			remoteGlobalIDString = 9FCF58AD2BBCB8AC0029C70C;
			remoteInfo = "WatchTheZone Watch App";
		};
		9FCF58CF2BBCB8AD0029C70C /* PBXContainerItemProxy */ = {
			isa = PBXContainerItemProxy;
			containerPortal = 9F99CCFE2BBC58D20019BF15 /* Project object */;
			proxyType = 1;
			remoteGlobalIDString = 9FCF58AD2BBCB8AC0029C70C;
			remoteInfo = "WatchTheZone Watch App";
		};
/* End PBXContainerItemProxy section */

/* Begin PBXCopyFilesBuildPhase section */
		9FCF58A02BBCAF500029C70C /* Embed Watch Content */ = {
			isa = PBXCopyFilesBuildPhase;
			buildActionMask = 2147483647;
			dstPath = "$(CONTENTS_FOLDER_PATH)/Watch";
			dstSubfolderSpec = 16;
			files = (
				9FCF58D12BBCB8AD0029C70C /* InTheZone.app in Embed Watch Content */,
			);
			name = "Embed Watch Content";
			runOnlyForDeploymentPostprocessing = 0;
		};
/* End PBXCopyFilesBuildPhase section */

/* Begin PBXFileReference section */
		9F79CBDF2BBC5FA200E130F3 /* Connectivity.swift */ = {isa = PBXFileReference; lastKnownFileType = sourcecode.swift; path = Connectivity.swift; sourceTree = "<group>"; };
		9F99CD062BBC58D20019BF15 /* InTheZone.app */ = {isa = PBXFileReference; explicitFileType = wrapper.application; includeInIndex = 0; path = InTheZone.app; sourceTree = BUILT_PRODUCTS_DIR; };
		9F99CD092BBC58D20019BF15 /* InTheZoneApp.swift */ = {isa = PBXFileReference; lastKnownFileType = sourcecode.swift; path = InTheZoneApp.swift; sourceTree = "<group>"; };
		9F99CD0B2BBC58D20019BF15 /* ContentView.swift */ = {isa = PBXFileReference; lastKnownFileType = sourcecode.swift; path = ContentView.swift; sourceTree = "<group>"; };
		9F99CD0D2BBC58D30019BF15 /* Assets.xcassets */ = {isa = PBXFileReference; lastKnownFileType = folder.assetcatalog; path = Assets.xcassets; sourceTree = "<group>"; };
		9F99CD102BBC58D30019BF15 /* Preview Assets.xcassets */ = {isa = PBXFileReference; lastKnownFileType = folder.assetcatalog; path = "Preview Assets.xcassets"; sourceTree = "<group>"; };
		9F99CD122BBC58D30019BF15 /* Persistence.swift */ = {isa = PBXFileReference; lastKnownFileType = sourcecode.swift; path = Persistence.swift; sourceTree = "<group>"; };
		9F99CD152BBC58D30019BF15 /* InTheZone.xcdatamodel */ = {isa = PBXFileReference; lastKnownFileType = wrapper.xcdatamodel; path = InTheZone.xcdatamodel; sourceTree = "<group>"; };
		9F99CD1B2BBC58D30019BF15 /* InTheZoneTests.xctest */ = {isa = PBXFileReference; explicitFileType = wrapper.cfbundle; includeInIndex = 0; path = InTheZoneTests.xctest; sourceTree = BUILT_PRODUCTS_DIR; };
		9F99CD1F2BBC58D30019BF15 /* InTheZoneTests.swift */ = {isa = PBXFileReference; lastKnownFileType = sourcecode.swift; path = InTheZoneTests.swift; sourceTree = "<group>"; };
		9F99CD292BBC58D30019BF15 /* InTheZoneUITests.swift */ = {isa = PBXFileReference; lastKnownFileType = sourcecode.swift; path = InTheZoneUITests.swift; sourceTree = "<group>"; };
		9F99CD2B2BBC58D30019BF15 /* InTheZoneUITestsLaunchTests.swift */ = {isa = PBXFileReference; lastKnownFileType = sourcecode.swift; path = InTheZoneUITestsLaunchTests.swift; sourceTree = "<group>"; };
		9F99CD382BBC59390019BF15 /* InTheZone.entitlements */ = {isa = PBXFileReference; lastKnownFileType = text.plist.entitlements; path = InTheZone.entitlements; sourceTree = "<group>"; };
		9F99CD392BBC5B0F0019BF15 /* AppDelegate.swift */ = {isa = PBXFileReference; lastKnownFileType = sourcecode.swift; path = AppDelegate.swift; sourceTree = "<group>"; };
		9F99CD3B2BBC5B280019BF15 /* SceneDelegate.swift */ = {isa = PBXFileReference; lastKnownFileType = sourcecode.swift; path = SceneDelegate.swift; sourceTree = "<group>"; };
		9F99CD3D2BBC5B410019BF15 /* HRManager.swift */ = {isa = PBXFileReference; lastKnownFileType = sourcecode.swift; path = HRManager.swift; sourceTree = "<group>"; };
		9F99CD3F2BBC5B6A0019BF15 /* HRView.swift */ = {isa = PBXFileReference; lastKnownFileType = sourcecode.swift; path = HRView.swift; sourceTree = "<group>"; };
		9FCF58AE2BBCB8AC0029C70C /* InTheZone.app */ = {isa = PBXFileReference; explicitFileType = wrapper.application; includeInIndex = 0; path = InTheZone.app; sourceTree = BUILT_PRODUCTS_DIR; };
		9FCF58B02BBCB8AC0029C70C /* WatchTheZoneApp.swift */ = {isa = PBXFileReference; lastKnownFileType = sourcecode.swift; path = WatchTheZoneApp.swift; sourceTree = "<group>"; };
		9FCF58B22BBCB8AC0029C70C /* ContentView.swift */ = {isa = PBXFileReference; lastKnownFileType = sourcecode.swift; path = ContentView.swift; sourceTree = "<group>"; };
		9FCF58B42BBCB8AD0029C70C /* Assets.xcassets */ = {isa = PBXFileReference; lastKnownFileType = folder.assetcatalog; path = Assets.xcassets; sourceTree = "<group>"; };
		9FCF58B72BBCB8AD0029C70C /* Preview Assets.xcassets */ = {isa = PBXFileReference; lastKnownFileType = folder.assetcatalog; path = "Preview Assets.xcassets"; sourceTree = "<group>"; };
		9FCF58BD2BBCB8AD0029C70C /* WatchTheZone Watch AppTests.xctest */ = {isa = PBXFileReference; explicitFileType = wrapper.cfbundle; includeInIndex = 0; path = "WatchTheZone Watch AppTests.xctest"; sourceTree = BUILT_PRODUCTS_DIR; };
		9FCF58C12BBCB8AD0029C70C /* WatchTheZone_Watch_AppTests.swift */ = {isa = PBXFileReference; lastKnownFileType = sourcecode.swift; path = WatchTheZone_Watch_AppTests.swift; sourceTree = "<group>"; };
		9FCF58C72BBCB8AD0029C70C /* WatchTheZone Watch AppUITests.xctest */ = {isa = PBXFileReference; explicitFileType = wrapper.cfbundle; includeInIndex = 0; path = "WatchTheZone Watch AppUITests.xctest"; sourceTree = BUILT_PRODUCTS_DIR; };
		9FCF58CB2BBCB8AD0029C70C /* WatchTheZone_Watch_AppUITests.swift */ = {isa = PBXFileReference; lastKnownFileType = sourcecode.swift; path = WatchTheZone_Watch_AppUITests.swift; sourceTree = "<group>"; };
		9FCF58CD2BBCB8AD0029C70C /* WatchTheZone_Watch_AppUITestsLaunchTests.swift */ = {isa = PBXFileReference; lastKnownFileType = sourcecode.swift; path = WatchTheZone_Watch_AppUITestsLaunchTests.swift; sourceTree = "<group>"; };
		9FFC528B2BBCC0860095DD95 /* HealthKit.framework */ = {isa = PBXFileReference; lastKnownFileType = wrapper.framework; name = HealthKit.framework; path = System/Library/Frameworks/HealthKit.framework; sourceTree = SDKROOT; };
		9FFC52902BBCC0930095DD95 /* HealthKitUI.framework */ = {isa = PBXFileReference; lastKnownFileType = wrapper.framework; name = HealthKitUI.framework; path = System/Library/Frameworks/HealthKitUI.framework; sourceTree = SDKROOT; };
		9FFC52942BBCC6410095DD95 /* WatchTheZone Watch App.entitlements */ = {isa = PBXFileReference; lastKnownFileType = text.plist.entitlements; path = "WatchTheZone Watch App.entitlements"; sourceTree = "<group>"; };
/* End PBXFileReference section */

/* Begin PBXFrameworksBuildPhase section */
		9F99CD032BBC58D20019BF15 /* Frameworks */ = {
			isa = PBXFrameworksBuildPhase;
			buildActionMask = 2147483647;
			files = (
				9FFC528D2BBCC08A0095DD95 /* HealthKit.framework in Frameworks */,
				9FFC52922BBCC0950095DD95 /* HealthKitUI.framework in Frameworks */,
			);
			runOnlyForDeploymentPostprocessing = 0;
		};
		9F99CD182BBC58D30019BF15 /* Frameworks */ = {
			isa = PBXFrameworksBuildPhase;
			buildActionMask = 2147483647;
			files = (
			);
			runOnlyForDeploymentPostprocessing = 0;
		};
		9FCF58AB2BBCB8AC0029C70C /* Frameworks */ = {
			isa = PBXFrameworksBuildPhase;
			buildActionMask = 2147483647;
			files = (
				9FFC52952BBCCBBA0095DD95 /* HealthKitUI.framework in Frameworks */,
				9FFC52962BBCCBC00095DD95 /* HealthKit.framework in Frameworks */,
			);
			runOnlyForDeploymentPostprocessing = 0;
		};
		9FCF58BA2BBCB8AD0029C70C /* Frameworks */ = {
			isa = PBXFrameworksBuildPhase;
			buildActionMask = 2147483647;
			files = (
			);
			runOnlyForDeploymentPostprocessing = 0;
		};
		9FCF58C42BBCB8AD0029C70C /* Frameworks */ = {
			isa = PBXFrameworksBuildPhase;
			buildActionMask = 2147483647;
			files = (
			);
			runOnlyForDeploymentPostprocessing = 0;
		};
/* End PBXFrameworksBuildPhase section */

/* Begin PBXGroup section */
		9F99CCFD2BBC58D20019BF15 = {
			isa = PBXGroup;
			children = (
				9F99CD082BBC58D20019BF15 /* InTheZone */,
				9F99CD1E2BBC58D30019BF15 /* InTheZoneTests */,
				9F99CD282BBC58D30019BF15 /* InTheZoneUITests */,
				9FCF58AF2BBCB8AC0029C70C /* WatchTheZone Watch App */,
				9FCF58C02BBCB8AD0029C70C /* WatchTheZone Watch AppTests */,
				9FCF58CA2BBCB8AD0029C70C /* WatchTheZone Watch AppUITests */,
				9F99CD072BBC58D20019BF15 /* Products */,
				9FFC528A2BBCC0860095DD95 /* Frameworks */,
			);
			sourceTree = "<group>";
		};
		9F99CD072BBC58D20019BF15 /* Products */ = {
			isa = PBXGroup;
			children = (
				9F99CD062BBC58D20019BF15 /* InTheZone.app */,
				9F99CD1B2BBC58D30019BF15 /* InTheZoneTests.xctest */,
				9FCF58AE2BBCB8AC0029C70C /* InTheZone.app */,
				9FCF58BD2BBCB8AD0029C70C /* WatchTheZone Watch AppTests.xctest */,
				9FCF58C72BBCB8AD0029C70C /* WatchTheZone Watch AppUITests.xctest */,
			);
			name = Products;
			sourceTree = "<group>";
		};
		9F99CD082BBC58D20019BF15 /* InTheZone */ = {
			isa = PBXGroup;
			children = (
				9F99CD382BBC59390019BF15 /* InTheZone.entitlements */,
				9F99CD092BBC58D20019BF15 /* InTheZoneApp.swift */,
				9F99CD392BBC5B0F0019BF15 /* AppDelegate.swift */,
				9F99CD3B2BBC5B280019BF15 /* SceneDelegate.swift */,
				9F79CBDF2BBC5FA200E130F3 /* Connectivity.swift */,
				9F99CD3D2BBC5B410019BF15 /* HRManager.swift */,
				9F99CD0B2BBC58D20019BF15 /* ContentView.swift */,
				9F99CD3F2BBC5B6A0019BF15 /* HRView.swift */,
				9F99CD0D2BBC58D30019BF15 /* Assets.xcassets */,
				9F99CD122BBC58D30019BF15 /* Persistence.swift */,
				9F99CD142BBC58D30019BF15 /* InTheZone.xcdatamodeld */,
				9F99CD0F2BBC58D30019BF15 /* Preview Content */,
			);
			path = InTheZone;
			sourceTree = "<group>";
		};
		9F99CD0F2BBC58D30019BF15 /* Preview Content */ = {
			isa = PBXGroup;
			children = (
				9F99CD102BBC58D30019BF15 /* Preview Assets.xcassets */,
			);
			path = "Preview Content";
			sourceTree = "<group>";
		};
		9F99CD1E2BBC58D30019BF15 /* InTheZoneTests */ = {
			isa = PBXGroup;
			children = (
				9F99CD1F2BBC58D30019BF15 /* InTheZoneTests.swift */,
			);
			path = InTheZoneTests;
			sourceTree = "<group>";
		};
		9F99CD282BBC58D30019BF15 /* InTheZoneUITests */ = {
			isa = PBXGroup;
			children = (
				9F99CD292BBC58D30019BF15 /* InTheZoneUITests.swift */,
				9F99CD2B2BBC58D30019BF15 /* InTheZoneUITestsLaunchTests.swift */,
			);
			path = InTheZoneUITests;
			sourceTree = "<group>";
		};
		9FCF58AF2BBCB8AC0029C70C /* WatchTheZone Watch App */ = {
			isa = PBXGroup;
			children = (
				9FFC52942BBCC6410095DD95 /* WatchTheZone Watch App.entitlements */,
				9FCF58B02BBCB8AC0029C70C /* WatchTheZoneApp.swift */,
				9FCF58B22BBCB8AC0029C70C /* ContentView.swift */,
				9FCF58B42BBCB8AD0029C70C /* Assets.xcassets */,
				9FCF58B62BBCB8AD0029C70C /* Preview Content */,
			);
			path = "WatchTheZone Watch App";
			sourceTree = "<group>";
		};
		9FCF58B62BBCB8AD0029C70C /* Preview Content */ = {
			isa = PBXGroup;
			children = (
				9FCF58B72BBCB8AD0029C70C /* Preview Assets.xcassets */,
			);
			path = "Preview Content";
			sourceTree = "<group>";
		};
		9FCF58C02BBCB8AD0029C70C /* WatchTheZone Watch AppTests */ = {
			isa = PBXGroup;
			children = (
				9FCF58C12BBCB8AD0029C70C /* WatchTheZone_Watch_AppTests.swift */,
			);
			path = "WatchTheZone Watch AppTests";
			sourceTree = "<group>";
		};
		9FCF58CA2BBCB8AD0029C70C /* WatchTheZone Watch AppUITests */ = {
			isa = PBXGroup;
			children = (
				9FCF58CB2BBCB8AD0029C70C /* WatchTheZone_Watch_AppUITests.swift */,
				9FCF58CD2BBCB8AD0029C70C /* WatchTheZone_Watch_AppUITestsLaunchTests.swift */,
			);
			path = "WatchTheZone Watch AppUITests";
			sourceTree = "<group>";
		};
		9FFC528A2BBCC0860095DD95 /* Frameworks */ = {
			isa = PBXGroup;
			children = (
				9FFC52902BBCC0930095DD95 /* HealthKitUI.framework */,
				9FFC528B2BBCC0860095DD95 /* HealthKit.framework */,
			);
			name = Frameworks;
			sourceTree = "<group>";
		};
/* End PBXGroup section */

/* Begin PBXNativeTarget section */
		9F99CD052BBC58D20019BF15 /* InTheZone */ = {
			isa = PBXNativeTarget;
			buildConfigurationList = 9F99CD2F2BBC58D30019BF15 /* Build configuration list for PBXNativeTarget "InTheZone" */;
			buildPhases = (
				9F99CD022BBC58D20019BF15 /* Sources */,
				9F99CD032BBC58D20019BF15 /* Frameworks */,
				9F99CD042BBC58D20019BF15 /* Resources */,
				9FCF58A02BBCAF500029C70C /* Embed Watch Content */,
			);
			buildRules = (
			);
			dependencies = (
				9FCF58D02BBCB8AD0029C70C /* PBXTargetDependency */,
			);
			name = InTheZone;
			productName = InTheZone;
			productReference = 9F99CD062BBC58D20019BF15 /* InTheZone.app */;
			productType = "com.apple.product-type.application";
		};
		9F99CD1A2BBC58D30019BF15 /* InTheZoneTests */ = {
			isa = PBXNativeTarget;
			buildConfigurationList = 9F99CD322BBC58D30019BF15 /* Build configuration list for PBXNativeTarget "InTheZoneTests" */;
			buildPhases = (
				9F99CD172BBC58D30019BF15 /* Sources */,
				9F99CD182BBC58D30019BF15 /* Frameworks */,
				9F99CD192BBC58D30019BF15 /* Resources */,
			);
			buildRules = (
			);
			dependencies = (
				9F99CD1D2BBC58D30019BF15 /* PBXTargetDependency */,
			);
			name = InTheZoneTests;
			productName = InTheZoneTests;
			productReference = 9F99CD1B2BBC58D30019BF15 /* InTheZoneTests.xctest */;
			productType = "com.apple.product-type.bundle.unit-test";
		};
		9FCF58AD2BBCB8AC0029C70C /* WatchTheZone Watch App */ = {
			isa = PBXNativeTarget;
			buildConfigurationList = 9FCF58D22BBCB8AD0029C70C /* Build configuration list for PBXNativeTarget "WatchTheZone Watch App" */;
			buildPhases = (
				9FCF58AA2BBCB8AC0029C70C /* Sources */,
				9FCF58AB2BBCB8AC0029C70C /* Frameworks */,
				9FCF58AC2BBCB8AC0029C70C /* Resources */,
			);
			buildRules = (
			);
			dependencies = (
			);
			name = "WatchTheZone Watch App";
			productName = "WatchTheZone Watch App";
			productReference = 9FCF58AE2BBCB8AC0029C70C /* InTheZone.app */;
			productType = "com.apple.product-type.application";
		};
		9FCF58BC2BBCB8AD0029C70C /* WatchTheZone Watch AppTests */ = {
			isa = PBXNativeTarget;
			buildConfigurationList = 9FCF58D52BBCB8AD0029C70C /* Build configuration list for PBXNativeTarget "WatchTheZone Watch AppTests" */;
			buildPhases = (
				9FCF58B92BBCB8AD0029C70C /* Sources */,
				9FCF58BA2BBCB8AD0029C70C /* Frameworks */,
				9FCF58BB2BBCB8AD0029C70C /* Resources */,
			);
			buildRules = (
			);
			dependencies = (
				9FCF58BF2BBCB8AD0029C70C /* PBXTargetDependency */,
			);
			name = "WatchTheZone Watch AppTests";
			productName = "WatchTheZone Watch AppTests";
			productReference = 9FCF58BD2BBCB8AD0029C70C /* WatchTheZone Watch AppTests.xctest */;
			productType = "com.apple.product-type.bundle.unit-test";
		};
		9FCF58C62BBCB8AD0029C70C /* WatchTheZone Watch AppUITests */ = {
			isa = PBXNativeTarget;
			buildConfigurationList = 9FCF58D82BBCB8AD0029C70C /* Build configuration list for PBXNativeTarget "WatchTheZone Watch AppUITests" */;
			buildPhases = (
				9FCF58C32BBCB8AD0029C70C /* Sources */,
				9FCF58C42BBCB8AD0029C70C /* Frameworks */,
				9FCF58C52BBCB8AD0029C70C /* Resources */,
			);
			buildRules = (
			);
			dependencies = (
				9FCF58C92BBCB8AD0029C70C /* PBXTargetDependency */,
			);
			name = "WatchTheZone Watch AppUITests";
			productName = "WatchTheZone Watch AppUITests";
			productReference = 9FCF58C72BBCB8AD0029C70C /* WatchTheZone Watch AppUITests.xctest */;
			productType = "com.apple.product-type.bundle.ui-testing";
		};
/* End PBXNativeTarget section */

/* Begin PBXProject section */
		9F99CCFE2BBC58D20019BF15 /* Project object */ = {
			isa = PBXProject;
			attributes = {
				BuildIndependentTargetsInParallel = 1;
				LastSwiftUpdateCheck = 1530;
				LastUpgradeCheck = 1530;
				TargetAttributes = {
					9F99CD052BBC58D20019BF15 = {
						CreatedOnToolsVersion = 15.3;
					};
					9F99CD1A2BBC58D30019BF15 = {
						CreatedOnToolsVersion = 15.3;
						TestTargetID = 9F99CD052BBC58D20019BF15;
					};
					9FCF58AD2BBCB8AC0029C70C = {
						CreatedOnToolsVersion = 15.3;
					};
					9FCF58BC2BBCB8AD0029C70C = {
						CreatedOnToolsVersion = 15.3;
						TestTargetID = 9FCF58AD2BBCB8AC0029C70C;
					};
					9FCF58C62BBCB8AD0029C70C = {
						CreatedOnToolsVersion = 15.3;
						TestTargetID = 9FCF58AD2BBCB8AC0029C70C;
					};
				};
			};
			buildConfigurationList = 9F99CD012BBC58D20019BF15 /* Build configuration list for PBXProject "InTheZone" */;
			compatibilityVersion = "Xcode 14.0";
			developmentRegion = en;
			hasScannedForEncodings = 0;
			knownRegions = (
				en,
				Base,
			);
			mainGroup = 9F99CCFD2BBC58D20019BF15;
			productRefGroup = 9F99CD072BBC58D20019BF15 /* Products */;
			projectDirPath = "";
			projectRoot = "";
			targets = (
				9F99CD052BBC58D20019BF15 /* InTheZone */,
				9F99CD1A2BBC58D30019BF15 /* InTheZoneTests */,
				9FCF58AD2BBCB8AC0029C70C /* WatchTheZone Watch App */,
				9FCF58BC2BBCB8AD0029C70C /* WatchTheZone Watch AppTests */,
				9FCF58C62BBCB8AD0029C70C /* WatchTheZone Watch AppUITests */,
			);
		};
/* End PBXProject section */

/* Begin PBXResourcesBuildPhase section */
		9F99CD042BBC58D20019BF15 /* Resources */ = {
			isa = PBXResourcesBuildPhase;
			buildActionMask = 2147483647;
			files = (
				9F99CD112BBC58D30019BF15 /* Preview Assets.xcassets in Resources */,
				9F99CD0E2BBC58D30019BF15 /* Assets.xcassets in Resources */,
			);
			runOnlyForDeploymentPostprocessing = 0;
		};
		9F99CD192BBC58D30019BF15 /* Resources */ = {
			isa = PBXResourcesBuildPhase;
			buildActionMask = 2147483647;
			files = (
			);
			runOnlyForDeploymentPostprocessing = 0;
		};
		9FCF58AC2BBCB8AC0029C70C /* Resources */ = {
			isa = PBXResourcesBuildPhase;
			buildActionMask = 2147483647;
			files = (
				9FCF58B82BBCB8AD0029C70C /* Preview Assets.xcassets in Resources */,
				9FCF58B52BBCB8AD0029C70C /* Assets.xcassets in Resources */,
			);
			runOnlyForDeploymentPostprocessing = 0;
		};
		9FCF58BB2BBCB8AD0029C70C /* Resources */ = {
			isa = PBXResourcesBuildPhase;
			buildActionMask = 2147483647;
			files = (
			);
			runOnlyForDeploymentPostprocessing = 0;
		};
		9FCF58C52BBCB8AD0029C70C /* Resources */ = {
			isa = PBXResourcesBuildPhase;
			buildActionMask = 2147483647;
			files = (
			);
			runOnlyForDeploymentPostprocessing = 0;
		};
/* End PBXResourcesBuildPhase section */

/* Begin PBXSourcesBuildPhase section */
		9F99CD022BBC58D20019BF15 /* Sources */ = {
			isa = PBXSourcesBuildPhase;
			buildActionMask = 2147483647;
			files = (
				9F99CD132BBC58D30019BF15 /* Persistence.swift in Sources */,
				9F99CD0C2BBC58D20019BF15 /* ContentView.swift in Sources */,
				9F79CBE02BBC5FA200E130F3 /* Connectivity.swift in Sources */,
				9F99CD162BBC58D30019BF15 /* InTheZone.xcdatamodeld in Sources */,
				9F99CD3E2BBC5B410019BF15 /* HRManager.swift in Sources */,
				9F99CD402BBC5B6A0019BF15 /* HRView.swift in Sources */,
				9F99CD3A2BBC5B0F0019BF15 /* AppDelegate.swift in Sources */,
				9F99CD0A2BBC58D20019BF15 /* InTheZoneApp.swift in Sources */,
				9F99CD3C2BBC5B280019BF15 /* SceneDelegate.swift in Sources */,
			);
			runOnlyForDeploymentPostprocessing = 0;
		};
		9F99CD172BBC58D30019BF15 /* Sources */ = {
			isa = PBXSourcesBuildPhase;
			buildActionMask = 2147483647;
			files = (
				9F99CD202BBC58D30019BF15 /* InTheZoneTests.swift in Sources */,
			);
			runOnlyForDeploymentPostprocessing = 0;
		};
		9FCF58AA2BBCB8AC0029C70C /* Sources */ = {
			isa = PBXSourcesBuildPhase;
			buildActionMask = 2147483647;
			files = (
				9FCF58B32BBCB8AC0029C70C /* ContentView.swift in Sources */,
				9FCF58B12BBCB8AC0029C70C /* WatchTheZoneApp.swift in Sources */,
			);
			runOnlyForDeploymentPostprocessing = 0;
		};
		9FCF58B92BBCB8AD0029C70C /* Sources */ = {
			isa = PBXSourcesBuildPhase;
			buildActionMask = 2147483647;
			files = (
				9FCF58C22BBCB8AD0029C70C /* WatchTheZone_Watch_AppTests.swift in Sources */,
			);
			runOnlyForDeploymentPostprocessing = 0;
		};
		9FCF58C32BBCB8AD0029C70C /* Sources */ = {
			isa = PBXSourcesBuildPhase;
			buildActionMask = 2147483647;
			files = (
				9FCF58CE2BBCB8AD0029C70C /* WatchTheZone_Watch_AppUITestsLaunchTests.swift in Sources */,
				9FCF58CC2BBCB8AD0029C70C /* WatchTheZone_Watch_AppUITests.swift in Sources */,
			);
			runOnlyForDeploymentPostprocessing = 0;
		};
/* End PBXSourcesBuildPhase section */

/* Begin PBXTargetDependency section */
		9F99CD1D2BBC58D30019BF15 /* PBXTargetDependency */ = {
			isa = PBXTargetDependency;
			target = 9F99CD052BBC58D20019BF15 /* InTheZone */;
			targetProxy = 9F99CD1C2BBC58D30019BF15 /* PBXContainerItemProxy */;
		};
		9FCF58BF2BBCB8AD0029C70C /* PBXTargetDependency */ = {
			isa = PBXTargetDependency;
			target = 9FCF58AD2BBCB8AC0029C70C /* WatchTheZone Watch App */;
			targetProxy = 9FCF58BE2BBCB8AD0029C70C /* PBXContainerItemProxy */;
		};
		9FCF58C92BBCB8AD0029C70C /* PBXTargetDependency */ = {
			isa = PBXTargetDependency;
			target = 9FCF58AD2BBCB8AC0029C70C /* WatchTheZone Watch App */;
			targetProxy = 9FCF58C82BBCB8AD0029C70C /* PBXContainerItemProxy */;
		};
		9FCF58D02BBCB8AD0029C70C /* PBXTargetDependency */ = {
			isa = PBXTargetDependency;
			target = 9FCF58AD2BBCB8AC0029C70C /* WatchTheZone Watch App */;
			targetProxy = 9FCF58CF2BBCB8AD0029C70C /* PBXContainerItemProxy */;
		};
/* End PBXTargetDependency section */

/* Begin XCBuildConfiguration section */
		9F99CD2D2BBC58D30019BF15 /* Debug */ = {
			isa = XCBuildConfiguration;
			buildSettings = {
				ALWAYS_SEARCH_USER_PATHS = NO;
				ASSETCATALOG_COMPILER_GENERATE_SWIFT_ASSET_SYMBOL_EXTENSIONS = YES;
				CLANG_ANALYZER_NONNULL = YES;
				CLANG_ANALYZER_NUMBER_OBJECT_CONVERSION = YES_AGGRESSIVE;
				CLANG_CXX_LANGUAGE_STANDARD = "gnu++20";
				CLANG_ENABLE_MODULES = YES;
				CLANG_ENABLE_OBJC_ARC = YES;
				CLANG_ENABLE_OBJC_WEAK = YES;
				CLANG_WARN_BLOCK_CAPTURE_AUTORELEASING = YES;
				CLANG_WARN_BOOL_CONVERSION = YES;
				CLANG_WARN_COMMA = YES;
				CLANG_WARN_CONSTANT_CONVERSION = YES;
				CLANG_WARN_DEPRECATED_OBJC_IMPLEMENTATIONS = YES;
				CLANG_WARN_DIRECT_OBJC_ISA_USAGE = YES_ERROR;
				CLANG_WARN_DOCUMENTATION_COMMENTS = YES;
				CLANG_WARN_EMPTY_BODY = YES;
				CLANG_WARN_ENUM_CONVERSION = YES;
				CLANG_WARN_INFINITE_RECURSION = YES;
				CLANG_WARN_INT_CONVERSION = YES;
				CLANG_WARN_NON_LITERAL_NULL_CONVERSION = YES;
				CLANG_WARN_OBJC_IMPLICIT_RETAIN_SELF = YES;
				CLANG_WARN_OBJC_LITERAL_CONVERSION = YES;
				CLANG_WARN_OBJC_ROOT_CLASS = YES_ERROR;
				CLANG_WARN_QUOTED_INCLUDE_IN_FRAMEWORK_HEADER = YES;
				CLANG_WARN_RANGE_LOOP_ANALYSIS = YES;
				CLANG_WARN_STRICT_PROTOTYPES = YES;
				CLANG_WARN_SUSPICIOUS_MOVE = YES;
				CLANG_WARN_UNGUARDED_AVAILABILITY = YES_AGGRESSIVE;
				CLANG_WARN_UNREACHABLE_CODE = YES;
				CLANG_WARN__DUPLICATE_METHOD_MATCH = YES;
				COPY_PHASE_STRIP = NO;
				DEBUG_INFORMATION_FORMAT = dwarf;
				ENABLE_STRICT_OBJC_MSGSEND = YES;
				ENABLE_TESTABILITY = YES;
				ENABLE_USER_SCRIPT_SANDBOXING = YES;
				GCC_C_LANGUAGE_STANDARD = gnu17;
				GCC_DYNAMIC_NO_PIC = NO;
				GCC_NO_COMMON_BLOCKS = YES;
				GCC_OPTIMIZATION_LEVEL = 0;
				GCC_PREPROCESSOR_DEFINITIONS = (
					"DEBUG=1",
					"$(inherited)",
				);
				GCC_WARN_64_TO_32_BIT_CONVERSION = YES;
				GCC_WARN_ABOUT_RETURN_TYPE = YES_ERROR;
				GCC_WARN_UNDECLARED_SELECTOR = YES;
				GCC_WARN_UNINITIALIZED_AUTOS = YES_AGGRESSIVE;
				GCC_WARN_UNUSED_FUNCTION = YES;
				GCC_WARN_UNUSED_VARIABLE = YES;
				IPHONEOS_DEPLOYMENT_TARGET = 17.4;
				LOCALIZATION_PREFERS_STRING_CATALOGS = YES;
				MTL_ENABLE_DEBUG_INFO = INCLUDE_SOURCE;
				MTL_FAST_MATH = YES;
				ONLY_ACTIVE_ARCH = YES;
				SDKROOT = iphoneos;
				SWIFT_ACTIVE_COMPILATION_CONDITIONS = "DEBUG $(inherited)";
				SWIFT_OPTIMIZATION_LEVEL = "-Onone";
				WATCHOS_DEPLOYMENT_TARGET = 10.4;
			};
			name = Debug;
		};
		9F99CD2E2BBC58D30019BF15 /* Release */ = {
			isa = XCBuildConfiguration;
			buildSettings = {
				ALWAYS_SEARCH_USER_PATHS = NO;
				ASSETCATALOG_COMPILER_GENERATE_SWIFT_ASSET_SYMBOL_EXTENSIONS = YES;
				CLANG_ANALYZER_NONNULL = YES;
				CLANG_ANALYZER_NUMBER_OBJECT_CONVERSION = YES_AGGRESSIVE;
				CLANG_CXX_LANGUAGE_STANDARD = "gnu++20";
				CLANG_ENABLE_MODULES = YES;
				CLANG_ENABLE_OBJC_ARC = YES;
				CLANG_ENABLE_OBJC_WEAK = YES;
				CLANG_WARN_BLOCK_CAPTURE_AUTORELEASING = YES;
				CLANG_WARN_BOOL_CONVERSION = YES;
				CLANG_WARN_COMMA = YES;
				CLANG_WARN_CONSTANT_CONVERSION = YES;
				CLANG_WARN_DEPRECATED_OBJC_IMPLEMENTATIONS = YES;
				CLANG_WARN_DIRECT_OBJC_ISA_USAGE = YES_ERROR;
				CLANG_WARN_DOCUMENTATION_COMMENTS = YES;
				CLANG_WARN_EMPTY_BODY = YES;
				CLANG_WARN_ENUM_CONVERSION = YES;
				CLANG_WARN_INFINITE_RECURSION = YES;
				CLANG_WARN_INT_CONVERSION = YES;
				CLANG_WARN_NON_LITERAL_NULL_CONVERSION = YES;
				CLANG_WARN_OBJC_IMPLICIT_RETAIN_SELF = YES;
				CLANG_WARN_OBJC_LITERAL_CONVERSION = YES;
				CLANG_WARN_OBJC_ROOT_CLASS = YES_ERROR;
				CLANG_WARN_QUOTED_INCLUDE_IN_FRAMEWORK_HEADER = YES;
				CLANG_WARN_RANGE_LOOP_ANALYSIS = YES;
				CLANG_WARN_STRICT_PROTOTYPES = YES;
				CLANG_WARN_SUSPICIOUS_MOVE = YES;
				CLANG_WARN_UNGUARDED_AVAILABILITY = YES_AGGRESSIVE;
				CLANG_WARN_UNREACHABLE_CODE = YES;
				CLANG_WARN__DUPLICATE_METHOD_MATCH = YES;
				COPY_PHASE_STRIP = NO;
				DEBUG_INFORMATION_FORMAT = "dwarf-with-dsym";
				ENABLE_NS_ASSERTIONS = NO;
				ENABLE_STRICT_OBJC_MSGSEND = YES;
				ENABLE_USER_SCRIPT_SANDBOXING = YES;
				GCC_C_LANGUAGE_STANDARD = gnu17;
				GCC_NO_COMMON_BLOCKS = YES;
				GCC_WARN_64_TO_32_BIT_CONVERSION = YES;
				GCC_WARN_ABOUT_RETURN_TYPE = YES_ERROR;
				GCC_WARN_UNDECLARED_SELECTOR = YES;
				GCC_WARN_UNINITIALIZED_AUTOS = YES_AGGRESSIVE;
				GCC_WARN_UNUSED_FUNCTION = YES;
				GCC_WARN_UNUSED_VARIABLE = YES;
				IPHONEOS_DEPLOYMENT_TARGET = 17.4;
				LOCALIZATION_PREFERS_STRING_CATALOGS = YES;
				MTL_ENABLE_DEBUG_INFO = NO;
				MTL_FAST_MATH = YES;
				SDKROOT = iphoneos;
				SWIFT_COMPILATION_MODE = wholemodule;
				VALIDATE_PRODUCT = YES;
				WATCHOS_DEPLOYMENT_TARGET = 10.4;
			};
			name = Release;
		};
		9F99CD302BBC58D30019BF15 /* Debug */ = {
			isa = XCBuildConfiguration;
			buildSettings = {
				ALWAYS_EMBED_SWIFT_STANDARD_LIBRARIES = YES;
				ASSETCATALOG_COMPILER_APPICON_NAME = AppIcon;
				ASSETCATALOG_COMPILER_GLOBAL_ACCENT_COLOR_NAME = AccentColor;
				CODE_SIGN_ENTITLEMENTS = InTheZone/InTheZone.entitlements;
				CODE_SIGN_STYLE = Automatic;
				CURRENT_PROJECT_VERSION = 1;
				DEVELOPMENT_ASSET_PATHS = "\"InTheZone/Preview Content\"";
				DEVELOPMENT_TEAM = SL8V4SQ33S;
				ENABLE_PREVIEWS = YES;
				GENERATE_INFOPLIST_FILE = YES;
				INFOPLIST_KEY_UIApplicationSceneManifest_Generation = YES;
				INFOPLIST_KEY_UIApplicationSupportsIndirectInputEvents = YES;
				INFOPLIST_KEY_UILaunchScreen_Generation = YES;
				INFOPLIST_KEY_UISupportedInterfaceOrientations_iPad = "UIInterfaceOrientationPortrait UIInterfaceOrientationPortraitUpsideDown UIInterfaceOrientationLandscapeLeft UIInterfaceOrientationLandscapeRight";
				INFOPLIST_KEY_UISupportedInterfaceOrientations_iPhone = "UIInterfaceOrientationPortrait UIInterfaceOrientationLandscapeLeft UIInterfaceOrientationLandscapeRight";
				LD_RUNPATH_SEARCH_PATHS = (
					"$(inherited)",
					"@executable_path/Frameworks",
				);
				MARKETING_VERSION = 1.0;
				PRODUCT_BUNDLE_IDENTIFIER = comp3000.abrankin.InTheZone;
				PRODUCT_NAME = "$(TARGET_NAME)";
				SWIFT_EMIT_LOC_STRINGS = YES;
				SWIFT_VERSION = 5.0;
				TARGETED_DEVICE_FAMILY = "1,2";
			};
			name = Debug;
		};
		9F99CD312BBC58D30019BF15 /* Release */ = {
			isa = XCBuildConfiguration;
			buildSettings = {
				ALWAYS_EMBED_SWIFT_STANDARD_LIBRARIES = YES;
				ASSETCATALOG_COMPILER_APPICON_NAME = AppIcon;
				ASSETCATALOG_COMPILER_GLOBAL_ACCENT_COLOR_NAME = AccentColor;
				CODE_SIGN_ENTITLEMENTS = InTheZone/InTheZone.entitlements;
				CODE_SIGN_STYLE = Automatic;
				CURRENT_PROJECT_VERSION = 1;
				DEVELOPMENT_ASSET_PATHS = "\"InTheZone/Preview Content\"";
				DEVELOPMENT_TEAM = SL8V4SQ33S;
				ENABLE_PREVIEWS = YES;
				GENERATE_INFOPLIST_FILE = YES;
				INFOPLIST_KEY_UIApplicationSceneManifest_Generation = YES;
				INFOPLIST_KEY_UIApplicationSupportsIndirectInputEvents = YES;
				INFOPLIST_KEY_UILaunchScreen_Generation = YES;
				INFOPLIST_KEY_UISupportedInterfaceOrientations_iPad = "UIInterfaceOrientationPortrait UIInterfaceOrientationPortraitUpsideDown UIInterfaceOrientationLandscapeLeft UIInterfaceOrientationLandscapeRight";
				INFOPLIST_KEY_UISupportedInterfaceOrientations_iPhone = "UIInterfaceOrientationPortrait UIInterfaceOrientationLandscapeLeft UIInterfaceOrientationLandscapeRight";
				LD_RUNPATH_SEARCH_PATHS = (
					"$(inherited)",
					"@executable_path/Frameworks",
				);
				MARKETING_VERSION = 1.0;
				PRODUCT_BUNDLE_IDENTIFIER = comp3000.abrankin.InTheZone;
				PRODUCT_NAME = "$(TARGET_NAME)";
				SWIFT_EMIT_LOC_STRINGS = YES;
				SWIFT_VERSION = 5.0;
				TARGETED_DEVICE_FAMILY = "1,2";
			};
			name = Release;
		};
		9F99CD332BBC58D30019BF15 /* Debug */ = {
			isa = XCBuildConfiguration;
			buildSettings = {
				ALWAYS_EMBED_SWIFT_STANDARD_LIBRARIES = YES;
				BUNDLE_LOADER = "$(TEST_HOST)";
				CODE_SIGN_STYLE = Automatic;
				CURRENT_PROJECT_VERSION = 1;
				DEVELOPMENT_TEAM = SL8V4SQ33S;
				GENERATE_INFOPLIST_FILE = YES;
				IPHONEOS_DEPLOYMENT_TARGET = 17.4;
				MARKETING_VERSION = 1.0;
				PRODUCT_BUNDLE_IDENTIFIER = comp3000.abrankin.InTheZoneTests;
				PRODUCT_NAME = "$(TARGET_NAME)";
				SWIFT_EMIT_LOC_STRINGS = NO;
				SWIFT_VERSION = 5.0;
				TARGETED_DEVICE_FAMILY = "1,2";
				TEST_HOST = "$(BUILT_PRODUCTS_DIR)/InTheZone.app/$(BUNDLE_EXECUTABLE_FOLDER_PATH)/InTheZone";
			};
			name = Debug;
		};
		9F99CD342BBC58D30019BF15 /* Release */ = {
			isa = XCBuildConfiguration;
			buildSettings = {
				ALWAYS_EMBED_SWIFT_STANDARD_LIBRARIES = YES;
				BUNDLE_LOADER = "$(TEST_HOST)";
				CODE_SIGN_STYLE = Automatic;
				CURRENT_PROJECT_VERSION = 1;
				DEVELOPMENT_TEAM = SL8V4SQ33S;
				GENERATE_INFOPLIST_FILE = YES;
				IPHONEOS_DEPLOYMENT_TARGET = 17.4;
				MARKETING_VERSION = 1.0;
				PRODUCT_BUNDLE_IDENTIFIER = comp3000.abrankin.InTheZoneTests;
				PRODUCT_NAME = "$(TARGET_NAME)";
				SWIFT_EMIT_LOC_STRINGS = NO;
				SWIFT_VERSION = 5.0;
				TARGETED_DEVICE_FAMILY = "1,2";
				TEST_HOST = "$(BUILT_PRODUCTS_DIR)/InTheZone.app/$(BUNDLE_EXECUTABLE_FOLDER_PATH)/InTheZone";
			};
			name = Release;
		};
		9FCF58D32BBCB8AD0029C70C /* Debug */ = {
			isa = XCBuildConfiguration;
			buildSettings = {
				ASSETCATALOG_COMPILER_APPICON_NAME = AppIcon;
				ASSETCATALOG_COMPILER_GLOBAL_ACCENT_COLOR_NAME = AccentColor;
				CODE_SIGN_ENTITLEMENTS = "WatchTheZone Watch App/WatchTheZone Watch App.entitlements";
				CODE_SIGN_STYLE = Automatic;
				CURRENT_PROJECT_VERSION = 1;
				DEVELOPMENT_ASSET_PATHS = "\"WatchTheZone Watch App/Preview Content\"";
				DEVELOPMENT_TEAM = SL8V4SQ33S;
				ENABLE_PREVIEWS = YES;
				GENERATE_INFOPLIST_FILE = YES;
				INFOPLIST_KEY_UISupportedInterfaceOrientations = "UIInterfaceOrientationPortrait UIInterfaceOrientationPortraitUpsideDown";
				INFOPLIST_KEY_WKCompanionAppBundleIdentifier = comp3000.abrankin.InTheZone;
				LD_RUNPATH_SEARCH_PATHS = (
					"$(inherited)",
					"@executable_path/Frameworks",
				);
				MARKETING_VERSION = 1.0;
				PRODUCT_BUNDLE_IDENTIFIER = comp3000.abrankin.InTheZone.watchkitapp;
				PRODUCT_NAME = InTheZone;
				SDKROOT = watchos;
				SKIP_INSTALL = YES;
				SWIFT_EMIT_LOC_STRINGS = YES;
				SWIFT_VERSION = 5.0;
				TARGETED_DEVICE_FAMILY = 4;
				WATCHOS_DEPLOYMENT_TARGET = 10.4;
			};
			name = Debug;
		};
		9FCF58D42BBCB8AD0029C70C /* Release */ = {
			isa = XCBuildConfiguration;
			buildSettings = {
				ASSETCATALOG_COMPILER_APPICON_NAME = AppIcon;
				ASSETCATALOG_COMPILER_GLOBAL_ACCENT_COLOR_NAME = AccentColor;
				CODE_SIGN_ENTITLEMENTS = "WatchTheZone Watch App/WatchTheZone Watch App.entitlements";
				CODE_SIGN_STYLE = Automatic;
				CURRENT_PROJECT_VERSION = 1;
				DEVELOPMENT_ASSET_PATHS = "\"WatchTheZone Watch App/Preview Content\"";
				DEVELOPMENT_TEAM = SL8V4SQ33S;
				ENABLE_PREVIEWS = YES;
				GENERATE_INFOPLIST_FILE = YES;
				INFOPLIST_KEY_UISupportedInterfaceOrientations = "UIInterfaceOrientationPortrait UIInterfaceOrientationPortraitUpsideDown";
				INFOPLIST_KEY_WKCompanionAppBundleIdentifier = comp3000.abrankin.InTheZone;
				LD_RUNPATH_SEARCH_PATHS = (
					"$(inherited)",
					"@executable_path/Frameworks",
				);
				MARKETING_VERSION = 1.0;
				PRODUCT_BUNDLE_IDENTIFIER = comp3000.abrankin.InTheZone.watchkitapp;
				PRODUCT_NAME = InTheZone;
				SDKROOT = watchos;
				SKIP_INSTALL = YES;
				SWIFT_EMIT_LOC_STRINGS = YES;
				SWIFT_VERSION = 5.0;
				TARGETED_DEVICE_FAMILY = 4;
				WATCHOS_DEPLOYMENT_TARGET = 10.4;
			};
			name = Release;
		};
		9FCF58D62BBCB8AD0029C70C /* Debug */ = {
			isa = XCBuildConfiguration;
			buildSettings = {
				ALWAYS_EMBED_SWIFT_STANDARD_LIBRARIES = YES;
				BUNDLE_LOADER = "$(TEST_HOST)";
				CODE_SIGN_STYLE = Automatic;
				CURRENT_PROJECT_VERSION = 1;
				DEVELOPMENT_TEAM = SL8V4SQ33S;
				GENERATE_INFOPLIST_FILE = YES;
				MARKETING_VERSION = 1.0;
				PRODUCT_BUNDLE_IDENTIFIER = "comp3000.abrankin.WatchTheZone-Watch-AppTests";
				PRODUCT_NAME = "$(TARGET_NAME)";
				SDKROOT = watchos;
				SWIFT_EMIT_LOC_STRINGS = NO;
				SWIFT_VERSION = 5.0;
				TARGETED_DEVICE_FAMILY = 4;
				TEST_HOST = "$(BUILT_PRODUCTS_DIR)/WatchTheZone Watch App.app/$(BUNDLE_EXECUTABLE_FOLDER_PATH)/WatchTheZone Watch App";
				WATCHOS_DEPLOYMENT_TARGET = 10.4;
			};
			name = Debug;
		};
		9FCF58D72BBCB8AD0029C70C /* Release */ = {
			isa = XCBuildConfiguration;
			buildSettings = {
				ALWAYS_EMBED_SWIFT_STANDARD_LIBRARIES = YES;
				BUNDLE_LOADER = "$(TEST_HOST)";
				CODE_SIGN_STYLE = Automatic;
				CURRENT_PROJECT_VERSION = 1;
				DEVELOPMENT_TEAM = SL8V4SQ33S;
				GENERATE_INFOPLIST_FILE = YES;
				MARKETING_VERSION = 1.0;
				PRODUCT_BUNDLE_IDENTIFIER = "comp3000.abrankin.WatchTheZone-Watch-AppTests";
				PRODUCT_NAME = "$(TARGET_NAME)";
				SDKROOT = watchos;
				SWIFT_EMIT_LOC_STRINGS = NO;
				SWIFT_VERSION = 5.0;
				TARGETED_DEVICE_FAMILY = 4;
				TEST_HOST = "$(BUILT_PRODUCTS_DIR)/WatchTheZone Watch App.app/$(BUNDLE_EXECUTABLE_FOLDER_PATH)/WatchTheZone Watch App";
				WATCHOS_DEPLOYMENT_TARGET = 10.4;
			};
			name = Release;
		};
		9FCF58D92BBCB8AD0029C70C /* Debug */ = {
			isa = XCBuildConfiguration;
			buildSettings = {
				ALWAYS_EMBED_SWIFT_STANDARD_LIBRARIES = YES;
				CODE_SIGN_STYLE = Automatic;
				CURRENT_PROJECT_VERSION = 1;
				DEVELOPMENT_TEAM = SL8V4SQ33S;
				GENERATE_INFOPLIST_FILE = YES;
				MARKETING_VERSION = 1.0;
				PRODUCT_BUNDLE_IDENTIFIER = "comp3000.abrankin.WatchTheZone-Watch-AppUITests";
				PRODUCT_NAME = "$(TARGET_NAME)";
				SDKROOT = watchos;
				SWIFT_EMIT_LOC_STRINGS = NO;
				SWIFT_VERSION = 5.0;
				TARGETED_DEVICE_FAMILY = 4;
				TEST_TARGET_NAME = "WatchTheZone Watch App";
				WATCHOS_DEPLOYMENT_TARGET = 10.4;
			};
			name = Debug;
		};
		9FCF58DA2BBCB8AD0029C70C /* Release */ = {
			isa = XCBuildConfiguration;
			buildSettings = {
				ALWAYS_EMBED_SWIFT_STANDARD_LIBRARIES = YES;
				CODE_SIGN_STYLE = Automatic;
				CURRENT_PROJECT_VERSION = 1;
				DEVELOPMENT_TEAM = SL8V4SQ33S;
				GENERATE_INFOPLIST_FILE = YES;
				MARKETING_VERSION = 1.0;
				PRODUCT_BUNDLE_IDENTIFIER = "comp3000.abrankin.WatchTheZone-Watch-AppUITests";
				PRODUCT_NAME = "$(TARGET_NAME)";
				SDKROOT = watchos;
				SWIFT_EMIT_LOC_STRINGS = NO;
				SWIFT_VERSION = 5.0;
				TARGETED_DEVICE_FAMILY = 4;
				TEST_TARGET_NAME = "WatchTheZone Watch App";
				WATCHOS_DEPLOYMENT_TARGET = 10.4;
			};
			name = Release;
		};
/* End XCBuildConfiguration section */

/* Begin XCConfigurationList section */
		9F99CD012BBC58D20019BF15 /* Build configuration list for PBXProject "InTheZone" */ = {
			isa = XCConfigurationList;
			buildConfigurations = (
				9F99CD2D2BBC58D30019BF15 /* Debug */,
				9F99CD2E2BBC58D30019BF15 /* Release */,
			);
			defaultConfigurationIsVisible = 0;
			defaultConfigurationName = Release;
		};
		9F99CD2F2BBC58D30019BF15 /* Build configuration list for PBXNativeTarget "InTheZone" */ = {
			isa = XCConfigurationList;
			buildConfigurations = (
				9F99CD302BBC58D30019BF15 /* Debug */,
				9F99CD312BBC58D30019BF15 /* Release */,
			);
			defaultConfigurationIsVisible = 0;
			defaultConfigurationName = Release;
		};
		9F99CD322BBC58D30019BF15 /* Build configuration list for PBXNativeTarget "InTheZoneTests" */ = {
			isa = XCConfigurationList;
			buildConfigurations = (
				9F99CD332BBC58D30019BF15 /* Debug */,
				9F99CD342BBC58D30019BF15 /* Release */,
			);
			defaultConfigurationIsVisible = 0;
			defaultConfigurationName = Release;
		};
		9FCF58D22BBCB8AD0029C70C /* Build configuration list for PBXNativeTarget "WatchTheZone Watch App" */ = {
			isa = XCConfigurationList;
			buildConfigurations = (
				9FCF58D32BBCB8AD0029C70C /* Debug */,
				9FCF58D42BBCB8AD0029C70C /* Release */,
			);
			defaultConfigurationIsVisible = 0;
			defaultConfigurationName = Release;
		};
		9FCF58D52BBCB8AD0029C70C /* Build configuration list for PBXNativeTarget "WatchTheZone Watch AppTests" */ = {
			isa = XCConfigurationList;
			buildConfigurations = (
				9FCF58D62BBCB8AD0029C70C /* Debug */,
				9FCF58D72BBCB8AD0029C70C /* Release */,
			);
			defaultConfigurationIsVisible = 0;
			defaultConfigurationName = Release;
		};
		9FCF58D82BBCB8AD0029C70C /* Build configuration list for PBXNativeTarget "WatchTheZone Watch AppUITests" */ = {
			isa = XCConfigurationList;
			buildConfigurations = (
				9FCF58D92BBCB8AD0029C70C /* Debug */,
				9FCF58DA2BBCB8AD0029C70C /* Release */,
			);
			defaultConfigurationIsVisible = 0;
			defaultConfigurationName = Release;
		};
/* End XCConfigurationList section */

/* Begin XCVersionGroup section */
		9F99CD142BBC58D30019BF15 /* InTheZone.xcdatamodeld */ = {
			isa = XCVersionGroup;
			children = (
				9F99CD152BBC58D30019BF15 /* InTheZone.xcdatamodel */,
			);
			currentVersion = 9F99CD152BBC58D30019BF15 /* InTheZone.xcdatamodel */;
			path = InTheZone.xcdatamodeld;
			sourceTree = "<group>";
			versionGroupType = wrapper.xcdatamodel;
		};
/* End XCVersionGroup section */
	};
	rootObject = 9F99CCFE2BBC58D20019BF15 /* Project object */;
}
