// !$*UTF8*$!
{
	archiveVersion = 1;
	classes = {
	};
	objectVersion = 56;
	objects = {

/* Begin PBXBuildFile section */
		5B75AF142BCF0F6200009B8F /* SelectZoneView.swift in Sources */ = {isa = PBXBuildFile; fileRef = 5B75AF132BCF0F6200009B8F /* SelectZoneView.swift */; };
		5B790E222BD69EED0038D78E /* ExtensionDelegate.swift in Sources */ = {isa = PBXBuildFile; fileRef = 5B790E212BD69EED0038D78E /* ExtensionDelegate.swift */; };
		5B790E242BD69F5E0038D78E /* SyncService.swift in Sources */ = {isa = PBXBuildFile; fileRef = 5B790E232BD69F5E0038D78E /* SyncService.swift */; };
		5B790F832BD6B5560038D78E /* UserData.swift in Sources */ = {isa = PBXBuildFile; fileRef = 5B790F822BD6B5560038D78E /* UserData.swift */; };
		5B790F852BD6B5710038D78E /* Step.swift in Sources */ = {isa = PBXBuildFile; fileRef = 5B790F842BD6B5710038D78E /* Step.swift */; };
		5B790FA22BD6B6340038D78E /* ActiveEnergyView.swift in Sources */ = {isa = PBXBuildFile; fileRef = 5B790F862BD6B6340038D78E /* ActiveEnergyView.swift */; };
		5B790FA42BD6B6340038D78E /* DistanceView.swift in Sources */ = {isa = PBXBuildFile; fileRef = 5B790F882BD6B6340038D78E /* DistanceView.swift */; };
		5B790FA52BD6B6340038D78E /* HRVView.swift in Sources */ = {isa = PBXBuildFile; fileRef = 5B790F892BD6B6340038D78E /* HRVView.swift */; };
		5B790FA72BD6B6340038D78E /* AvgHRView.swift in Sources */ = {isa = PBXBuildFile; fileRef = 5B790F8B2BD6B6340038D78E /* AvgHRView.swift */; };
		5B790FA82BD6B6340038D78E /* RestingEnergyView.swift in Sources */ = {isa = PBXBuildFile; fileRef = 5B790F8C2BD6B6340038D78E /* RestingEnergyView.swift */; };
		5B790FA92BD6B6340038D78E /* RestingHRView.swift in Sources */ = {isa = PBXBuildFile; fileRef = 5B790F8D2BD6B6340038D78E /* RestingHRView.swift */; };
		5B790FAA2BD6B6340038D78E /* StepCountView.swift in Sources */ = {isa = PBXBuildFile; fileRef = 5B790F8E2BD6B6340038D78E /* StepCountView.swift */; };
		5B790FAB2BD6B6340038D78E /* Utils.swift in Sources */ = {isa = PBXBuildFile; fileRef = 5B790F8F2BD6B6340038D78E /* Utils.swift */; };
		5B790FAC2BD6B6340038D78E /* VO2MaxView.swift in Sources */ = {isa = PBXBuildFile; fileRef = 5B790F902BD6B6340038D78E /* VO2MaxView.swift */; };
		5B790FAD2BD6B6340038D78E /* HeartBoxView.swift in Sources */ = {isa = PBXBuildFile; fileRef = 5B790F922BD6B6340038D78E /* HeartBoxView.swift */; };
		5B790FAE2BD6B6340038D78E /* HRView.swift in Sources */ = {isa = PBXBuildFile; fileRef = 5B790F932BD6B6340038D78E /* HRView.swift */; };
		5B790FAF2BD6B6340038D78E /* HRZoneChartView.swift in Sources */ = {isa = PBXBuildFile; fileRef = 5B790F942BD6B6340038D78E /* HRZoneChartView.swift */; };
		5B790FB02BD6B6340038D78E /* YourHeartView.swift in Sources */ = {isa = PBXBuildFile; fileRef = 5B790F952BD6B6340038D78E /* YourHeartView.swift */; };
		5B790FB12BD6B6340038D78E /* GetUserInfoView.swift in Sources */ = {isa = PBXBuildFile; fileRef = 5B790F972BD6B6340038D78E /* GetUserInfoView.swift */; };
		5B790FB22BD6B6340038D78E /* ProfileView.swift in Sources */ = {isa = PBXBuildFile; fileRef = 5B790F982BD6B6340038D78E /* ProfileView.swift */; };
		5B790FB32BD6B6340038D78E /* ProfileViewModel.swift in Sources */ = {isa = PBXBuildFile; fileRef = 5B790F992BD6B6340038D78E /* ProfileViewModel.swift */; };
		5B790FB42BD6B6340038D78E /* SettingsView.swift in Sources */ = {isa = PBXBuildFile; fileRef = 5B790F9A2BD6B6340038D78E /* SettingsView.swift */; };
		5B790FB52BD6B6340038D78E /* NewUserView.swift in Sources */ = {isa = PBXBuildFile; fileRef = 5B790F9C2BD6B6340038D78E /* NewUserView.swift */; };
		5B790FB62BD6B6340038D78E /* HRPulse.swift in Sources */ = {isa = PBXBuildFile; fileRef = 5B790F9D2BD6B6340038D78E /* HRPulse.swift */; };
		5B790FB72BD6B6340038D78E /* LoadingView.swift in Sources */ = {isa = PBXBuildFile; fileRef = 5B790F9E2BD6B6340038D78E /* LoadingView.swift */; };
		5B790FB92BD6B6340038D78E /* WorkoutsView.swift in Sources */ = {isa = PBXBuildFile; fileRef = 5B790FA12BD6B6340038D78E /* WorkoutsView.swift */; };
		5B7937D02BD9999F00FB3B5B /* StepListView.swift in Sources */ = {isa = PBXBuildFile; fileRef = 5B7937CF2BD9999F00FB3B5B /* StepListView.swift */; };
		5B7937D22BD999BD00FB3B5B /* StepChartView.swift in Sources */ = {isa = PBXBuildFile; fileRef = 5B7937D12BD999BD00FB3B5B /* StepChartView.swift */; };
		5BA243552BDF7E3100CF342D /* Zones.swift in Sources */ = {isa = PBXBuildFile; fileRef = 5BA243542BDF7E3100CF342D /* Zones.swift */; };
		5BA243572BDF820300CF342D /* SyncService.swift in Sources */ = {isa = PBXBuildFile; fileRef = 5B790E232BD69F5E0038D78E /* SyncService.swift */; };
		5BA243592BDF83D800CF342D /* HealthKitManager.swift in Sources */ = {isa = PBXBuildFile; fileRef = 5BA5814E2BD6C18C00ECA145 /* HealthKitManager.swift */; };
		5BA5814B2BD6B93200ECA145 /* SwiftUICharts in Frameworks */ = {isa = PBXBuildFile; productRef = 5BA5814A2BD6B93200ECA145 /* SwiftUICharts */; };
		5BA5814D2BD6BC9500ECA145 /* ContentView.swift in Sources */ = {isa = PBXBuildFile; fileRef = 5BA5814C2BD6BC9500ECA145 /* ContentView.swift */; };
		5BA5814F2BD6C18C00ECA145 /* HealthKitManager.swift in Sources */ = {isa = PBXBuildFile; fileRef = 5BA5814E2BD6C18C00ECA145 /* HealthKitManager.swift */; };
		5BCFCC5A2BCE9BAC00232856 /* MetricsView.swift in Sources */ = {isa = PBXBuildFile; fileRef = 5BCFCC512BCE9BAC00232856 /* MetricsView.swift */; };
		5BCFCC5B2BCE9BAC00232856 /* ActivityRingsView.swift in Sources */ = {isa = PBXBuildFile; fileRef = 5BCFCC522BCE9BAC00232856 /* ActivityRingsView.swift */; };
		5BCFCC5C2BCE9BAC00232856 /* SummaryView.swift in Sources */ = {isa = PBXBuildFile; fileRef = 5BCFCC532BCE9BAC00232856 /* SummaryView.swift */; };
		5BCFCC5D2BCE9BAC00232856 /* WorkoutManager.swift in Sources */ = {isa = PBXBuildFile; fileRef = 5BCFCC542BCE9BAC00232856 /* WorkoutManager.swift */; };
		5BCFCC5E2BCE9BAC00232856 /* ElapsedTimeView.swift in Sources */ = {isa = PBXBuildFile; fileRef = 5BCFCC552BCE9BAC00232856 /* ElapsedTimeView.swift */; };
		5BCFCC5F2BCE9BAC00232856 /* ActivityView.swift in Sources */ = {isa = PBXBuildFile; fileRef = 5BCFCC562BCE9BAC00232856 /* ActivityView.swift */; };
		5BCFCC602BCE9BAC00232856 /* WatchTheZone.swift in Sources */ = {isa = PBXBuildFile; fileRef = 5BCFCC572BCE9BAC00232856 /* WatchTheZone.swift */; };
		5BCFCC612BCE9BAC00232856 /* ControlsView.swift in Sources */ = {isa = PBXBuildFile; fileRef = 5BCFCC582BCE9BAC00232856 /* ControlsView.swift */; };
		5BCFCC622BCE9BAC00232856 /* SessionPagingView.swift in Sources */ = {isa = PBXBuildFile; fileRef = 5BCFCC592BCE9BAC00232856 /* SessionPagingView.swift */; };
		5BCFCC642BCE9E5000232856 /* WatchTheZone-Watch-App-Info.plist in Resources */ = {isa = PBXBuildFile; fileRef = 5BCFCC632BCE9E5000232856 /* WatchTheZone-Watch-App-Info.plist */; };
		5BCFCC6C2BCEE5A500232856 /* HistoryView.swift in Sources */ = {isa = PBXBuildFile; fileRef = 5BCFCC6B2BCEE5A500232856 /* HistoryView.swift */; };
		5BCFCC6E2BCEE5B300232856 /* SettingsView.swift in Sources */ = {isa = PBXBuildFile; fileRef = 5BCFCC6D2BCEE5B300232856 /* SettingsView.swift */; };
		5BCFCC702BCEE5CF00232856 /* StartView.swift in Sources */ = {isa = PBXBuildFile; fileRef = 5BCFCC6F2BCEE5CF00232856 /* StartView.swift */; };
		9F400A012BCACAE90089A806 /* SettingsManager.swift in Sources */ = {isa = PBXBuildFile; fileRef = 9F400A002BCACAE90089A806 /* SettingsManager.swift */; };
		9F99CD0A2BBC58D20019BF15 /* InTheZoneApp.swift in Sources */ = {isa = PBXBuildFile; fileRef = 9F99CD092BBC58D20019BF15 /* InTheZoneApp.swift */; };
		9F99CD0E2BBC58D30019BF15 /* Assets.xcassets in Resources */ = {isa = PBXBuildFile; fileRef = 9F99CD0D2BBC58D30019BF15 /* Assets.xcassets */; };
		9F99CD112BBC58D30019BF15 /* Preview Assets.xcassets in Resources */ = {isa = PBXBuildFile; fileRef = 9F99CD102BBC58D30019BF15 /* Preview Assets.xcassets */; };
		9F99CD132BBC58D30019BF15 /* Persistence.swift in Sources */ = {isa = PBXBuildFile; fileRef = 9F99CD122BBC58D30019BF15 /* Persistence.swift */; };
		9F99CD162BBC58D30019BF15 /* InTheZone.xcdatamodeld in Sources */ = {isa = PBXBuildFile; fileRef = 9F99CD142BBC58D30019BF15 /* InTheZone.xcdatamodeld */; };
		9F99CD202BBC58D30019BF15 /* InTheZoneTests.swift in Sources */ = {isa = PBXBuildFile; fileRef = 9F99CD1F2BBC58D30019BF15 /* InTheZoneTests.swift */; };
		9FCBB7002BBD70C50056A462 /* Assets.xcassets in Resources */ = {isa = PBXBuildFile; fileRef = 9FCBB6FF2BBD70C50056A462 /* Assets.xcassets */; };
		9FCBB7032BBD70C50056A462 /* Preview Assets.xcassets in Resources */ = {isa = PBXBuildFile; fileRef = 9FCBB7022BBD70C50056A462 /* Preview Assets.xcassets */; };
		9FCBB70D2BBD70C50056A462 /* WatchTheZone_Watch_AppTests.swift in Sources */ = {isa = PBXBuildFile; fileRef = 9FCBB70C2BBD70C50056A462 /* WatchTheZone_Watch_AppTests.swift */; };
		9FCBB7172BBD70C50056A462 /* WatchTheZone_Watch_AppUITests.swift in Sources */ = {isa = PBXBuildFile; fileRef = 9FCBB7162BBD70C50056A462 /* WatchTheZone_Watch_AppUITests.swift */; };
		9FCBB7192BBD70C50056A462 /* WatchTheZone_Watch_AppUITestsLaunchTests.swift in Sources */ = {isa = PBXBuildFile; fileRef = 9FCBB7182BBD70C50056A462 /* WatchTheZone_Watch_AppUITestsLaunchTests.swift */; };
		9FCBB71C2BBD70C50056A462 /* WatchTheZone Watch App.app in Embed Watch Content */ = {isa = PBXBuildFile; fileRef = 9FCBB6F92BBD70C40056A462 /* WatchTheZone Watch App.app */; settings = {ATTRIBUTES = (RemoveHeadersOnCopy, ); }; };
		9FFC528D2BBCC08A0095DD95 /* HealthKit.framework in Frameworks */ = {isa = PBXBuildFile; fileRef = 9FFC528B2BBCC0860095DD95 /* HealthKit.framework */; };
		9FFC52922BBCC0950095DD95 /* HealthKitUI.framework in Frameworks */ = {isa = PBXBuildFile; fileRef = 9FFC52902BBCC0930095DD95 /* HealthKitUI.framework */; };
/* End PBXBuildFile section */

/* Begin PBXContainerItemProxy section */
		9F99CD1C2BBC58D30019BF15 /* PBXContainerItemProxy */ = {
			isa = PBXContainerItemProxy;
			containerPortal = 9F99CCFE2BBC58D20019BF15 /* Project object */;
			proxyType = 1;
			remoteGlobalIDString = 9F99CD052BBC58D20019BF15;
			remoteInfo = InTheZone;
		};
		9FCBB7092BBD70C50056A462 /* PBXContainerItemProxy */ = {
			isa = PBXContainerItemProxy;
			containerPortal = 9F99CCFE2BBC58D20019BF15 /* Project object */;
			proxyType = 1;
			remoteGlobalIDString = 9FCBB6F82BBD70C40056A462;
			remoteInfo = "WatchTheZone Watch App";
		};
		9FCBB7132BBD70C50056A462 /* PBXContainerItemProxy */ = {
			isa = PBXContainerItemProxy;
			containerPortal = 9F99CCFE2BBC58D20019BF15 /* Project object */;
			proxyType = 1;
			remoteGlobalIDString = 9FCBB6F82BBD70C40056A462;
			remoteInfo = "WatchTheZone Watch App";
		};
		9FCBB71A2BBD70C50056A462 /* PBXContainerItemProxy */ = {
			isa = PBXContainerItemProxy;
			containerPortal = 9F99CCFE2BBC58D20019BF15 /* Project object */;
			proxyType = 1;
			remoteGlobalIDString = 9FCBB6F82BBD70C40056A462;
			remoteInfo = "WatchTheZone Watch App";
		};
/* End PBXContainerItemProxy section */

/* Begin PBXCopyFilesBuildPhase section */
		9FCF58A02BBCAF500029C70C /* Embed Watch Content */ = {
			isa = PBXCopyFilesBuildPhase;
			buildActionMask = 2147483647;
			dstPath = "$(CONTENTS_FOLDER_PATH)/Watch";
			dstSubfolderSpec = 16;
			files = (
				9FCBB71C2BBD70C50056A462 /* WatchTheZone Watch App.app in Embed Watch Content */,
			);
			name = "Embed Watch Content";
			runOnlyForDeploymentPostprocessing = 0;
		};
/* End PBXCopyFilesBuildPhase section */

/* Begin PBXFileReference section */
		5B38FBFD2BD40CC000412A2D /* Info.plist */ = {isa = PBXFileReference; lastKnownFileType = text.plist; path = Info.plist; sourceTree = "<group>"; };
		5B75AF132BCF0F6200009B8F /* SelectZoneView.swift */ = {isa = PBXFileReference; lastKnownFileType = sourcecode.swift; path = SelectZoneView.swift; sourceTree = "<group>"; };
		5B790E212BD69EED0038D78E /* ExtensionDelegate.swift */ = {isa = PBXFileReference; fileEncoding = 4; lastKnownFileType = sourcecode.swift; path = ExtensionDelegate.swift; sourceTree = "<group>"; };
		5B790E232BD69F5E0038D78E /* SyncService.swift */ = {isa = PBXFileReference; fileEncoding = 4; lastKnownFileType = sourcecode.swift; path = SyncService.swift; sourceTree = "<group>"; };
		5B790F822BD6B5560038D78E /* UserData.swift */ = {isa = PBXFileReference; lastKnownFileType = sourcecode.swift; path = UserData.swift; sourceTree = "<group>"; };
		5B790F842BD6B5710038D78E /* Step.swift */ = {isa = PBXFileReference; lastKnownFileType = sourcecode.swift; path = Step.swift; sourceTree = "<group>"; };
		5B790F862BD6B6340038D78E /* ActiveEnergyView.swift */ = {isa = PBXFileReference; fileEncoding = 4; lastKnownFileType = sourcecode.swift; path = ActiveEnergyView.swift; sourceTree = "<group>"; };
		5B790F882BD6B6340038D78E /* DistanceView.swift */ = {isa = PBXFileReference; fileEncoding = 4; lastKnownFileType = sourcecode.swift; path = DistanceView.swift; sourceTree = "<group>"; };
		5B790F892BD6B6340038D78E /* HRVView.swift */ = {isa = PBXFileReference; fileEncoding = 4; lastKnownFileType = sourcecode.swift; path = HRVView.swift; sourceTree = "<group>"; };
		5B790F8B2BD6B6340038D78E /* AvgHRView.swift */ = {isa = PBXFileReference; fileEncoding = 4; lastKnownFileType = sourcecode.swift; path = AvgHRView.swift; sourceTree = "<group>"; };
		5B790F8C2BD6B6340038D78E /* RestingEnergyView.swift */ = {isa = PBXFileReference; fileEncoding = 4; lastKnownFileType = sourcecode.swift; path = RestingEnergyView.swift; sourceTree = "<group>"; };
		5B790F8D2BD6B6340038D78E /* RestingHRView.swift */ = {isa = PBXFileReference; fileEncoding = 4; lastKnownFileType = sourcecode.swift; path = RestingHRView.swift; sourceTree = "<group>"; };
		5B790F8E2BD6B6340038D78E /* StepCountView.swift */ = {isa = PBXFileReference; fileEncoding = 4; lastKnownFileType = sourcecode.swift; path = StepCountView.swift; sourceTree = "<group>"; };
		5B790F8F2BD6B6340038D78E /* Utils.swift */ = {isa = PBXFileReference; fileEncoding = 4; lastKnownFileType = sourcecode.swift; path = Utils.swift; sourceTree = "<group>"; };
		5B790F902BD6B6340038D78E /* VO2MaxView.swift */ = {isa = PBXFileReference; fileEncoding = 4; lastKnownFileType = sourcecode.swift; path = VO2MaxView.swift; sourceTree = "<group>"; };
		5B790F922BD6B6340038D78E /* HeartBoxView.swift */ = {isa = PBXFileReference; fileEncoding = 4; lastKnownFileType = sourcecode.swift; path = HeartBoxView.swift; sourceTree = "<group>"; };
		5B790F932BD6B6340038D78E /* HRView.swift */ = {isa = PBXFileReference; fileEncoding = 4; lastKnownFileType = sourcecode.swift; path = HRView.swift; sourceTree = "<group>"; };
		5B790F942BD6B6340038D78E /* HRZoneChartView.swift */ = {isa = PBXFileReference; fileEncoding = 4; lastKnownFileType = sourcecode.swift; path = HRZoneChartView.swift; sourceTree = "<group>"; };
		5B790F952BD6B6340038D78E /* YourHeartView.swift */ = {isa = PBXFileReference; fileEncoding = 4; lastKnownFileType = sourcecode.swift; path = YourHeartView.swift; sourceTree = "<group>"; };
		5B790F972BD6B6340038D78E /* GetUserInfoView.swift */ = {isa = PBXFileReference; fileEncoding = 4; lastKnownFileType = sourcecode.swift; path = GetUserInfoView.swift; sourceTree = "<group>"; };
		5B790F982BD6B6340038D78E /* ProfileView.swift */ = {isa = PBXFileReference; fileEncoding = 4; lastKnownFileType = sourcecode.swift; path = ProfileView.swift; sourceTree = "<group>"; };
		5B790F992BD6B6340038D78E /* ProfileViewModel.swift */ = {isa = PBXFileReference; fileEncoding = 4; lastKnownFileType = sourcecode.swift; path = ProfileViewModel.swift; sourceTree = "<group>"; };
		5B790F9A2BD6B6340038D78E /* SettingsView.swift */ = {isa = PBXFileReference; fileEncoding = 4; lastKnownFileType = sourcecode.swift; path = SettingsView.swift; sourceTree = "<group>"; };
		5B790F9C2BD6B6340038D78E /* NewUserView.swift */ = {isa = PBXFileReference; fileEncoding = 4; lastKnownFileType = sourcecode.swift; path = NewUserView.swift; sourceTree = "<group>"; };
		5B790F9D2BD6B6340038D78E /* HRPulse.swift */ = {isa = PBXFileReference; fileEncoding = 4; lastKnownFileType = sourcecode.swift; path = HRPulse.swift; sourceTree = "<group>"; };
		5B790F9E2BD6B6340038D78E /* LoadingView.swift */ = {isa = PBXFileReference; fileEncoding = 4; lastKnownFileType = sourcecode.swift; path = LoadingView.swift; sourceTree = "<group>"; };
		5B790FA12BD6B6340038D78E /* WorkoutsView.swift */ = {isa = PBXFileReference; fileEncoding = 4; lastKnownFileType = sourcecode.swift; path = WorkoutsView.swift; sourceTree = "<group>"; };
		5B7937CF2BD9999F00FB3B5B /* StepListView.swift */ = {isa = PBXFileReference; lastKnownFileType = sourcecode.swift; path = StepListView.swift; sourceTree = "<group>"; };
		5B7937D12BD999BD00FB3B5B /* StepChartView.swift */ = {isa = PBXFileReference; lastKnownFileType = sourcecode.swift; path = StepChartView.swift; sourceTree = "<group>"; };
		5BA243542BDF7E3100CF342D /* Zones.swift */ = {isa = PBXFileReference; lastKnownFileType = sourcecode.swift; path = Zones.swift; sourceTree = "<group>"; };
		5BA5814C2BD6BC9500ECA145 /* ContentView.swift */ = {isa = PBXFileReference; lastKnownFileType = sourcecode.swift; path = ContentView.swift; sourceTree = "<group>"; };
		5BA5814E2BD6C18C00ECA145 /* HealthKitManager.swift */ = {isa = PBXFileReference; lastKnownFileType = sourcecode.swift; path = HealthKitManager.swift; sourceTree = "<group>"; };
		5BCFCC512BCE9BAC00232856 /* MetricsView.swift */ = {isa = PBXFileReference; fileEncoding = 4; lastKnownFileType = sourcecode.swift; path = MetricsView.swift; sourceTree = "<group>"; };
		5BCFCC522BCE9BAC00232856 /* ActivityRingsView.swift */ = {isa = PBXFileReference; fileEncoding = 4; lastKnownFileType = sourcecode.swift; path = ActivityRingsView.swift; sourceTree = "<group>"; };
		5BCFCC532BCE9BAC00232856 /* SummaryView.swift */ = {isa = PBXFileReference; fileEncoding = 4; lastKnownFileType = sourcecode.swift; path = SummaryView.swift; sourceTree = "<group>"; };
		5BCFCC542BCE9BAC00232856 /* WorkoutManager.swift */ = {isa = PBXFileReference; fileEncoding = 4; lastKnownFileType = sourcecode.swift; path = WorkoutManager.swift; sourceTree = "<group>"; };
		5BCFCC552BCE9BAC00232856 /* ElapsedTimeView.swift */ = {isa = PBXFileReference; fileEncoding = 4; lastKnownFileType = sourcecode.swift; path = ElapsedTimeView.swift; sourceTree = "<group>"; };
		5BCFCC562BCE9BAC00232856 /* ActivityView.swift */ = {isa = PBXFileReference; fileEncoding = 4; lastKnownFileType = sourcecode.swift; path = ActivityView.swift; sourceTree = "<group>"; };
		5BCFCC572BCE9BAC00232856 /* WatchTheZone.swift */ = {isa = PBXFileReference; fileEncoding = 4; lastKnownFileType = sourcecode.swift; path = WatchTheZone.swift; sourceTree = "<group>"; };
		5BCFCC582BCE9BAC00232856 /* ControlsView.swift */ = {isa = PBXFileReference; fileEncoding = 4; lastKnownFileType = sourcecode.swift; path = ControlsView.swift; sourceTree = "<group>"; };
		5BCFCC592BCE9BAC00232856 /* SessionPagingView.swift */ = {isa = PBXFileReference; fileEncoding = 4; lastKnownFileType = sourcecode.swift; path = SessionPagingView.swift; sourceTree = "<group>"; };
		5BCFCC632BCE9E5000232856 /* WatchTheZone-Watch-App-Info.plist */ = {isa = PBXFileReference; fileEncoding = 4; lastKnownFileType = text.plist.xml; path = "WatchTheZone-Watch-App-Info.plist"; sourceTree = "<group>"; };
		5BCFCC6B2BCEE5A500232856 /* HistoryView.swift */ = {isa = PBXFileReference; lastKnownFileType = sourcecode.swift; path = HistoryView.swift; sourceTree = "<group>"; };
		5BCFCC6D2BCEE5B300232856 /* SettingsView.swift */ = {isa = PBXFileReference; lastKnownFileType = sourcecode.swift; path = SettingsView.swift; sourceTree = "<group>"; };
		5BCFCC6F2BCEE5CF00232856 /* StartView.swift */ = {isa = PBXFileReference; lastKnownFileType = sourcecode.swift; path = StartView.swift; sourceTree = "<group>"; };
		9F400A002BCACAE90089A806 /* SettingsManager.swift */ = {isa = PBXFileReference; lastKnownFileType = sourcecode.swift; path = SettingsManager.swift; sourceTree = "<group>"; };
		9F99CD062BBC58D20019BF15 /* InTheZone.app */ = {isa = PBXFileReference; explicitFileType = wrapper.application; includeInIndex = 0; path = InTheZone.app; sourceTree = BUILT_PRODUCTS_DIR; };
		9F99CD092BBC58D20019BF15 /* InTheZoneApp.swift */ = {isa = PBXFileReference; lastKnownFileType = sourcecode.swift; path = InTheZoneApp.swift; sourceTree = "<group>"; };
		9F99CD0D2BBC58D30019BF15 /* Assets.xcassets */ = {isa = PBXFileReference; lastKnownFileType = folder.assetcatalog; path = Assets.xcassets; sourceTree = "<group>"; };
		9F99CD102BBC58D30019BF15 /* Preview Assets.xcassets */ = {isa = PBXFileReference; lastKnownFileType = folder.assetcatalog; path = "Preview Assets.xcassets"; sourceTree = "<group>"; };
		9F99CD122BBC58D30019BF15 /* Persistence.swift */ = {isa = PBXFileReference; lastKnownFileType = sourcecode.swift; path = Persistence.swift; sourceTree = "<group>"; };
		9F99CD152BBC58D30019BF15 /* InTheZone.xcdatamodel */ = {isa = PBXFileReference; lastKnownFileType = wrapper.xcdatamodel; path = InTheZone.xcdatamodel; sourceTree = "<group>"; };
		9F99CD1B2BBC58D30019BF15 /* InTheZoneTests.xctest */ = {isa = PBXFileReference; explicitFileType = wrapper.cfbundle; includeInIndex = 0; path = InTheZoneTests.xctest; sourceTree = BUILT_PRODUCTS_DIR; };
		9F99CD1F2BBC58D30019BF15 /* InTheZoneTests.swift */ = {isa = PBXFileReference; lastKnownFileType = sourcecode.swift; path = InTheZoneTests.swift; sourceTree = "<group>"; };
		9F99CD292BBC58D30019BF15 /* InTheZoneUITests.swift */ = {isa = PBXFileReference; lastKnownFileType = sourcecode.swift; path = InTheZoneUITests.swift; sourceTree = "<group>"; };
		9F99CD2B2BBC58D30019BF15 /* InTheZoneUITestsLaunchTests.swift */ = {isa = PBXFileReference; lastKnownFileType = sourcecode.swift; path = InTheZoneUITestsLaunchTests.swift; sourceTree = "<group>"; };
		9F99CD382BBC59390019BF15 /* InTheZone.entitlements */ = {isa = PBXFileReference; lastKnownFileType = text.plist.entitlements; path = InTheZone.entitlements; sourceTree = "<group>"; };
		9FCBB6F92BBD70C40056A462 /* WatchTheZone Watch App.app */ = {isa = PBXFileReference; explicitFileType = wrapper.application; includeInIndex = 0; path = "WatchTheZone Watch App.app"; sourceTree = BUILT_PRODUCTS_DIR; };
		9FCBB6FF2BBD70C50056A462 /* Assets.xcassets */ = {isa = PBXFileReference; lastKnownFileType = folder.assetcatalog; path = Assets.xcassets; sourceTree = "<group>"; };
		9FCBB7022BBD70C50056A462 /* Preview Assets.xcassets */ = {isa = PBXFileReference; lastKnownFileType = folder.assetcatalog; path = "Preview Assets.xcassets"; sourceTree = "<group>"; };
		9FCBB7082BBD70C50056A462 /* WatchTheZone Watch AppTests.xctest */ = {isa = PBXFileReference; explicitFileType = wrapper.cfbundle; includeInIndex = 0; path = "WatchTheZone Watch AppTests.xctest"; sourceTree = BUILT_PRODUCTS_DIR; };
		9FCBB70C2BBD70C50056A462 /* WatchTheZone_Watch_AppTests.swift */ = {isa = PBXFileReference; lastKnownFileType = sourcecode.swift; path = WatchTheZone_Watch_AppTests.swift; sourceTree = "<group>"; };
		9FCBB7122BBD70C50056A462 /* WatchTheZone Watch AppUITests.xctest */ = {isa = PBXFileReference; explicitFileType = wrapper.cfbundle; includeInIndex = 0; path = "WatchTheZone Watch AppUITests.xctest"; sourceTree = BUILT_PRODUCTS_DIR; };
		9FCBB7162BBD70C50056A462 /* WatchTheZone_Watch_AppUITests.swift */ = {isa = PBXFileReference; lastKnownFileType = sourcecode.swift; path = WatchTheZone_Watch_AppUITests.swift; sourceTree = "<group>"; };
		9FCBB7182BBD70C50056A462 /* WatchTheZone_Watch_AppUITestsLaunchTests.swift */ = {isa = PBXFileReference; lastKnownFileType = sourcecode.swift; path = WatchTheZone_Watch_AppUITestsLaunchTests.swift; sourceTree = "<group>"; };
		9FCBB72B2BBDABB60056A462 /* WatchTheZone Watch App.entitlements */ = {isa = PBXFileReference; lastKnownFileType = text.plist.entitlements; path = "WatchTheZone Watch App.entitlements"; sourceTree = "<group>"; };
		9FFC528B2BBCC0860095DD95 /* HealthKit.framework */ = {isa = PBXFileReference; lastKnownFileType = wrapper.framework; name = HealthKit.framework; path = System/Library/Frameworks/HealthKit.framework; sourceTree = SDKROOT; };
		9FFC52902BBCC0930095DD95 /* HealthKitUI.framework */ = {isa = PBXFileReference; lastKnownFileType = wrapper.framework; name = HealthKitUI.framework; path = System/Library/Frameworks/HealthKitUI.framework; sourceTree = SDKROOT; };
/* End PBXFileReference section */

/* Begin PBXFrameworksBuildPhase section */
		9F99CD032BBC58D20019BF15 /* Frameworks */ = {
			isa = PBXFrameworksBuildPhase;
			buildActionMask = 2147483647;
			files = (
				5BA5814B2BD6B93200ECA145 /* SwiftUICharts in Frameworks */,
				9FFC528D2BBCC08A0095DD95 /* HealthKit.framework in Frameworks */,
				9FFC52922BBCC0950095DD95 /* HealthKitUI.framework in Frameworks */,
			);
			runOnlyForDeploymentPostprocessing = 0;
		};
		9F99CD182BBC58D30019BF15 /* Frameworks */ = {
			isa = PBXFrameworksBuildPhase;
			buildActionMask = 2147483647;
			files = (
			);
			runOnlyForDeploymentPostprocessing = 0;
		};
		9FCBB6F62BBD70C40056A462 /* Frameworks */ = {
			isa = PBXFrameworksBuildPhase;
			buildActionMask = 2147483647;
			files = (
			);
			runOnlyForDeploymentPostprocessing = 0;
		};
		9FCBB7052BBD70C50056A462 /* Frameworks */ = {
			isa = PBXFrameworksBuildPhase;
			buildActionMask = 2147483647;
			files = (
			);
			runOnlyForDeploymentPostprocessing = 0;
		};
		9FCBB70F2BBD70C50056A462 /* Frameworks */ = {
			isa = PBXFrameworksBuildPhase;
			buildActionMask = 2147483647;
			files = (
			);
			runOnlyForDeploymentPostprocessing = 0;
		};
/* End PBXFrameworksBuildPhase section */

/* Begin PBXGroup section */
		5B790F7E2BD6B3780038D78E /* ViewModels */ = {
			isa = PBXGroup;
			children = (
				9F400A002BCACAE90089A806 /* SettingsManager.swift */,
				5B790E232BD69F5E0038D78E /* SyncService.swift */,
				5BA2435F2BDF866C00CF342D /* Shared ViewModels */,
			);
			path = ViewModels;
			sourceTree = "<group>";
		};
		5B790F7F2BD6B3A10038D78E /* Models */ = {
			isa = PBXGroup;
			children = (
				5B790F822BD6B5560038D78E /* UserData.swift */,
				5B790F842BD6B5710038D78E /* Step.swift */,
				5BA243542BDF7E3100CF342D /* Zones.swift */,
			);
			path = Models;
			sourceTree = "<group>";
		};
		5B790F912BD6B6340038D78E /* Box Views */ = {
			isa = PBXGroup;
			children = (
				5B790F8F2BD6B6340038D78E /* Utils.swift */,
				5B790F8B2BD6B6340038D78E /* AvgHRView.swift */,
				5B790F902BD6B6340038D78E /* VO2MaxView.swift */,
				5B790F892BD6B6340038D78E /* HRVView.swift */,
				5B790F8D2BD6B6340038D78E /* RestingHRView.swift */,
				5B790F8E2BD6B6340038D78E /* StepCountView.swift */,
				5B7937CF2BD9999F00FB3B5B /* StepListView.swift */,
				5B7937D12BD999BD00FB3B5B /* StepChartView.swift */,
				5B790F882BD6B6340038D78E /* DistanceView.swift */,
				5B790F862BD6B6340038D78E /* ActiveEnergyView.swift */,
				5B790F8C2BD6B6340038D78E /* RestingEnergyView.swift */,
			);
			path = "Box Views";
			sourceTree = "<group>";
		};
		5B790F962BD6B6340038D78E /* Your Heart */ = {
			isa = PBXGroup;
			children = (
				5B790F952BD6B6340038D78E /* YourHeartView.swift */,
				5B790F932BD6B6340038D78E /* HRView.swift */,
				5B790F922BD6B6340038D78E /* HeartBoxView.swift */,
				5B790F942BD6B6340038D78E /* HRZoneChartView.swift */,
				5B790F912BD6B6340038D78E /* Box Views */,
			);
			path = "Your Heart";
			sourceTree = "<group>";
		};
		5B790F9B2BD6B6340038D78E /* Profile */ = {
			isa = PBXGroup;
			children = (
				5B790F982BD6B6340038D78E /* ProfileView.swift */,
				5B790F992BD6B6340038D78E /* ProfileViewModel.swift */,
			);
			path = Profile;
			sourceTree = "<group>";
		};
		5B790F9F2BD6B6340038D78E /* Splashscreen */ = {
			isa = PBXGroup;
			children = (
				5B790F9E2BD6B6340038D78E /* LoadingView.swift */,
				5B790F9D2BD6B6340038D78E /* HRPulse.swift */,
			);
			path = Splashscreen;
			sourceTree = "<group>";
		};
		5BA243512BDF7CB500CF342D /* Workouts */ = {
			isa = PBXGroup;
			children = (
				5B790FA12BD6B6340038D78E /* WorkoutsView.swift */,
			);
			path = Workouts;
			sourceTree = "<group>";
		};
		5BA243522BDF7D2400CF342D /* Settings */ = {
			isa = PBXGroup;
			children = (
				5B790F9A2BD6B6340038D78E /* SettingsView.swift */,
			);
			path = Settings;
			sourceTree = "<group>";
		};
		5BA243532BDF7D6600CF342D /* User */ = {
			isa = PBXGroup;
			children = (
				5B790F9C2BD6B6340038D78E /* NewUserView.swift */,
				5B790F972BD6B6340038D78E /* GetUserInfoView.swift */,
			);
			path = User;
			sourceTree = "<group>";
		};
		5BA243562BDF7F7300CF342D /* Main */ = {
			isa = PBXGroup;
			children = (
				9F99CD092BBC58D20019BF15 /* InTheZoneApp.swift */,
				5BA5814C2BD6BC9500ECA145 /* ContentView.swift */,
			);
			path = Main;
			sourceTree = "<group>";
		};
		5BA243582BDF835A00CF342D /* Main */ = {
			isa = PBXGroup;
			children = (
				5B790E212BD69EED0038D78E /* ExtensionDelegate.swift */,
				5BCFCC572BCE9BAC00232856 /* WatchTheZone.swift */,
				5BCFCC6F2BCEE5CF00232856 /* StartView.swift */,
			);
			path = Main;
			sourceTree = "<group>";
		};
		5BA2435A2BDF84B800CF342D /* Workout */ = {
			isa = PBXGroup;
			children = (
				5B75AF132BCF0F6200009B8F /* SelectZoneView.swift */,
				5BCFCC562BCE9BAC00232856 /* ActivityView.swift */,
				5BA2435B2BDF84F500CF342D /* Session */,
			);
			path = Workout;
			sourceTree = "<group>";
		};
		5BA2435B2BDF84F500CF342D /* Session */ = {
			isa = PBXGroup;
			children = (
				5BCFCC592BCE9BAC00232856 /* SessionPagingView.swift */,
				5BCFCC512BCE9BAC00232856 /* MetricsView.swift */,
				5BCFCC552BCE9BAC00232856 /* ElapsedTimeView.swift */,
				5BCFCC582BCE9BAC00232856 /* ControlsView.swift */,
				5BCFCC532BCE9BAC00232856 /* SummaryView.swift */,
				5BCFCC522BCE9BAC00232856 /* ActivityRingsView.swift */,
			);
			path = Session;
			sourceTree = "<group>";
		};
		5BA2435C2BDF857400CF342D /* History */ = {
			isa = PBXGroup;
			children = (
				5BCFCC6B2BCEE5A500232856 /* HistoryView.swift */,
			);
			path = History;
			sourceTree = "<group>";
		};
		5BA2435D2BDF858B00CF342D /* Settings */ = {
			isa = PBXGroup;
			children = (
				5BCFCC6D2BCEE5B300232856 /* SettingsView.swift */,
			);
			path = Settings;
			sourceTree = "<group>";
		};
		5BA2435E2BDF85CA00CF342D /* ViewModels */ = {
			isa = PBXGroup;
			children = (
				5BCFCC542BCE9BAC00232856 /* WorkoutManager.swift */,
			);
			path = ViewModels;
			sourceTree = "<group>";
		};
		5BA2435F2BDF866C00CF342D /* Shared ViewModels */ = {
			isa = PBXGroup;
			children = (
				5BA5814E2BD6C18C00ECA145 /* HealthKitManager.swift */,
			);
			path = "Shared ViewModels";
			sourceTree = "<group>";
		};
		9F99CCFD2BBC58D20019BF15 = {
			isa = PBXGroup;
			children = (
				9F99CD082BBC58D20019BF15 /* InTheZone */,
				9F99CD1E2BBC58D30019BF15 /* InTheZoneTests */,
				9F99CD282BBC58D30019BF15 /* InTheZoneUITests */,
				9FCBB6FA2BBD70C40056A462 /* WatchTheZone Watch App */,
				9FCBB70B2BBD70C50056A462 /* WatchTheZone Watch AppTests */,
				9FCBB7152BBD70C50056A462 /* WatchTheZone Watch AppUITests */,
				9F99CD072BBC58D20019BF15 /* Products */,
				9FFC528A2BBCC0860095DD95 /* Frameworks */,
			);
			sourceTree = "<group>";
		};
		9F99CD072BBC58D20019BF15 /* Products */ = {
			isa = PBXGroup;
			children = (
				9F99CD062BBC58D20019BF15 /* InTheZone.app */,
				9F99CD1B2BBC58D30019BF15 /* InTheZoneTests.xctest */,
				9FCBB6F92BBD70C40056A462 /* WatchTheZone Watch App.app */,
				9FCBB7082BBD70C50056A462 /* WatchTheZone Watch AppTests.xctest */,
				9FCBB7122BBD70C50056A462 /* WatchTheZone Watch AppUITests.xctest */,
			);
			name = Products;
			sourceTree = "<group>";
		};
		9F99CD082BBC58D20019BF15 /* InTheZone */ = {
			isa = PBXGroup;
			children = (
				5B38FBFD2BD40CC000412A2D /* Info.plist */,
				9F99CD382BBC59390019BF15 /* InTheZone.entitlements */,
				5BA243562BDF7F7300CF342D /* Main */,
				9FCBB7262BBD765F0056A462 /* Views */,
				5B790F7F2BD6B3A10038D78E /* Models */,
				5B790F7E2BD6B3780038D78E /* ViewModels */,
				9F99CD0D2BBC58D30019BF15 /* Assets.xcassets */,
				9F99CD122BBC58D30019BF15 /* Persistence.swift */,
				9F99CD142BBC58D30019BF15 /* InTheZone.xcdatamodeld */,
				9F99CD0F2BBC58D30019BF15 /* Preview Content */,
			);
			path = InTheZone;
			sourceTree = "<group>";
		};
		9F99CD0F2BBC58D30019BF15 /* Preview Content */ = {
			isa = PBXGroup;
			children = (
				9F99CD102BBC58D30019BF15 /* Preview Assets.xcassets */,
			);
			path = "Preview Content";
			sourceTree = "<group>";
		};
		9F99CD1E2BBC58D30019BF15 /* InTheZoneTests */ = {
			isa = PBXGroup;
			children = (
				9F99CD1F2BBC58D30019BF15 /* InTheZoneTests.swift */,
			);
			path = InTheZoneTests;
			sourceTree = "<group>";
		};
		9F99CD282BBC58D30019BF15 /* InTheZoneUITests */ = {
			isa = PBXGroup;
			children = (
				9F99CD292BBC58D30019BF15 /* InTheZoneUITests.swift */,
				9F99CD2B2BBC58D30019BF15 /* InTheZoneUITestsLaunchTests.swift */,
			);
			path = InTheZoneUITests;
			sourceTree = "<group>";
		};
		9FCBB6FA2BBD70C40056A462 /* WatchTheZone Watch App */ = {
			isa = PBXGroup;
			children = (
				5BCFCC632BCE9E5000232856 /* WatchTheZone-Watch-App-Info.plist */,
				9FCBB72B2BBDABB60056A462 /* WatchTheZone Watch App.entitlements */,
				5BA243582BDF835A00CF342D /* Main */,
				9FE605C22BC5961B00095A2D /* Views */,
				5BA2435E2BDF85CA00CF342D /* ViewModels */,
				9FCBB6FF2BBD70C50056A462 /* Assets.xcassets */,
				9FCBB7012BBD70C50056A462 /* Preview Content */,
			);
			path = "WatchTheZone Watch App";
			sourceTree = "<group>";
		};
		9FCBB7012BBD70C50056A462 /* Preview Content */ = {
			isa = PBXGroup;
			children = (
				9FCBB7022BBD70C50056A462 /* Preview Assets.xcassets */,
			);
			path = "Preview Content";
			sourceTree = "<group>";
		};
		9FCBB70B2BBD70C50056A462 /* WatchTheZone Watch AppTests */ = {
			isa = PBXGroup;
			children = (
				9FCBB70C2BBD70C50056A462 /* WatchTheZone_Watch_AppTests.swift */,
			);
			path = "WatchTheZone Watch AppTests";
			sourceTree = "<group>";
		};
		9FCBB7152BBD70C50056A462 /* WatchTheZone Watch AppUITests */ = {
			isa = PBXGroup;
			children = (
				9FCBB7162BBD70C50056A462 /* WatchTheZone_Watch_AppUITests.swift */,
				9FCBB7182BBD70C50056A462 /* WatchTheZone_Watch_AppUITestsLaunchTests.swift */,
			);
			path = "WatchTheZone Watch AppUITests";
			sourceTree = "<group>";
		};
		9FCBB7262BBD765F0056A462 /* Views */ = {
			isa = PBXGroup;
			children = (
				5BA243532BDF7D6600CF342D /* User */,
				5B790F9F2BD6B6340038D78E /* Splashscreen */,
				5BA243512BDF7CB500CF342D /* Workouts */,
				5B790F962BD6B6340038D78E /* Your Heart */,
				5B790F9B2BD6B6340038D78E /* Profile */,
				5BA243522BDF7D2400CF342D /* Settings */,
			);
			path = Views;
			sourceTree = "<group>";
		};
		9FE605C22BC5961B00095A2D /* Views */ = {
			isa = PBXGroup;
			children = (
				5BA2435C2BDF857400CF342D /* History */,
				5BA2435A2BDF84B800CF342D /* Workout */,
				5BA2435D2BDF858B00CF342D /* Settings */,
			);
			path = Views;
			sourceTree = "<group>";
		};
		9FFC528A2BBCC0860095DD95 /* Frameworks */ = {
			isa = PBXGroup;
			children = (
				9FFC52902BBCC0930095DD95 /* HealthKitUI.framework */,
				9FFC528B2BBCC0860095DD95 /* HealthKit.framework */,
			);
			name = Frameworks;
			sourceTree = "<group>";
		};
/* End PBXGroup section */

/* Begin PBXNativeTarget section */
		9F99CD052BBC58D20019BF15 /* InTheZone */ = {
			isa = PBXNativeTarget;
			buildConfigurationList = 9F99CD2F2BBC58D30019BF15 /* Build configuration list for PBXNativeTarget "InTheZone" */;
			buildPhases = (
				9F99CD022BBC58D20019BF15 /* Sources */,
				9F99CD032BBC58D20019BF15 /* Frameworks */,
				9F99CD042BBC58D20019BF15 /* Resources */,
				9FCF58A02BBCAF500029C70C /* Embed Watch Content */,
			);
			buildRules = (
			);
			dependencies = (
				9FCBB71B2BBD70C50056A462 /* PBXTargetDependency */,
			);
			name = InTheZone;
			packageProductDependencies = (
				5BA5814A2BD6B93200ECA145 /* SwiftUICharts */,
			);
			productName = InTheZone;
			productReference = 9F99CD062BBC58D20019BF15 /* InTheZone.app */;
			productType = "com.apple.product-type.application";
		};
		9F99CD1A2BBC58D30019BF15 /* InTheZoneTests */ = {
			isa = PBXNativeTarget;
			buildConfigurationList = 9F99CD322BBC58D30019BF15 /* Build configuration list for PBXNativeTarget "InTheZoneTests" */;
			buildPhases = (
				9F99CD172BBC58D30019BF15 /* Sources */,
				9F99CD182BBC58D30019BF15 /* Frameworks */,
				9F99CD192BBC58D30019BF15 /* Resources */,
			);
			buildRules = (
			);
			dependencies = (
				9F99CD1D2BBC58D30019BF15 /* PBXTargetDependency */,
			);
			name = InTheZoneTests;
			productName = InTheZoneTests;
			productReference = 9F99CD1B2BBC58D30019BF15 /* InTheZoneTests.xctest */;
			productType = "com.apple.product-type.bundle.unit-test";
		};
		9FCBB6F82BBD70C40056A462 /* WatchTheZone Watch App */ = {
			isa = PBXNativeTarget;
			buildConfigurationList = 9FCBB71D2BBD70C50056A462 /* Build configuration list for PBXNativeTarget "WatchTheZone Watch App" */;
			buildPhases = (
				9FCBB6F52BBD70C40056A462 /* Sources */,
				9FCBB6F62BBD70C40056A462 /* Frameworks */,
				9FCBB6F72BBD70C40056A462 /* Resources */,
			);
			buildRules = (
			);
			dependencies = (
			);
			name = "WatchTheZone Watch App";
			productName = "WatchTheZone Watch App";
			productReference = 9FCBB6F92BBD70C40056A462 /* WatchTheZone Watch App.app */;
			productType = "com.apple.product-type.application";
		};
		9FCBB7072BBD70C50056A462 /* WatchTheZone Watch AppTests */ = {
			isa = PBXNativeTarget;
			buildConfigurationList = 9FCBB7202BBD70C50056A462 /* Build configuration list for PBXNativeTarget "WatchTheZone Watch AppTests" */;
			buildPhases = (
				9FCBB7042BBD70C50056A462 /* Sources */,
				9FCBB7052BBD70C50056A462 /* Frameworks */,
				9FCBB7062BBD70C50056A462 /* Resources */,
			);
			buildRules = (
			);
			dependencies = (
				9FCBB70A2BBD70C50056A462 /* PBXTargetDependency */,
			);
			name = "WatchTheZone Watch AppTests";
			productName = "WatchTheZone Watch AppTests";
			productReference = 9FCBB7082BBD70C50056A462 /* WatchTheZone Watch AppTests.xctest */;
			productType = "com.apple.product-type.bundle.unit-test";
		};
		9FCBB7112BBD70C50056A462 /* WatchTheZone Watch AppUITests */ = {
			isa = PBXNativeTarget;
			buildConfigurationList = 9FCBB7232BBD70C50056A462 /* Build configuration list for PBXNativeTarget "WatchTheZone Watch AppUITests" */;
			buildPhases = (
				9FCBB70E2BBD70C50056A462 /* Sources */,
				9FCBB70F2BBD70C50056A462 /* Frameworks */,
				9FCBB7102BBD70C50056A462 /* Resources */,
			);
			buildRules = (
			);
			dependencies = (
				9FCBB7142BBD70C50056A462 /* PBXTargetDependency */,
			);
			name = "WatchTheZone Watch AppUITests";
			productName = "WatchTheZone Watch AppUITests";
			productReference = 9FCBB7122BBD70C50056A462 /* WatchTheZone Watch AppUITests.xctest */;
			productType = "com.apple.product-type.bundle.ui-testing";
		};
/* End PBXNativeTarget section */

/* Begin PBXProject section */
		9F99CCFE2BBC58D20019BF15 /* Project object */ = {
			isa = PBXProject;
			attributes = {
				BuildIndependentTargetsInParallel = 1;
				LastSwiftUpdateCheck = 1530;
				LastUpgradeCheck = 1530;
				TargetAttributes = {
					9F99CD052BBC58D20019BF15 = {
						CreatedOnToolsVersion = 15.3;
					};
					9F99CD1A2BBC58D30019BF15 = {
						CreatedOnToolsVersion = 15.3;
						TestTargetID = 9F99CD052BBC58D20019BF15;
					};
					9FCBB6F82BBD70C40056A462 = {
						CreatedOnToolsVersion = 15.3;
					};
					9FCBB7072BBD70C50056A462 = {
						CreatedOnToolsVersion = 15.3;
						TestTargetID = 9FCBB6F82BBD70C40056A462;
					};
					9FCBB7112BBD70C50056A462 = {
						CreatedOnToolsVersion = 15.3;
						TestTargetID = 9FCBB6F82BBD70C40056A462;
					};
				};
			};
			buildConfigurationList = 9F99CD012BBC58D20019BF15 /* Build configuration list for PBXProject "InTheZone" */;
			compatibilityVersion = "Xcode 14.0";
			developmentRegion = en;
			hasScannedForEncodings = 0;
			knownRegions = (
				en,
				Base,
			);
			mainGroup = 9F99CCFD2BBC58D20019BF15;
			packageReferences = (
				9FCBB72E2BBDD2600056A462 /* XCRemoteSwiftPackageReference "firebase-ios-sdk" */,
				5BA581492BD6B93200ECA145 /* XCRemoteSwiftPackageReference "ChartView" */,
			);
			productRefGroup = 9F99CD072BBC58D20019BF15 /* Products */;
			projectDirPath = "";
			projectRoot = "";
			targets = (
				9F99CD052BBC58D20019BF15 /* InTheZone */,
				9F99CD1A2BBC58D30019BF15 /* InTheZoneTests */,
				9FCBB6F82BBD70C40056A462 /* WatchTheZone Watch App */,
				9FCBB7072BBD70C50056A462 /* WatchTheZone Watch AppTests */,
				9FCBB7112BBD70C50056A462 /* WatchTheZone Watch AppUITests */,
			);
		};
/* End PBXProject section */

/* Begin PBXResourcesBuildPhase section */
		9F99CD042BBC58D20019BF15 /* Resources */ = {
			isa = PBXResourcesBuildPhase;
			buildActionMask = 2147483647;
			files = (
				9F99CD112BBC58D30019BF15 /* Preview Assets.xcassets in Resources */,
				9F99CD0E2BBC58D30019BF15 /* Assets.xcassets in Resources */,
			);
			runOnlyForDeploymentPostprocessing = 0;
		};
		9F99CD192BBC58D30019BF15 /* Resources */ = {
			isa = PBXResourcesBuildPhase;
			buildActionMask = 2147483647;
			files = (
			);
			runOnlyForDeploymentPostprocessing = 0;
		};
		9FCBB6F72BBD70C40056A462 /* Resources */ = {
			isa = PBXResourcesBuildPhase;
			buildActionMask = 2147483647;
			files = (
				9FCBB7032BBD70C50056A462 /* Preview Assets.xcassets in Resources */,
				9FCBB7002BBD70C50056A462 /* Assets.xcassets in Resources */,
				5BCFCC642BCE9E5000232856 /* WatchTheZone-Watch-App-Info.plist in Resources */,
			);
			runOnlyForDeploymentPostprocessing = 0;
		};
		9FCBB7062BBD70C50056A462 /* Resources */ = {
			isa = PBXResourcesBuildPhase;
			buildActionMask = 2147483647;
			files = (
			);
			runOnlyForDeploymentPostprocessing = 0;
		};
		9FCBB7102BBD70C50056A462 /* Resources */ = {
			isa = PBXResourcesBuildPhase;
			buildActionMask = 2147483647;
			files = (
			);
			runOnlyForDeploymentPostprocessing = 0;
		};
/* End PBXResourcesBuildPhase section */

/* Begin PBXSourcesBuildPhase section */
		9F99CD022BBC58D20019BF15 /* Sources */ = {
			isa = PBXSourcesBuildPhase;
			buildActionMask = 2147483647;
			files = (
				5B790FB22BD6B6340038D78E /* ProfileView.swift in Sources */,
				5B790FAA2BD6B6340038D78E /* StepCountView.swift in Sources */,
				5B790FA22BD6B6340038D78E /* ActiveEnergyView.swift in Sources */,
				5B7937D02BD9999F00FB3B5B /* StepListView.swift in Sources */,
				5B790FA42BD6B6340038D78E /* DistanceView.swift in Sources */,
				5B790FB72BD6B6340038D78E /* LoadingView.swift in Sources */,
				5BA243552BDF7E3100CF342D /* Zones.swift in Sources */,
				5B790E242BD69F5E0038D78E /* SyncService.swift in Sources */,
				5B790FB32BD6B6340038D78E /* ProfileViewModel.swift in Sources */,
				9F99CD132BBC58D30019BF15 /* Persistence.swift in Sources */,
				5B790FA72BD6B6340038D78E /* AvgHRView.swift in Sources */,
				5BA5814F2BD6C18C00ECA145 /* HealthKitManager.swift in Sources */,
				5B7937D22BD999BD00FB3B5B /* StepChartView.swift in Sources */,
				9F99CD162BBC58D30019BF15 /* InTheZone.xcdatamodeld in Sources */,
				5B790F832BD6B5560038D78E /* UserData.swift in Sources */,
				5B790FAC2BD6B6340038D78E /* VO2MaxView.swift in Sources */,
				5B790FAF2BD6B6340038D78E /* HRZoneChartView.swift in Sources */,
				5B790FB12BD6B6340038D78E /* GetUserInfoView.swift in Sources */,
				5B790F852BD6B5710038D78E /* Step.swift in Sources */,
				9F99CD0A2BBC58D20019BF15 /* InTheZoneApp.swift in Sources */,
				5B790FB42BD6B6340038D78E /* SettingsView.swift in Sources */,
				5B790FAD2BD6B6340038D78E /* HeartBoxView.swift in Sources */,
				9F400A012BCACAE90089A806 /* SettingsManager.swift in Sources */,
				5B790FB52BD6B6340038D78E /* NewUserView.swift in Sources */,
				5BA5814D2BD6BC9500ECA145 /* ContentView.swift in Sources */,
				5B790FAB2BD6B6340038D78E /* Utils.swift in Sources */,
				5B790FA52BD6B6340038D78E /* HRVView.swift in Sources */,
				5B790FA92BD6B6340038D78E /* RestingHRView.swift in Sources */,
				5B790FB02BD6B6340038D78E /* YourHeartView.swift in Sources */,
				5B790FAE2BD6B6340038D78E /* HRView.swift in Sources */,
				5B790FA82BD6B6340038D78E /* RestingEnergyView.swift in Sources */,
				5B790FB92BD6B6340038D78E /* WorkoutsView.swift in Sources */,
				5B790FB62BD6B6340038D78E /* HRPulse.swift in Sources */,
			);
			runOnlyForDeploymentPostprocessing = 0;
		};
		9F99CD172BBC58D30019BF15 /* Sources */ = {
			isa = PBXSourcesBuildPhase;
			buildActionMask = 2147483647;
			files = (
				9F99CD202BBC58D30019BF15 /* InTheZoneTests.swift in Sources */,
			);
			runOnlyForDeploymentPostprocessing = 0;
		};
		9FCBB6F52BBD70C40056A462 /* Sources */ = {
			isa = PBXSourcesBuildPhase;
			buildActionMask = 2147483647;
			files = (
				5BCFCC5F2BCE9BAC00232856 /* ActivityView.swift in Sources */,
				5BCFCC6C2BCEE5A500232856 /* HistoryView.swift in Sources */,
				5BCFCC5E2BCE9BAC00232856 /* ElapsedTimeView.swift in Sources */,
				5BA243592BDF83D800CF342D /* HealthKitManager.swift in Sources */,
				5BCFCC5D2BCE9BAC00232856 /* WorkoutManager.swift in Sources */,
				5B790E222BD69EED0038D78E /* ExtensionDelegate.swift in Sources */,
				5B75AF142BCF0F6200009B8F /* SelectZoneView.swift in Sources */,
				5BCFCC602BCE9BAC00232856 /* WatchTheZone.swift in Sources */,
				5BCFCC5A2BCE9BAC00232856 /* MetricsView.swift in Sources */,
				5BCFCC5B2BCE9BAC00232856 /* ActivityRingsView.swift in Sources */,
				5BA243572BDF820300CF342D /* SyncService.swift in Sources */,
				5BCFCC5C2BCE9BAC00232856 /* SummaryView.swift in Sources */,
				5BCFCC612BCE9BAC00232856 /* ControlsView.swift in Sources */,
				5BCFCC622BCE9BAC00232856 /* SessionPagingView.swift in Sources */,
				5BCFCC6E2BCEE5B300232856 /* SettingsView.swift in Sources */,
				5BCFCC702BCEE5CF00232856 /* StartView.swift in Sources */,
			);
			runOnlyForDeploymentPostprocessing = 0;
		};
		9FCBB7042BBD70C50056A462 /* Sources */ = {
			isa = PBXSourcesBuildPhase;
			buildActionMask = 2147483647;
			files = (
				9FCBB70D2BBD70C50056A462 /* WatchTheZone_Watch_AppTests.swift in Sources */,
			);
			runOnlyForDeploymentPostprocessing = 0;
		};
		9FCBB70E2BBD70C50056A462 /* Sources */ = {
			isa = PBXSourcesBuildPhase;
			buildActionMask = 2147483647;
			files = (
				9FCBB7192BBD70C50056A462 /* WatchTheZone_Watch_AppUITestsLaunchTests.swift in Sources */,
				9FCBB7172BBD70C50056A462 /* WatchTheZone_Watch_AppUITests.swift in Sources */,
			);
			runOnlyForDeploymentPostprocessing = 0;
		};
/* End PBXSourcesBuildPhase section */

/* Begin PBXTargetDependency section */
		9F99CD1D2BBC58D30019BF15 /* PBXTargetDependency */ = {
			isa = PBXTargetDependency;
			target = 9F99CD052BBC58D20019BF15 /* InTheZone */;
			targetProxy = 9F99CD1C2BBC58D30019BF15 /* PBXContainerItemProxy */;
		};
		9FCBB70A2BBD70C50056A462 /* PBXTargetDependency */ = {
			isa = PBXTargetDependency;
			target = 9FCBB6F82BBD70C40056A462 /* WatchTheZone Watch App */;
			targetProxy = 9FCBB7092BBD70C50056A462 /* PBXContainerItemProxy */;
		};
		9FCBB7142BBD70C50056A462 /* PBXTargetDependency */ = {
			isa = PBXTargetDependency;
			target = 9FCBB6F82BBD70C40056A462 /* WatchTheZone Watch App */;
			targetProxy = 9FCBB7132BBD70C50056A462 /* PBXContainerItemProxy */;
		};
		9FCBB71B2BBD70C50056A462 /* PBXTargetDependency */ = {
			isa = PBXTargetDependency;
			target = 9FCBB6F82BBD70C40056A462 /* WatchTheZone Watch App */;
			targetProxy = 9FCBB71A2BBD70C50056A462 /* PBXContainerItemProxy */;
		};
/* End PBXTargetDependency section */

/* Begin XCBuildConfiguration section */
		9F99CD2D2BBC58D30019BF15 /* Debug */ = {
			isa = XCBuildConfiguration;
			buildSettings = {
				ALWAYS_SEARCH_USER_PATHS = NO;
				ASSETCATALOG_COMPILER_GENERATE_SWIFT_ASSET_SYMBOL_EXTENSIONS = YES;
				CLANG_ANALYZER_NONNULL = YES;
				CLANG_ANALYZER_NUMBER_OBJECT_CONVERSION = YES_AGGRESSIVE;
				CLANG_CXX_LANGUAGE_STANDARD = "gnu++20";
				CLANG_ENABLE_MODULES = YES;
				CLANG_ENABLE_OBJC_ARC = YES;
				CLANG_ENABLE_OBJC_WEAK = YES;
				CLANG_WARN_BLOCK_CAPTURE_AUTORELEASING = YES;
				CLANG_WARN_BOOL_CONVERSION = YES;
				CLANG_WARN_COMMA = YES;
				CLANG_WARN_CONSTANT_CONVERSION = YES;
				CLANG_WARN_DEPRECATED_OBJC_IMPLEMENTATIONS = YES;
				CLANG_WARN_DIRECT_OBJC_ISA_USAGE = YES_ERROR;
				CLANG_WARN_DOCUMENTATION_COMMENTS = YES;
				CLANG_WARN_EMPTY_BODY = YES;
				CLANG_WARN_ENUM_CONVERSION = YES;
				CLANG_WARN_INFINITE_RECURSION = YES;
				CLANG_WARN_INT_CONVERSION = YES;
				CLANG_WARN_NON_LITERAL_NULL_CONVERSION = YES;
				CLANG_WARN_OBJC_IMPLICIT_RETAIN_SELF = YES;
				CLANG_WARN_OBJC_LITERAL_CONVERSION = YES;
				CLANG_WARN_OBJC_ROOT_CLASS = YES_ERROR;
				CLANG_WARN_QUOTED_INCLUDE_IN_FRAMEWORK_HEADER = YES;
				CLANG_WARN_RANGE_LOOP_ANALYSIS = YES;
				CLANG_WARN_STRICT_PROTOTYPES = YES;
				CLANG_WARN_SUSPICIOUS_MOVE = YES;
				CLANG_WARN_UNGUARDED_AVAILABILITY = YES_AGGRESSIVE;
				CLANG_WARN_UNREACHABLE_CODE = YES;
				CLANG_WARN__DUPLICATE_METHOD_MATCH = YES;
				COPY_PHASE_STRIP = NO;
				DEBUG_INFORMATION_FORMAT = dwarf;
				ENABLE_STRICT_OBJC_MSGSEND = YES;
				ENABLE_TESTABILITY = YES;
				ENABLE_USER_SCRIPT_SANDBOXING = YES;
				GCC_C_LANGUAGE_STANDARD = gnu17;
				GCC_DYNAMIC_NO_PIC = NO;
				GCC_NO_COMMON_BLOCKS = YES;
				GCC_OPTIMIZATION_LEVEL = 0;
				GCC_PREPROCESSOR_DEFINITIONS = (
					"DEBUG=1",
					"$(inherited)",
				);
				GCC_WARN_64_TO_32_BIT_CONVERSION = YES;
				GCC_WARN_ABOUT_RETURN_TYPE = YES_ERROR;
				GCC_WARN_UNDECLARED_SELECTOR = YES;
				GCC_WARN_UNINITIALIZED_AUTOS = YES_AGGRESSIVE;
				GCC_WARN_UNUSED_FUNCTION = YES;
				GCC_WARN_UNUSED_VARIABLE = YES;
				IPHONEOS_DEPLOYMENT_TARGET = 17.4;
				LOCALIZATION_PREFERS_STRING_CATALOGS = YES;
				MTL_ENABLE_DEBUG_INFO = INCLUDE_SOURCE;
				MTL_FAST_MATH = YES;
				ONLY_ACTIVE_ARCH = YES;
				SDKROOT = iphoneos;
				SWIFT_ACTIVE_COMPILATION_CONDITIONS = "DEBUG $(inherited)";
				SWIFT_OPTIMIZATION_LEVEL = "-Onone";
				WATCHOS_DEPLOYMENT_TARGET = 10.4;
			};
			name = Debug;
		};
		9F99CD2E2BBC58D30019BF15 /* Release */ = {
			isa = XCBuildConfiguration;
			buildSettings = {
				ALWAYS_SEARCH_USER_PATHS = NO;
				ASSETCATALOG_COMPILER_GENERATE_SWIFT_ASSET_SYMBOL_EXTENSIONS = YES;
				CLANG_ANALYZER_NONNULL = YES;
				CLANG_ANALYZER_NUMBER_OBJECT_CONVERSION = YES_AGGRESSIVE;
				CLANG_CXX_LANGUAGE_STANDARD = "gnu++20";
				CLANG_ENABLE_MODULES = YES;
				CLANG_ENABLE_OBJC_ARC = YES;
				CLANG_ENABLE_OBJC_WEAK = YES;
				CLANG_WARN_BLOCK_CAPTURE_AUTORELEASING = YES;
				CLANG_WARN_BOOL_CONVERSION = YES;
				CLANG_WARN_COMMA = YES;
				CLANG_WARN_CONSTANT_CONVERSION = YES;
				CLANG_WARN_DEPRECATED_OBJC_IMPLEMENTATIONS = YES;
				CLANG_WARN_DIRECT_OBJC_ISA_USAGE = YES_ERROR;
				CLANG_WARN_DOCUMENTATION_COMMENTS = YES;
				CLANG_WARN_EMPTY_BODY = YES;
				CLANG_WARN_ENUM_CONVERSION = YES;
				CLANG_WARN_INFINITE_RECURSION = YES;
				CLANG_WARN_INT_CONVERSION = YES;
				CLANG_WARN_NON_LITERAL_NULL_CONVERSION = YES;
				CLANG_WARN_OBJC_IMPLICIT_RETAIN_SELF = YES;
				CLANG_WARN_OBJC_LITERAL_CONVERSION = YES;
				CLANG_WARN_OBJC_ROOT_CLASS = YES_ERROR;
				CLANG_WARN_QUOTED_INCLUDE_IN_FRAMEWORK_HEADER = YES;
				CLANG_WARN_RANGE_LOOP_ANALYSIS = YES;
				CLANG_WARN_STRICT_PROTOTYPES = YES;
				CLANG_WARN_SUSPICIOUS_MOVE = YES;
				CLANG_WARN_UNGUARDED_AVAILABILITY = YES_AGGRESSIVE;
				CLANG_WARN_UNREACHABLE_CODE = YES;
				CLANG_WARN__DUPLICATE_METHOD_MATCH = YES;
				COPY_PHASE_STRIP = NO;
				DEBUG_INFORMATION_FORMAT = "dwarf-with-dsym";
				ENABLE_NS_ASSERTIONS = NO;
				ENABLE_STRICT_OBJC_MSGSEND = YES;
				ENABLE_USER_SCRIPT_SANDBOXING = YES;
				GCC_C_LANGUAGE_STANDARD = gnu17;
				GCC_NO_COMMON_BLOCKS = YES;
				GCC_WARN_64_TO_32_BIT_CONVERSION = YES;
				GCC_WARN_ABOUT_RETURN_TYPE = YES_ERROR;
				GCC_WARN_UNDECLARED_SELECTOR = YES;
				GCC_WARN_UNINITIALIZED_AUTOS = YES_AGGRESSIVE;
				GCC_WARN_UNUSED_FUNCTION = YES;
				GCC_WARN_UNUSED_VARIABLE = YES;
				IPHONEOS_DEPLOYMENT_TARGET = 17.4;
				LOCALIZATION_PREFERS_STRING_CATALOGS = YES;
				MTL_ENABLE_DEBUG_INFO = NO;
				MTL_FAST_MATH = YES;
				SDKROOT = iphoneos;
				SWIFT_COMPILATION_MODE = wholemodule;
				VALIDATE_PRODUCT = YES;
				WATCHOS_DEPLOYMENT_TARGET = 10.4;
			};
			name = Release;
		};
		9F99CD302BBC58D30019BF15 /* Debug */ = {
			isa = XCBuildConfiguration;
			buildSettings = {
				ALWAYS_EMBED_SWIFT_STANDARD_LIBRARIES = YES;
				ASSETCATALOG_COMPILER_APPICON_NAME = AppIcon;
				ASSETCATALOG_COMPILER_GLOBAL_ACCENT_COLOR_NAME = AccentColor;
				CODE_SIGN_ENTITLEMENTS = InTheZone/InTheZone.entitlements;
				CODE_SIGN_STYLE = Automatic;
				CURRENT_PROJECT_VERSION = 1;
				DEVELOPMENT_ASSET_PATHS = "\"InTheZone/Preview Content\"";
				DEVELOPMENT_TEAM = SL8V4SQ33S;
				ENABLE_PREVIEWS = YES;
				GENERATE_INFOPLIST_FILE = YES;
				INFOPLIST_FILE = InTheZone/Info.plist;
				INFOPLIST_KEY_NSHealthShareUsageDescription = "Please allow us to access your health data.";
				INFOPLIST_KEY_NSHealthUpdateUsageDescription = "Please allow us to access your health data";
				INFOPLIST_KEY_UIApplicationSceneManifest_Generation = YES;
				INFOPLIST_KEY_UIApplicationSupportsIndirectInputEvents = YES;
				INFOPLIST_KEY_UILaunchScreen_Generation = YES;
				INFOPLIST_KEY_UISupportedInterfaceOrientations_iPad = "UIInterfaceOrientationPortrait UIInterfaceOrientationPortraitUpsideDown UIInterfaceOrientationLandscapeLeft UIInterfaceOrientationLandscapeRight";
				INFOPLIST_KEY_UISupportedInterfaceOrientations_iPhone = "UIInterfaceOrientationPortrait UIInterfaceOrientationLandscapeLeft UIInterfaceOrientationLandscapeRight";
				IPHONEOS_DEPLOYMENT_TARGET = 17.2;
				LD_RUNPATH_SEARCH_PATHS = (
					"$(inherited)",
					"@executable_path/Frameworks",
				);
				MARKETING_VERSION = 1.0;
				PRODUCT_BUNDLE_IDENTIFIER = comp3000.abrankin.ITZ;
				PRODUCT_NAME = "$(TARGET_NAME)";
				SWIFT_EMIT_LOC_STRINGS = YES;
				SWIFT_VERSION = 5.0;
				TARGETED_DEVICE_FAMILY = "1,2";
			};
			name = Debug;
		};
		9F99CD312BBC58D30019BF15 /* Release */ = {
			isa = XCBuildConfiguration;
			buildSettings = {
				ALWAYS_EMBED_SWIFT_STANDARD_LIBRARIES = YES;
				ASSETCATALOG_COMPILER_APPICON_NAME = AppIcon;
				ASSETCATALOG_COMPILER_GLOBAL_ACCENT_COLOR_NAME = AccentColor;
				CODE_SIGN_ENTITLEMENTS = InTheZone/InTheZone.entitlements;
				CODE_SIGN_STYLE = Automatic;
				CURRENT_PROJECT_VERSION = 1;
				DEVELOPMENT_ASSET_PATHS = "\"InTheZone/Preview Content\"";
				DEVELOPMENT_TEAM = SL8V4SQ33S;
				ENABLE_PREVIEWS = YES;
				GENERATE_INFOPLIST_FILE = YES;
				INFOPLIST_FILE = InTheZone/Info.plist;
				INFOPLIST_KEY_NSHealthShareUsageDescription = "Please allow us to access your health data.";
				INFOPLIST_KEY_NSHealthUpdateUsageDescription = "Please allow us to access your health data";
				INFOPLIST_KEY_UIApplicationSceneManifest_Generation = YES;
				INFOPLIST_KEY_UIApplicationSupportsIndirectInputEvents = YES;
				INFOPLIST_KEY_UILaunchScreen_Generation = YES;
				INFOPLIST_KEY_UISupportedInterfaceOrientations_iPad = "UIInterfaceOrientationPortrait UIInterfaceOrientationPortraitUpsideDown UIInterfaceOrientationLandscapeLeft UIInterfaceOrientationLandscapeRight";
				INFOPLIST_KEY_UISupportedInterfaceOrientations_iPhone = "UIInterfaceOrientationPortrait UIInterfaceOrientationLandscapeLeft UIInterfaceOrientationLandscapeRight";
				IPHONEOS_DEPLOYMENT_TARGET = 17.2;
				LD_RUNPATH_SEARCH_PATHS = (
					"$(inherited)",
					"@executable_path/Frameworks",
				);
				MARKETING_VERSION = 1.0;
				PRODUCT_BUNDLE_IDENTIFIER = comp3000.abrankin.ITZ;
				PRODUCT_NAME = "$(TARGET_NAME)";
				SWIFT_EMIT_LOC_STRINGS = YES;
				SWIFT_VERSION = 5.0;
				TARGETED_DEVICE_FAMILY = "1,2";
			};
			name = Release;
		};
		9F99CD332BBC58D30019BF15 /* Debug */ = {
			isa = XCBuildConfiguration;
			buildSettings = {
				ALWAYS_EMBED_SWIFT_STANDARD_LIBRARIES = YES;
				BUNDLE_LOADER = "$(TEST_HOST)";
				CODE_SIGN_STYLE = Automatic;
				CURRENT_PROJECT_VERSION = 1;
				DEVELOPMENT_TEAM = SL8V4SQ33S;
				GENERATE_INFOPLIST_FILE = YES;
				IPHONEOS_DEPLOYMENT_TARGET = 17.4;
				MARKETING_VERSION = 1.0;
				PRODUCT_BUNDLE_IDENTIFIER = comp3000.abrankin.InTheZoneTests;
				PRODUCT_NAME = "$(TARGET_NAME)";
				SWIFT_EMIT_LOC_STRINGS = NO;
				SWIFT_VERSION = 5.0;
				TARGETED_DEVICE_FAMILY = "1,2";
				TEST_HOST = "$(BUILT_PRODUCTS_DIR)/InTheZone.app/$(BUNDLE_EXECUTABLE_FOLDER_PATH)/InTheZone";
			};
			name = Debug;
		};
		9F99CD342BBC58D30019BF15 /* Release */ = {
			isa = XCBuildConfiguration;
			buildSettings = {
				ALWAYS_EMBED_SWIFT_STANDARD_LIBRARIES = YES;
				BUNDLE_LOADER = "$(TEST_HOST)";
				CODE_SIGN_STYLE = Automatic;
				CURRENT_PROJECT_VERSION = 1;
				DEVELOPMENT_TEAM = SL8V4SQ33S;
				GENERATE_INFOPLIST_FILE = YES;
				IPHONEOS_DEPLOYMENT_TARGET = 17.4;
				MARKETING_VERSION = 1.0;
				PRODUCT_BUNDLE_IDENTIFIER = comp3000.abrankin.InTheZoneTests;
				PRODUCT_NAME = "$(TARGET_NAME)";
				SWIFT_EMIT_LOC_STRINGS = NO;
				SWIFT_VERSION = 5.0;
				TARGETED_DEVICE_FAMILY = "1,2";
				TEST_HOST = "$(BUILT_PRODUCTS_DIR)/InTheZone.app/$(BUNDLE_EXECUTABLE_FOLDER_PATH)/InTheZone";
			};
			name = Release;
		};
		9FCBB71E2BBD70C50056A462 /* Debug */ = {
			isa = XCBuildConfiguration;
			buildSettings = {
				ASSETCATALOG_COMPILER_APPICON_NAME = AppIcon;
				ASSETCATALOG_COMPILER_GLOBAL_ACCENT_COLOR_NAME = AccentColor;
				CODE_SIGN_ENTITLEMENTS = "WatchTheZone Watch App/WatchTheZone Watch App.entitlements";
				CODE_SIGN_STYLE = Automatic;
				CURRENT_PROJECT_VERSION = 1;
				DEVELOPMENT_ASSET_PATHS = "\"WatchTheZone Watch App/Preview Content\"";
				DEVELOPMENT_TEAM = SL8V4SQ33S;
				ENABLE_PREVIEWS = YES;
				GENERATE_INFOPLIST_FILE = YES;
				INFOPLIST_KEY_CFBundleDisplayName = WatchTheZone;
				INFOPLIST_KEY_NSHealthShareUsageDescription = "Please allow access to enjoy all the features of our application.";
				INFOPLIST_KEY_NSHealthUpdateUsageDescription = "Please allow this access as the application uses this informatio";
				INFOPLIST_KEY_UISupportedInterfaceOrientations = "UIInterfaceOrientationPortrait UIInterfaceOrientationPortraitUpsideDown";
				INFOPLIST_KEY_WKCompanionAppBundleIdentifier = comp3000.abrankin.ITZ;
				LD_RUNPATH_SEARCH_PATHS = (
					"$(inherited)",
					"@executable_path/Frameworks",
				);
				MARKETING_VERSION = 1.0;
				PRODUCT_BUNDLE_IDENTIFIER = comp3000.abrankin.ITZ.watchkitapp;
				PRODUCT_NAME = "$(TARGET_NAME)";
				SDKROOT = watchos;
				SKIP_INSTALL = YES;
				SWIFT_EMIT_LOC_STRINGS = YES;
				SWIFT_VERSION = 5.0;
				TARGETED_DEVICE_FAMILY = 4;
				WATCHOS_DEPLOYMENT_TARGET = 10.0;
			};
			name = Debug;
		};
		9FCBB71F2BBD70C50056A462 /* Release */ = {
			isa = XCBuildConfiguration;
			buildSettings = {
				ASSETCATALOG_COMPILER_APPICON_NAME = AppIcon;
				ASSETCATALOG_COMPILER_GLOBAL_ACCENT_COLOR_NAME = AccentColor;
				CODE_SIGN_ENTITLEMENTS = "WatchTheZone Watch App/WatchTheZone Watch App.entitlements";
				CODE_SIGN_STYLE = Automatic;
				CURRENT_PROJECT_VERSION = 1;
				DEVELOPMENT_ASSET_PATHS = "\"WatchTheZone Watch App/Preview Content\"";
				DEVELOPMENT_TEAM = SL8V4SQ33S;
				ENABLE_PREVIEWS = YES;
				GENERATE_INFOPLIST_FILE = YES;
				INFOPLIST_KEY_CFBundleDisplayName = WatchTheZone;
				INFOPLIST_KEY_NSHealthShareUsageDescription = "Please allow access to enjoy all the features of our application.";
				INFOPLIST_KEY_NSHealthUpdateUsageDescription = "Please allow this access as the application uses this informatio";
				INFOPLIST_KEY_UISupportedInterfaceOrientations = "UIInterfaceOrientationPortrait UIInterfaceOrientationPortraitUpsideDown";
				INFOPLIST_KEY_WKCompanionAppBundleIdentifier = comp3000.abrankin.ITZ;
				LD_RUNPATH_SEARCH_PATHS = (
					"$(inherited)",
					"@executable_path/Frameworks",
				);
				MARKETING_VERSION = 1.0;
				PRODUCT_BUNDLE_IDENTIFIER = comp3000.abrankin.ITZ.watchkitapp;
				PRODUCT_NAME = "$(TARGET_NAME)";
				SDKROOT = watchos;
				SKIP_INSTALL = YES;
				SWIFT_EMIT_LOC_STRINGS = YES;
				SWIFT_VERSION = 5.0;
				TARGETED_DEVICE_FAMILY = 4;
				WATCHOS_DEPLOYMENT_TARGET = 10.0;
			};
			name = Release;
		};
		9FCBB7212BBD70C50056A462 /* Debug */ = {
			isa = XCBuildConfiguration;
			buildSettings = {
				ALWAYS_EMBED_SWIFT_STANDARD_LIBRARIES = YES;
				BUNDLE_LOADER = "$(TEST_HOST)";
				CODE_SIGN_STYLE = Automatic;
				CURRENT_PROJECT_VERSION = 1;
				DEVELOPMENT_TEAM = SL8V4SQ33S;
				GENERATE_INFOPLIST_FILE = YES;
				MARKETING_VERSION = 1.0;
				PRODUCT_BUNDLE_IDENTIFIER = "comp3000.abrankin.WatchTheZone-Watch-AppTests";
				PRODUCT_NAME = "$(TARGET_NAME)";
				SDKROOT = watchos;
				SWIFT_EMIT_LOC_STRINGS = NO;
				SWIFT_VERSION = 5.0;
				TARGETED_DEVICE_FAMILY = 4;
				TEST_HOST = "$(BUILT_PRODUCTS_DIR)/WatchTheZone Watch App.app/$(BUNDLE_EXECUTABLE_FOLDER_PATH)/WatchTheZone Watch App";
				WATCHOS_DEPLOYMENT_TARGET = 10.4;
			};
			name = Debug;
		};
		9FCBB7222BBD70C50056A462 /* Release */ = {
			isa = XCBuildConfiguration;
			buildSettings = {
				ALWAYS_EMBED_SWIFT_STANDARD_LIBRARIES = YES;
				BUNDLE_LOADER = "$(TEST_HOST)";
				CODE_SIGN_STYLE = Automatic;
				CURRENT_PROJECT_VERSION = 1;
				DEVELOPMENT_TEAM = SL8V4SQ33S;
				GENERATE_INFOPLIST_FILE = YES;
				MARKETING_VERSION = 1.0;
				PRODUCT_BUNDLE_IDENTIFIER = "comp3000.abrankin.WatchTheZone-Watch-AppTests";
				PRODUCT_NAME = "$(TARGET_NAME)";
				SDKROOT = watchos;
				SWIFT_EMIT_LOC_STRINGS = NO;
				SWIFT_VERSION = 5.0;
				TARGETED_DEVICE_FAMILY = 4;
				TEST_HOST = "$(BUILT_PRODUCTS_DIR)/WatchTheZone Watch App.app/$(BUNDLE_EXECUTABLE_FOLDER_PATH)/WatchTheZone Watch App";
				WATCHOS_DEPLOYMENT_TARGET = 10.4;
			};
			name = Release;
		};
		9FCBB7242BBD70C50056A462 /* Debug */ = {
			isa = XCBuildConfiguration;
			buildSettings = {
				ALWAYS_EMBED_SWIFT_STANDARD_LIBRARIES = YES;
				CODE_SIGN_STYLE = Automatic;
				CURRENT_PROJECT_VERSION = 1;
				DEVELOPMENT_TEAM = SL8V4SQ33S;
				GENERATE_INFOPLIST_FILE = YES;
				MARKETING_VERSION = 1.0;
				PRODUCT_BUNDLE_IDENTIFIER = "comp3000.abrankin.WatchTheZone-Watch-AppUITests";
				PRODUCT_NAME = "$(TARGET_NAME)";
				SDKROOT = watchos;
				SWIFT_EMIT_LOC_STRINGS = NO;
				SWIFT_VERSION = 5.0;
				TARGETED_DEVICE_FAMILY = 4;
				TEST_TARGET_NAME = "WatchTheZone Watch App";
			};
			name = Debug;
		};
		9FCBB7252BBD70C50056A462 /* Release */ = {
			isa = XCBuildConfiguration;
			buildSettings = {
				ALWAYS_EMBED_SWIFT_STANDARD_LIBRARIES = YES;
				CODE_SIGN_STYLE = Automatic;
				CURRENT_PROJECT_VERSION = 1;
				DEVELOPMENT_TEAM = SL8V4SQ33S;
				GENERATE_INFOPLIST_FILE = YES;
				MARKETING_VERSION = 1.0;
				PRODUCT_BUNDLE_IDENTIFIER = "comp3000.abrankin.WatchTheZone-Watch-AppUITests";
				PRODUCT_NAME = "$(TARGET_NAME)";
				SDKROOT = watchos;
				SWIFT_EMIT_LOC_STRINGS = NO;
				SWIFT_VERSION = 5.0;
				TARGETED_DEVICE_FAMILY = 4;
				TEST_TARGET_NAME = "WatchTheZone Watch App";
			};
			name = Release;
		};
/* End XCBuildConfiguration section */

/* Begin XCConfigurationList section */
		9F99CD012BBC58D20019BF15 /* Build configuration list for PBXProject "InTheZone" */ = {
			isa = XCConfigurationList;
			buildConfigurations = (
				9F99CD2D2BBC58D30019BF15 /* Debug */,
				9F99CD2E2BBC58D30019BF15 /* Release */,
			);
			defaultConfigurationIsVisible = 0;
			defaultConfigurationName = Release;
		};
		9F99CD2F2BBC58D30019BF15 /* Build configuration list for PBXNativeTarget "InTheZone" */ = {
			isa = XCConfigurationList;
			buildConfigurations = (
				9F99CD302BBC58D30019BF15 /* Debug */,
				9F99CD312BBC58D30019BF15 /* Release */,
			);
			defaultConfigurationIsVisible = 0;
			defaultConfigurationName = Release;
		};
		9F99CD322BBC58D30019BF15 /* Build configuration list for PBXNativeTarget "InTheZoneTests" */ = {
			isa = XCConfigurationList;
			buildConfigurations = (
				9F99CD332BBC58D30019BF15 /* Debug */,
				9F99CD342BBC58D30019BF15 /* Release */,
			);
			defaultConfigurationIsVisible = 0;
			defaultConfigurationName = Release;
		};
		9FCBB71D2BBD70C50056A462 /* Build configuration list for PBXNativeTarget "WatchTheZone Watch App" */ = {
			isa = XCConfigurationList;
			buildConfigurations = (
				9FCBB71E2BBD70C50056A462 /* Debug */,
				9FCBB71F2BBD70C50056A462 /* Release */,
			);
			defaultConfigurationIsVisible = 0;
			defaultConfigurationName = Release;
		};
		9FCBB7202BBD70C50056A462 /* Build configuration list for PBXNativeTarget "WatchTheZone Watch AppTests" */ = {
			isa = XCConfigurationList;
			buildConfigurations = (
				9FCBB7212BBD70C50056A462 /* Debug */,
				9FCBB7222BBD70C50056A462 /* Release */,
			);
			defaultConfigurationIsVisible = 0;
			defaultConfigurationName = Release;
		};
		9FCBB7232BBD70C50056A462 /* Build configuration list for PBXNativeTarget "WatchTheZone Watch AppUITests" */ = {
			isa = XCConfigurationList;
			buildConfigurations = (
				9FCBB7242BBD70C50056A462 /* Debug */,
				9FCBB7252BBD70C50056A462 /* Release */,
			);
			defaultConfigurationIsVisible = 0;
			defaultConfigurationName = Release;
		};
/* End XCConfigurationList section */

/* Begin XCRemoteSwiftPackageReference section */
		5BA581492BD6B93200ECA145 /* XCRemoteSwiftPackageReference "ChartView" */ = {
			isa = XCRemoteSwiftPackageReference;
			repositoryURL = "https://github.com/AppPear/ChartView";
			requirement = {
				kind = upToNextMajorVersion;
				minimumVersion = 1.5.5;
			};
		};
		9FCBB72E2BBDD2600056A462 /* XCRemoteSwiftPackageReference "firebase-ios-sdk" */ = {
			isa = XCRemoteSwiftPackageReference;
			repositoryURL = "https://github.com/firebase/firebase-ios-sdk";
			requirement = {
				kind = upToNextMajorVersion;
				minimumVersion = 10.23.1;
			};
		};
/* End XCRemoteSwiftPackageReference section */

/* Begin XCSwiftPackageProductDependency section */
		5BA5814A2BD6B93200ECA145 /* SwiftUICharts */ = {
			isa = XCSwiftPackageProductDependency;
			package = 5BA581492BD6B93200ECA145 /* XCRemoteSwiftPackageReference "ChartView" */;
			productName = SwiftUICharts;
		};
/* End XCSwiftPackageProductDependency section */

/* Begin XCVersionGroup section */
		9F99CD142BBC58D30019BF15 /* InTheZone.xcdatamodeld */ = {
			isa = XCVersionGroup;
			children = (
				9F99CD152BBC58D30019BF15 /* InTheZone.xcdatamodel */,
			);
			currentVersion = 9F99CD152BBC58D30019BF15 /* InTheZone.xcdatamodel */;
			path = InTheZone.xcdatamodeld;
			sourceTree = "<group>";
			versionGroupType = wrapper.xcdatamodel;
		};
/* End XCVersionGroup section */
	};
	rootObject = 9F99CCFE2BBC58D20019BF15 /* Project object */;
}
