// !$*UTF8*$!
{
	archiveVersion = 1;
	classes = {
	};
	objectVersion = 56;
	objects = {

/* Begin PBXBuildFile section */
		9F069D6E2BCD47AC0028C714 /* Step.swift in Sources */ = {isa = PBXBuildFile; fileRef = 9F069D6D2BCD47AC0028C714 /* Step.swift */; };
		9F0817972BD1B422006437D5 /* WorkoutFinder.swift in Sources */ = {isa = PBXBuildFile; fileRef = 9F0817962BD1B422006437D5 /* WorkoutFinder.swift */; };
		9F4009FF2BCA68960089A806 /* maybe.mp4 in Resources */ = {isa = PBXBuildFile; fileRef = 9F4009FE2BCA68960089A806 /* maybe.mp4 */; };
		9F400A012BCACAE90089A806 /* SettingsManager.swift in Sources */ = {isa = PBXBuildFile; fileRef = 9F400A002BCACAE90089A806 /* SettingsManager.swift */; };
		9F400A032BCB40280089A806 /* HRPulse.swift in Sources */ = {isa = PBXBuildFile; fileRef = 9F400A022BCB40280089A806 /* HRPulse.swift */; };
		9F400A262BCD47220089A806 /* Workout.swift in Sources */ = {isa = PBXBuildFile; fileRef = 9F400A252BCD47220089A806 /* Workout.swift */; };
		9F60B6E22BCA21EF0057D056 /* CircleAnimation.swift in Sources */ = {isa = PBXBuildFile; fileRef = 9F60B6E12BCA21EF0057D056 /* CircleAnimation.swift */; };
		9F6EB2962BD4617900633C49 /* Utils.swift in Sources */ = {isa = PBXBuildFile; fileRef = 9F6EB2952BD4617900633C49 /* Utils.swift */; };
		9F6EB2982BD46E6800633C49 /* SwiftUIView.swift in Sources */ = {isa = PBXBuildFile; fileRef = 9F6EB2972BD46E6800633C49 /* SwiftUIView.swift */; };
		9F6EB29A2BD4738000633C49 /* Data.swift in Sources */ = {isa = PBXBuildFile; fileRef = 9F6EB2992BD4738000633C49 /* Data.swift */; };
		9F79CBE02BBC5FA200E130F3 /* Connectivity.swift in Sources */ = {isa = PBXBuildFile; fileRef = 9F79CBDF2BBC5FA200E130F3 /* Connectivity.swift */; };
		9F99CD0A2BBC58D20019BF15 /* InTheZoneApp.swift in Sources */ = {isa = PBXBuildFile; fileRef = 9F99CD092BBC58D20019BF15 /* InTheZoneApp.swift */; };
		9F99CD0E2BBC58D30019BF15 /* Assets.xcassets in Resources */ = {isa = PBXBuildFile; fileRef = 9F99CD0D2BBC58D30019BF15 /* Assets.xcassets */; };
		9F99CD112BBC58D30019BF15 /* Preview Assets.xcassets in Resources */ = {isa = PBXBuildFile; fileRef = 9F99CD102BBC58D30019BF15 /* Preview Assets.xcassets */; };
		9F99CD132BBC58D30019BF15 /* Persistence.swift in Sources */ = {isa = PBXBuildFile; fileRef = 9F99CD122BBC58D30019BF15 /* Persistence.swift */; };
		9F99CD162BBC58D30019BF15 /* InTheZone.xcdatamodeld in Sources */ = {isa = PBXBuildFile; fileRef = 9F99CD142BBC58D30019BF15 /* InTheZone.xcdatamodeld */; };
		9F99CD202BBC58D30019BF15 /* InTheZoneTests.swift in Sources */ = {isa = PBXBuildFile; fileRef = 9F99CD1F2BBC58D30019BF15 /* InTheZoneTests.swift */; };
		9F99CD3E2BBC5B410019BF15 /* HRManager.swift in Sources */ = {isa = PBXBuildFile; fileRef = 9F99CD3D2BBC5B410019BF15 /* HRManager.swift */; };
		9FAF676E2BD1B5680091D5C8 /* WorkoutFinder.swift in Sources */ = {isa = PBXBuildFile; fileRef = 9FAF676D2BD1B5680091D5C8 /* WorkoutFinder.swift */; };
		9FAF67732BD1B7600091D5C8 /* ActivityRingsView.swift in Sources */ = {isa = PBXBuildFile; fileRef = 9FAF67722BD1B7600091D5C8 /* ActivityRingsView.swift */; };
		9FAF67752BD1B76F0091D5C8 /* ActivityView.swift in Sources */ = {isa = PBXBuildFile; fileRef = 9FAF67742BD1B76F0091D5C8 /* ActivityView.swift */; };
		9FAF67772BD1B77F0091D5C8 /* ControlsView.swift in Sources */ = {isa = PBXBuildFile; fileRef = 9FAF67762BD1B77F0091D5C8 /* ControlsView.swift */; };
		9FAF67792BD1B7940091D5C8 /* ElapsedTimeView.swift in Sources */ = {isa = PBXBuildFile; fileRef = 9FAF67782BD1B7940091D5C8 /* ElapsedTimeView.swift */; };
		9FAF677B2BD1B79C0091D5C8 /* MetricsView.swift in Sources */ = {isa = PBXBuildFile; fileRef = 9FAF677A2BD1B79C0091D5C8 /* MetricsView.swift */; };
		9FAF677D2BD1B7A90091D5C8 /* SessionPagingView.swift in Sources */ = {isa = PBXBuildFile; fileRef = 9FAF677C2BD1B7A90091D5C8 /* SessionPagingView.swift */; };
		9FAF677F2BD1B7B20091D5C8 /* SummaryView.swift in Sources */ = {isa = PBXBuildFile; fileRef = 9FAF677E2BD1B7B20091D5C8 /* SummaryView.swift */; };
		9FAF67812BD1B7F00091D5C8 /* WorkoutManager.swift in Sources */ = {isa = PBXBuildFile; fileRef = 9FAF67802BD1B7F00091D5C8 /* WorkoutManager.swift */; };
		9FAF67832BD1B9CF0091D5C8 /* SelectZoneView.swift in Sources */ = {isa = PBXBuildFile; fileRef = 9FAF67822BD1B9CF0091D5C8 /* SelectZoneView.swift */; };
		9FB079A62BD3EB1300ED97AB /* HRZones.swift in Sources */ = {isa = PBXBuildFile; fileRef = 9FB079A52BD3EB1300ED97AB /* HRZones.swift */; };
		9FB7C2FA2BD03A37007D7346 /* ProfileTesting.swift in Sources */ = {isa = PBXBuildFile; fileRef = 9FB7C2F92BD03A37007D7346 /* ProfileTesting.swift */; };
		9FCBB6FC2BBD70C40056A462 /* WatchTheZoneApp.swift in Sources */ = {isa = PBXBuildFile; fileRef = 9FCBB6FB2BBD70C40056A462 /* WatchTheZoneApp.swift */; };
		9FCBB6FE2BBD70C40056A462 /* StartView.swift in Sources */ = {isa = PBXBuildFile; fileRef = 9FCBB6FD2BBD70C40056A462 /* StartView.swift */; };
		9FCBB7002BBD70C50056A462 /* Assets.xcassets in Resources */ = {isa = PBXBuildFile; fileRef = 9FCBB6FF2BBD70C50056A462 /* Assets.xcassets */; };
		9FCBB7032BBD70C50056A462 /* Preview Assets.xcassets in Resources */ = {isa = PBXBuildFile; fileRef = 9FCBB7022BBD70C50056A462 /* Preview Assets.xcassets */; };
		9FCBB70D2BBD70C50056A462 /* WatchTheZone_Watch_AppTests.swift in Sources */ = {isa = PBXBuildFile; fileRef = 9FCBB70C2BBD70C50056A462 /* WatchTheZone_Watch_AppTests.swift */; };
		9FCBB7172BBD70C50056A462 /* WatchTheZone_Watch_AppUITests.swift in Sources */ = {isa = PBXBuildFile; fileRef = 9FCBB7162BBD70C50056A462 /* WatchTheZone_Watch_AppUITests.swift */; };
		9FCBB7192BBD70C50056A462 /* WatchTheZone_Watch_AppUITestsLaunchTests.swift in Sources */ = {isa = PBXBuildFile; fileRef = 9FCBB7182BBD70C50056A462 /* WatchTheZone_Watch_AppUITestsLaunchTests.swift */; };
		9FCBB71C2BBD70C50056A462 /* WatchTheZone Watch App.app in Embed Watch Content */ = {isa = PBXBuildFile; fileRef = 9FCBB6F92BBD70C40056A462 /* WatchTheZone Watch App.app */; settings = {ATTRIBUTES = (RemoveHeadersOnCopy, ); }; };
		9FCBB7282BBD9BE70056A462 /* LoadingView.swift in Sources */ = {isa = PBXBuildFile; fileRef = 9FCBB7272BBD9BE70056A462 /* LoadingView.swift */; };
		9FCBB72D2BBDBC9E0056A462 /* GoogleService-Info.plist in Resources */ = {isa = PBXBuildFile; fileRef = 9FCBB72C2BBDBC9E0056A462 /* GoogleService-Info.plist */; };
		9FCBB7302BBDD8C20056A462 /* LoginView.swift in Sources */ = {isa = PBXBuildFile; fileRef = 9FCBB72F2BBDD8C20056A462 /* LoginView.swift */; };
		9FCBB7322BBDD8D00056A462 /* RegisterView.swift in Sources */ = {isa = PBXBuildFile; fileRef = 9FCBB7312BBDD8D00056A462 /* RegisterView.swift */; };
		9FCBB7342BBDD8E00056A462 /* WorkoutsView.swift in Sources */ = {isa = PBXBuildFile; fileRef = 9FCBB7332BBDD8E00056A462 /* WorkoutsView.swift */; };
		9FCBB7362BBDD8F50056A462 /* ProfileView.swift in Sources */ = {isa = PBXBuildFile; fileRef = 9FCBB7352BBDD8F50056A462 /* ProfileView.swift */; };
		9FCBB7382BBDD8FD0056A462 /* SettingsView.swift in Sources */ = {isa = PBXBuildFile; fileRef = 9FCBB7372BBDD8FD0056A462 /* SettingsView.swift */; };
		9FCBB73A2BBDDD330056A462 /* YourHeartView.swift in Sources */ = {isa = PBXBuildFile; fileRef = 9FCBB7392BBDDD330056A462 /* YourHeartView.swift */; };
		9FCBB73E2BBDE3E20056A462 /* ContentView.swift in Sources */ = {isa = PBXBuildFile; fileRef = 9FCBB73D2BBDE3E20056A462 /* ContentView.swift */; };
		9FD6F8152BC421AF00CC807A /* StepCountTest.swift in Sources */ = {isa = PBXBuildFile; fileRef = 9FD6F8142BC421AF00CC807A /* StepCountTest.swift */; };
		9FD6F8172BC439E800CC807A /* HRView.swift in Sources */ = {isa = PBXBuildFile; fileRef = 9FD6F8162BC439E800CC807A /* HRView.swift */; };
		9FD6F81D2BC48B8800CC807A /* HeartBoxView.swift in Sources */ = {isa = PBXBuildFile; fileRef = 9FD6F81C2BC48B8800CC807A /* HeartBoxView.swift */; };
		9FD6F81F2BC4B23700CC807A /* HRZoneChartView.swift in Sources */ = {isa = PBXBuildFile; fileRef = 9FD6F81E2BC4B23700CC807A /* HRZoneChartView.swift */; };
		9FDDF2892BCA4A6700916DD1 /* Test.swift in Sources */ = {isa = PBXBuildFile; fileRef = 9FDDF2882BCA4A6700916DD1 /* Test.swift */; };
		9FDDF28B2BCA589800916DD1 /* NewUserView.swift in Sources */ = {isa = PBXBuildFile; fileRef = 9FDDF28A2BCA589800916DD1 /* NewUserView.swift */; };
		9FE605B92BC58F5900095A2D /* HistoryView.swift in Sources */ = {isa = PBXBuildFile; fileRef = 9FE605B82BC58F5900095A2D /* HistoryView.swift */; };
		9FE605BD2BC58F8400095A2D /* SettingsView.swift in Sources */ = {isa = PBXBuildFile; fileRef = 9FE605BC2BC58F8400095A2D /* SettingsView.swift */; };
		9FE605BF2BC58F9600095A2D /* Workout.swift in Sources */ = {isa = PBXBuildFile; fileRef = 9FE605BE2BC58F9600095A2D /* Workout.swift */; };
		9FE605C12BC593FB00095A2D /* Settings.swift in Sources */ = {isa = PBXBuildFile; fileRef = 9FE605C02BC593FB00095A2D /* Settings.swift */; };
		9FEE2E0A2BD1C208000A65CE /* AppInfo.plist in Resources */ = {isa = PBXBuildFile; fileRef = 9FEE2E092BD1C208000A65CE /* AppInfo.plist */; };
		9FEE2E0C2BD1C8C8000A65CE /* ProfileViewModel.swift in Sources */ = {isa = PBXBuildFile; fileRef = 9FEE2E0B2BD1C8C8000A65CE /* ProfileViewModel.swift */; };
		9FEE2E122BD28236000A65CE /* GetUserInfoView.swift in Sources */ = {isa = PBXBuildFile; fileRef = 9FEE2E112BD28236000A65CE /* GetUserInfoView.swift */; };
		9FEE2E142BD28DA2000A65CE /* UserData.swift in Sources */ = {isa = PBXBuildFile; fileRef = 9FEE2E132BD28DA2000A65CE /* UserData.swift */; };
		9FEE2E162BD2F08B000A65CE /* PlayingWithSwiftCharts.swift in Sources */ = {isa = PBXBuildFile; fileRef = 9FEE2E152BD2F08B000A65CE /* PlayingWithSwiftCharts.swift */; };
		9FF71D8F2BCF6897009B30F3 /* Notifcations.swift in Sources */ = {isa = PBXBuildFile; fileRef = 9FF71D8E2BCF6897009B30F3 /* Notifcations.swift */; };
		9FF71D922BCFE81C009B30F3 /* StepCountView.swift in Sources */ = {isa = PBXBuildFile; fileRef = 9FF71D912BCFE81C009B30F3 /* StepCountView.swift */; };
		9FF71D942BCFE9C6009B30F3 /* MaxHRView.swift in Sources */ = {isa = PBXBuildFile; fileRef = 9FF71D932BCFE9C6009B30F3 /* MaxHRView.swift */; };
		9FF71D962BCFE9DF009B30F3 /* VO2MaxView.swift in Sources */ = {isa = PBXBuildFile; fileRef = 9FF71D952BCFE9DF009B30F3 /* VO2MaxView.swift */; };
		9FF71D982BCFE9EA009B30F3 /* HRVView.swift in Sources */ = {isa = PBXBuildFile; fileRef = 9FF71D972BCFE9EA009B30F3 /* HRVView.swift */; };
		9FF71D9A2BCFE9FD009B30F3 /* RestingHRView.swift in Sources */ = {isa = PBXBuildFile; fileRef = 9FF71D992BCFE9FD009B30F3 /* RestingHRView.swift */; };
		9FF71D9C2BCFEA21009B30F3 /* DistanceView.swift in Sources */ = {isa = PBXBuildFile; fileRef = 9FF71D9B2BCFEA21009B30F3 /* DistanceView.swift */; };
		9FF71D9E2BCFEA30009B30F3 /* ActiveEnergyView.swift in Sources */ = {isa = PBXBuildFile; fileRef = 9FF71D9D2BCFEA30009B30F3 /* ActiveEnergyView.swift */; };
		9FF71DA02BCFEA3A009B30F3 /* RestingEnergyView.swift in Sources */ = {isa = PBXBuildFile; fileRef = 9FF71D9F2BCFEA3A009B30F3 /* RestingEnergyView.swift */; };
		9FF71DAA2BD016AA009B30F3 /* SwiftUICharts in Frameworks */ = {isa = PBXBuildFile; productRef = 9FF71DA92BD016AA009B30F3 /* SwiftUICharts */; };
		9FFC528D2BBCC08A0095DD95 /* HealthKit.framework in Frameworks */ = {isa = PBXBuildFile; fileRef = 9FFC528B2BBCC0860095DD95 /* HealthKit.framework */; };
		9FFC52922BBCC0950095DD95 /* HealthKitUI.framework in Frameworks */ = {isa = PBXBuildFile; fileRef = 9FFC52902BBCC0930095DD95 /* HealthKitUI.framework */; };
/* End PBXBuildFile section */

/* Begin PBXContainerItemProxy section */
		9F99CD1C2BBC58D30019BF15 /* PBXContainerItemProxy */ = {
			isa = PBXContainerItemProxy;
			containerPortal = 9F99CCFE2BBC58D20019BF15 /* Project object */;
			proxyType = 1;
			remoteGlobalIDString = 9F99CD052BBC58D20019BF15;
			remoteInfo = InTheZone;
		};
		9FCBB7092BBD70C50056A462 /* PBXContainerItemProxy */ = {
			isa = PBXContainerItemProxy;
			containerPortal = 9F99CCFE2BBC58D20019BF15 /* Project object */;
			proxyType = 1;
			remoteGlobalIDString = 9FCBB6F82BBD70C40056A462;
			remoteInfo = "WatchTheZone Watch App";
		};
		9FCBB7132BBD70C50056A462 /* PBXContainerItemProxy */ = {
			isa = PBXContainerItemProxy;
			containerPortal = 9F99CCFE2BBC58D20019BF15 /* Project object */;
			proxyType = 1;
			remoteGlobalIDString = 9FCBB6F82BBD70C40056A462;
			remoteInfo = "WatchTheZone Watch App";
		};
		9FCBB71A2BBD70C50056A462 /* PBXContainerItemProxy */ = {
			isa = PBXContainerItemProxy;
			containerPortal = 9F99CCFE2BBC58D20019BF15 /* Project object */;
			proxyType = 1;
			remoteGlobalIDString = 9FCBB6F82BBD70C40056A462;
			remoteInfo = "WatchTheZone Watch App";
		};
/* End PBXContainerItemProxy section */

/* Begin PBXCopyFilesBuildPhase section */
		9FCF58A02BBCAF500029C70C /* Embed Watch Content */ = {
			isa = PBXCopyFilesBuildPhase;
			buildActionMask = 2147483647;
			dstPath = "$(CONTENTS_FOLDER_PATH)/Watch";
			dstSubfolderSpec = 16;
			files = (
				9FCBB71C2BBD70C50056A462 /* WatchTheZone Watch App.app in Embed Watch Content */,
			);
			name = "Embed Watch Content";
			runOnlyForDeploymentPostprocessing = 0;
		};
/* End PBXCopyFilesBuildPhase section */

/* Begin PBXFileReference section */
		9F069D6D2BCD47AC0028C714 /* Step.swift */ = {isa = PBXFileReference; lastKnownFileType = sourcecode.swift; path = Step.swift; sourceTree = "<group>"; };
		9F0817962BD1B422006437D5 /* WorkoutFinder.swift */ = {isa = PBXFileReference; lastKnownFileType = sourcecode.swift; path = WorkoutFinder.swift; sourceTree = "<group>"; };
		9F4009FE2BCA68960089A806 /* maybe.mp4 */ = {isa = PBXFileReference; lastKnownFileType = file; name = maybe.mp4; path = ../../../../Downloads/maybe.mp4; sourceTree = "<group>"; };
		9F400A002BCACAE90089A806 /* SettingsManager.swift */ = {isa = PBXFileReference; lastKnownFileType = sourcecode.swift; path = SettingsManager.swift; sourceTree = "<group>"; };
		9F400A022BCB40280089A806 /* HRPulse.swift */ = {isa = PBXFileReference; lastKnownFileType = sourcecode.swift; path = HRPulse.swift; sourceTree = "<group>"; };
		9F400A252BCD47220089A806 /* Workout.swift */ = {isa = PBXFileReference; lastKnownFileType = sourcecode.swift; path = Workout.swift; sourceTree = "<group>"; };
		9F60B6E12BCA21EF0057D056 /* CircleAnimation.swift */ = {isa = PBXFileReference; lastKnownFileType = sourcecode.swift; path = CircleAnimation.swift; sourceTree = "<group>"; };
		9F6EB2952BD4617900633C49 /* Utils.swift */ = {isa = PBXFileReference; lastKnownFileType = sourcecode.swift; path = Utils.swift; sourceTree = "<group>"; };
		9F6EB2972BD46E6800633C49 /* SwiftUIView.swift */ = {isa = PBXFileReference; lastKnownFileType = sourcecode.swift; path = SwiftUIView.swift; sourceTree = "<group>"; };
		9F6EB2992BD4738000633C49 /* Data.swift */ = {isa = PBXFileReference; lastKnownFileType = sourcecode.swift; path = Data.swift; sourceTree = "<group>"; };
		9F79CBDF2BBC5FA200E130F3 /* Connectivity.swift */ = {isa = PBXFileReference; lastKnownFileType = sourcecode.swift; path = Connectivity.swift; sourceTree = "<group>"; };
		9F99CD062BBC58D20019BF15 /* InTheZone.app */ = {isa = PBXFileReference; explicitFileType = wrapper.application; includeInIndex = 0; path = InTheZone.app; sourceTree = BUILT_PRODUCTS_DIR; };
		9F99CD092BBC58D20019BF15 /* InTheZoneApp.swift */ = {isa = PBXFileReference; lastKnownFileType = sourcecode.swift; path = InTheZoneApp.swift; sourceTree = "<group>"; };
		9F99CD0D2BBC58D30019BF15 /* Assets.xcassets */ = {isa = PBXFileReference; lastKnownFileType = folder.assetcatalog; path = Assets.xcassets; sourceTree = "<group>"; };
		9F99CD102BBC58D30019BF15 /* Preview Assets.xcassets */ = {isa = PBXFileReference; lastKnownFileType = folder.assetcatalog; path = "Preview Assets.xcassets"; sourceTree = "<group>"; };
		9F99CD122BBC58D30019BF15 /* Persistence.swift */ = {isa = PBXFileReference; lastKnownFileType = sourcecode.swift; path = Persistence.swift; sourceTree = "<group>"; };
		9F99CD152BBC58D30019BF15 /* InTheZone.xcdatamodel */ = {isa = PBXFileReference; lastKnownFileType = wrapper.xcdatamodel; path = InTheZone.xcdatamodel; sourceTree = "<group>"; };
		9F99CD1B2BBC58D30019BF15 /* InTheZoneTests.xctest */ = {isa = PBXFileReference; explicitFileType = wrapper.cfbundle; includeInIndex = 0; path = InTheZoneTests.xctest; sourceTree = BUILT_PRODUCTS_DIR; };
		9F99CD1F2BBC58D30019BF15 /* InTheZoneTests.swift */ = {isa = PBXFileReference; lastKnownFileType = sourcecode.swift; path = InTheZoneTests.swift; sourceTree = "<group>"; };
		9F99CD292BBC58D30019BF15 /* InTheZoneUITests.swift */ = {isa = PBXFileReference; lastKnownFileType = sourcecode.swift; path = InTheZoneUITests.swift; sourceTree = "<group>"; };
		9F99CD2B2BBC58D30019BF15 /* InTheZoneUITestsLaunchTests.swift */ = {isa = PBXFileReference; lastKnownFileType = sourcecode.swift; path = InTheZoneUITestsLaunchTests.swift; sourceTree = "<group>"; };
		9F99CD382BBC59390019BF15 /* InTheZone.entitlements */ = {isa = PBXFileReference; lastKnownFileType = text.plist.entitlements; path = InTheZone.entitlements; sourceTree = "<group>"; };
		9F99CD3D2BBC5B410019BF15 /* HRManager.swift */ = {isa = PBXFileReference; lastKnownFileType = sourcecode.swift; path = HRManager.swift; sourceTree = "<group>"; };
		9FAF676D2BD1B5680091D5C8 /* WorkoutFinder.swift */ = {isa = PBXFileReference; lastKnownFileType = sourcecode.swift; path = WorkoutFinder.swift; sourceTree = "<group>"; };
		9FAF67722BD1B7600091D5C8 /* ActivityRingsView.swift */ = {isa = PBXFileReference; lastKnownFileType = sourcecode.swift; name = ActivityRingsView.swift; path = "WatchTheZone Watch App/Views/ActivityRingsView.swift"; sourceTree = SOURCE_ROOT; };
		9FAF67742BD1B76F0091D5C8 /* ActivityView.swift */ = {isa = PBXFileReference; lastKnownFileType = sourcecode.swift; name = ActivityView.swift; path = "WatchTheZone Watch App/Views/ActivityView.swift"; sourceTree = SOURCE_ROOT; };
		9FAF67762BD1B77F0091D5C8 /* ControlsView.swift */ = {isa = PBXFileReference; lastKnownFileType = sourcecode.swift; name = ControlsView.swift; path = "WatchTheZone Watch App/Views/ControlsView.swift"; sourceTree = SOURCE_ROOT; };
		9FAF67782BD1B7940091D5C8 /* ElapsedTimeView.swift */ = {isa = PBXFileReference; lastKnownFileType = sourcecode.swift; name = ElapsedTimeView.swift; path = "WatchTheZone Watch App/Views/ElapsedTimeView.swift"; sourceTree = SOURCE_ROOT; };
		9FAF677A2BD1B79C0091D5C8 /* MetricsView.swift */ = {isa = PBXFileReference; lastKnownFileType = sourcecode.swift; name = MetricsView.swift; path = "WatchTheZone Watch App/Views/MetricsView.swift"; sourceTree = SOURCE_ROOT; };
		9FAF677C2BD1B7A90091D5C8 /* SessionPagingView.swift */ = {isa = PBXFileReference; lastKnownFileType = sourcecode.swift; name = SessionPagingView.swift; path = "WatchTheZone Watch App/Views/SessionPagingView.swift"; sourceTree = SOURCE_ROOT; };
		9FAF677E2BD1B7B20091D5C8 /* SummaryView.swift */ = {isa = PBXFileReference; lastKnownFileType = sourcecode.swift; name = SummaryView.swift; path = "WatchTheZone Watch App/Views/SummaryView.swift"; sourceTree = SOURCE_ROOT; };
		9FAF67802BD1B7F00091D5C8 /* WorkoutManager.swift */ = {isa = PBXFileReference; lastKnownFileType = sourcecode.swift; path = WorkoutManager.swift; sourceTree = "<group>"; };
		9FAF67822BD1B9CF0091D5C8 /* SelectZoneView.swift */ = {isa = PBXFileReference; lastKnownFileType = sourcecode.swift; path = SelectZoneView.swift; sourceTree = "<group>"; };
		9FB079A52BD3EB1300ED97AB /* HRZones.swift */ = {isa = PBXFileReference; lastKnownFileType = sourcecode.swift; path = HRZones.swift; sourceTree = "<group>"; };
		9FB7C2F92BD03A37007D7346 /* ProfileTesting.swift */ = {isa = PBXFileReference; lastKnownFileType = sourcecode.swift; path = ProfileTesting.swift; sourceTree = "<group>"; };
		9FCBB6F92BBD70C40056A462 /* WatchTheZone Watch App.app */ = {isa = PBXFileReference; explicitFileType = wrapper.application; includeInIndex = 0; path = "WatchTheZone Watch App.app"; sourceTree = BUILT_PRODUCTS_DIR; };
		9FCBB6FB2BBD70C40056A462 /* WatchTheZoneApp.swift */ = {isa = PBXFileReference; lastKnownFileType = sourcecode.swift; path = WatchTheZoneApp.swift; sourceTree = "<group>"; };
		9FCBB6FD2BBD70C40056A462 /* StartView.swift */ = {isa = PBXFileReference; lastKnownFileType = sourcecode.swift; path = StartView.swift; sourceTree = "<group>"; };
		9FCBB6FF2BBD70C50056A462 /* Assets.xcassets */ = {isa = PBXFileReference; lastKnownFileType = folder.assetcatalog; path = Assets.xcassets; sourceTree = "<group>"; };
		9FCBB7022BBD70C50056A462 /* Preview Assets.xcassets */ = {isa = PBXFileReference; lastKnownFileType = folder.assetcatalog; path = "Preview Assets.xcassets"; sourceTree = "<group>"; };
		9FCBB7082BBD70C50056A462 /* WatchTheZone Watch AppTests.xctest */ = {isa = PBXFileReference; explicitFileType = wrapper.cfbundle; includeInIndex = 0; path = "WatchTheZone Watch AppTests.xctest"; sourceTree = BUILT_PRODUCTS_DIR; };
		9FCBB70C2BBD70C50056A462 /* WatchTheZone_Watch_AppTests.swift */ = {isa = PBXFileReference; lastKnownFileType = sourcecode.swift; path = WatchTheZone_Watch_AppTests.swift; sourceTree = "<group>"; };
		9FCBB7122BBD70C50056A462 /* WatchTheZone Watch AppUITests.xctest */ = {isa = PBXFileReference; explicitFileType = wrapper.cfbundle; includeInIndex = 0; path = "WatchTheZone Watch AppUITests.xctest"; sourceTree = BUILT_PRODUCTS_DIR; };
		9FCBB7162BBD70C50056A462 /* WatchTheZone_Watch_AppUITests.swift */ = {isa = PBXFileReference; lastKnownFileType = sourcecode.swift; path = WatchTheZone_Watch_AppUITests.swift; sourceTree = "<group>"; };
		9FCBB7182BBD70C50056A462 /* WatchTheZone_Watch_AppUITestsLaunchTests.swift */ = {isa = PBXFileReference; lastKnownFileType = sourcecode.swift; path = WatchTheZone_Watch_AppUITestsLaunchTests.swift; sourceTree = "<group>"; };
		9FCBB7272BBD9BE70056A462 /* LoadingView.swift */ = {isa = PBXFileReference; lastKnownFileType = sourcecode.swift; path = LoadingView.swift; sourceTree = "<group>"; };
		9FCBB72B2BBDABB60056A462 /* WatchTheZone Watch App.entitlements */ = {isa = PBXFileReference; lastKnownFileType = text.plist.entitlements; path = "WatchTheZone Watch App.entitlements"; sourceTree = "<group>"; };
		9FCBB72C2BBDBC9E0056A462 /* GoogleService-Info.plist */ = {isa = PBXFileReference; fileEncoding = 4; lastKnownFileType = text.plist.xml; name = "GoogleService-Info.plist"; path = "../../../../Downloads/GoogleService-Info.plist"; sourceTree = "<group>"; };
		9FCBB72F2BBDD8C20056A462 /* LoginView.swift */ = {isa = PBXFileReference; lastKnownFileType = sourcecode.swift; path = LoginView.swift; sourceTree = "<group>"; };
		9FCBB7312BBDD8D00056A462 /* RegisterView.swift */ = {isa = PBXFileReference; lastKnownFileType = sourcecode.swift; path = RegisterView.swift; sourceTree = "<group>"; };
		9FCBB7332BBDD8E00056A462 /* WorkoutsView.swift */ = {isa = PBXFileReference; lastKnownFileType = sourcecode.swift; path = WorkoutsView.swift; sourceTree = "<group>"; };
		9FCBB7352BBDD8F50056A462 /* ProfileView.swift */ = {isa = PBXFileReference; lastKnownFileType = sourcecode.swift; path = ProfileView.swift; sourceTree = "<group>"; };
		9FCBB7372BBDD8FD0056A462 /* SettingsView.swift */ = {isa = PBXFileReference; lastKnownFileType = sourcecode.swift; path = SettingsView.swift; sourceTree = "<group>"; };
		9FCBB7392BBDDD330056A462 /* YourHeartView.swift */ = {isa = PBXFileReference; lastKnownFileType = sourcecode.swift; path = YourHeartView.swift; sourceTree = "<group>"; };
		9FCBB73D2BBDE3E20056A462 /* ContentView.swift */ = {isa = PBXFileReference; lastKnownFileType = sourcecode.swift; path = ContentView.swift; sourceTree = "<group>"; };
		9FD6F8142BC421AF00CC807A /* StepCountTest.swift */ = {isa = PBXFileReference; lastKnownFileType = sourcecode.swift; path = StepCountTest.swift; sourceTree = "<group>"; };
		9FD6F8162BC439E800CC807A /* HRView.swift */ = {isa = PBXFileReference; lastKnownFileType = sourcecode.swift; path = HRView.swift; sourceTree = "<group>"; };
		9FD6F81C2BC48B8800CC807A /* HeartBoxView.swift */ = {isa = PBXFileReference; lastKnownFileType = sourcecode.swift; path = HeartBoxView.swift; sourceTree = "<group>"; };
		9FD6F81E2BC4B23700CC807A /* HRZoneChartView.swift */ = {isa = PBXFileReference; lastKnownFileType = sourcecode.swift; path = HRZoneChartView.swift; sourceTree = "<group>"; };
		9FDDF2882BCA4A6700916DD1 /* Test.swift */ = {isa = PBXFileReference; lastKnownFileType = sourcecode.swift; path = Test.swift; sourceTree = "<group>"; };
		9FDDF28A2BCA589800916DD1 /* NewUserView.swift */ = {isa = PBXFileReference; lastKnownFileType = sourcecode.swift; path = NewUserView.swift; sourceTree = "<group>"; };
		9FE605B82BC58F5900095A2D /* HistoryView.swift */ = {isa = PBXFileReference; lastKnownFileType = sourcecode.swift; path = HistoryView.swift; sourceTree = "<group>"; };
		9FE605BC2BC58F8400095A2D /* SettingsView.swift */ = {isa = PBXFileReference; lastKnownFileType = sourcecode.swift; path = SettingsView.swift; sourceTree = "<group>"; };
		9FE605BE2BC58F9600095A2D /* Workout.swift */ = {isa = PBXFileReference; lastKnownFileType = sourcecode.swift; path = Workout.swift; sourceTree = "<group>"; };
		9FE605C02BC593FB00095A2D /* Settings.swift */ = {isa = PBXFileReference; lastKnownFileType = sourcecode.swift; path = Settings.swift; sourceTree = "<group>"; };
		9FEE2E092BD1C208000A65CE /* AppInfo.plist */ = {isa = PBXFileReference; lastKnownFileType = text.plist.xml; path = AppInfo.plist; sourceTree = "<group>"; };
		9FEE2E0B2BD1C8C8000A65CE /* ProfileViewModel.swift */ = {isa = PBXFileReference; lastKnownFileType = sourcecode.swift; path = ProfileViewModel.swift; sourceTree = "<group>"; };
		9FEE2E112BD28236000A65CE /* GetUserInfoView.swift */ = {isa = PBXFileReference; lastKnownFileType = sourcecode.swift; path = GetUserInfoView.swift; sourceTree = "<group>"; };
		9FEE2E132BD28DA2000A65CE /* UserData.swift */ = {isa = PBXFileReference; lastKnownFileType = sourcecode.swift; path = UserData.swift; sourceTree = "<group>"; };
		9FEE2E152BD2F08B000A65CE /* PlayingWithSwiftCharts.swift */ = {isa = PBXFileReference; lastKnownFileType = sourcecode.swift; path = PlayingWithSwiftCharts.swift; sourceTree = "<group>"; };
		9FF71D8E2BCF6897009B30F3 /* Notifcations.swift */ = {isa = PBXFileReference; lastKnownFileType = sourcecode.swift; path = Notifcations.swift; sourceTree = "<group>"; };
		9FF71D912BCFE81C009B30F3 /* StepCountView.swift */ = {isa = PBXFileReference; lastKnownFileType = sourcecode.swift; path = StepCountView.swift; sourceTree = "<group>"; };
		9FF71D932BCFE9C6009B30F3 /* MaxHRView.swift */ = {isa = PBXFileReference; lastKnownFileType = sourcecode.swift; path = MaxHRView.swift; sourceTree = "<group>"; };
		9FF71D952BCFE9DF009B30F3 /* VO2MaxView.swift */ = {isa = PBXFileReference; lastKnownFileType = sourcecode.swift; path = VO2MaxView.swift; sourceTree = "<group>"; };
		9FF71D972BCFE9EA009B30F3 /* HRVView.swift */ = {isa = PBXFileReference; lastKnownFileType = sourcecode.swift; path = HRVView.swift; sourceTree = "<group>"; };
		9FF71D992BCFE9FD009B30F3 /* RestingHRView.swift */ = {isa = PBXFileReference; lastKnownFileType = sourcecode.swift; path = RestingHRView.swift; sourceTree = "<group>"; };
		9FF71D9B2BCFEA21009B30F3 /* DistanceView.swift */ = {isa = PBXFileReference; lastKnownFileType = sourcecode.swift; path = DistanceView.swift; sourceTree = "<group>"; };
		9FF71D9D2BCFEA30009B30F3 /* ActiveEnergyView.swift */ = {isa = PBXFileReference; lastKnownFileType = sourcecode.swift; path = ActiveEnergyView.swift; sourceTree = "<group>"; };
		9FF71D9F2BCFEA3A009B30F3 /* RestingEnergyView.swift */ = {isa = PBXFileReference; lastKnownFileType = sourcecode.swift; path = RestingEnergyView.swift; sourceTree = "<group>"; };
		9FF71DA62BD013AA009B30F3 /* Info.plist */ = {isa = PBXFileReference; lastKnownFileType = text.plist; path = Info.plist; sourceTree = "<group>"; };
		9FFC528B2BBCC0860095DD95 /* HealthKit.framework */ = {isa = PBXFileReference; lastKnownFileType = wrapper.framework; name = HealthKit.framework; path = System/Library/Frameworks/HealthKit.framework; sourceTree = SDKROOT; };
		9FFC52902BBCC0930095DD95 /* HealthKitUI.framework */ = {isa = PBXFileReference; lastKnownFileType = wrapper.framework; name = HealthKitUI.framework; path = System/Library/Frameworks/HealthKitUI.framework; sourceTree = SDKROOT; };
/* End PBXFileReference section */

/* Begin PBXFrameworksBuildPhase section */
		9F99CD032BBC58D20019BF15 /* Frameworks */ = {
			isa = PBXFrameworksBuildPhase;
			buildActionMask = 2147483647;
			files = (
				9FF71DAA2BD016AA009B30F3 /* SwiftUICharts in Frameworks */,
				9FFC528D2BBCC08A0095DD95 /* HealthKit.framework in Frameworks */,
				9FFC52922BBCC0950095DD95 /* HealthKitUI.framework in Frameworks */,
			);
			runOnlyForDeploymentPostprocessing = 0;
		};
		9F99CD182BBC58D30019BF15 /* Frameworks */ = {
			isa = PBXFrameworksBuildPhase;
			buildActionMask = 2147483647;
			files = (
			);
			runOnlyForDeploymentPostprocessing = 0;
		};
		9FCBB6F62BBD70C40056A462 /* Frameworks */ = {
			isa = PBXFrameworksBuildPhase;
			buildActionMask = 2147483647;
			files = (
			);
			runOnlyForDeploymentPostprocessing = 0;
		};
		9FCBB7052BBD70C50056A462 /* Frameworks */ = {
			isa = PBXFrameworksBuildPhase;
			buildActionMask = 2147483647;
			files = (
			);
			runOnlyForDeploymentPostprocessing = 0;
		};
		9FCBB70F2BBD70C50056A462 /* Frameworks */ = {
			isa = PBXFrameworksBuildPhase;
			buildActionMask = 2147483647;
			files = (
			);
			runOnlyForDeploymentPostprocessing = 0;
		};
/* End PBXFrameworksBuildPhase section */

/* Begin PBXGroup section */
		9F069D6F2BCD481F0028C714 /* Playground */ = {
			isa = PBXGroup;
			children = (
				9FCBB72F2BBDD8C20056A462 /* LoginView.swift */,
				9FCBB7312BBDD8D00056A462 /* RegisterView.swift */,
				9FB079A52BD3EB1300ED97AB /* HRZones.swift */,
				9FD6F8142BC421AF00CC807A /* StepCountTest.swift */,
				9FDDF2882BCA4A6700916DD1 /* Test.swift */,
				9FB7C2F92BD03A37007D7346 /* ProfileTesting.swift */,
				9FEE2E152BD2F08B000A65CE /* PlayingWithSwiftCharts.swift */,
				9F6EB2972BD46E6800633C49 /* SwiftUIView.swift */,
			);
			path = Playground;
			sourceTree = "<group>";
		};
		9F400A222BCD46E40089A806 /* Models */ = {
			isa = PBXGroup;
			children = (
				9F400A252BCD47220089A806 /* Workout.swift */,
				9FEE2E132BD28DA2000A65CE /* UserData.swift */,
				9F069D6D2BCD47AC0028C714 /* Step.swift */,
			);
			path = Models;
			sourceTree = "<group>";
		};
		9F400A242BCD46F80089A806 /* Store */ = {
			isa = PBXGroup;
			children = (
				9F99CD3D2BBC5B410019BF15 /* HRManager.swift */,
			);
			path = Store;
			sourceTree = "<group>";
		};
		9F99CCFD2BBC58D20019BF15 = {
			isa = PBXGroup;
			children = (
				9F99CD082BBC58D20019BF15 /* InTheZone */,
				9F99CD1E2BBC58D30019BF15 /* InTheZoneTests */,
				9F99CD282BBC58D30019BF15 /* InTheZoneUITests */,
				9FCBB6FA2BBD70C40056A462 /* WatchTheZone Watch App */,
				9FCBB70B2BBD70C50056A462 /* WatchTheZone Watch AppTests */,
				9FCBB7152BBD70C50056A462 /* WatchTheZone Watch AppUITests */,
				9F99CD072BBC58D20019BF15 /* Products */,
				9FFC528A2BBCC0860095DD95 /* Frameworks */,
			);
			sourceTree = "<group>";
		};
		9F99CD072BBC58D20019BF15 /* Products */ = {
			isa = PBXGroup;
			children = (
				9F99CD062BBC58D20019BF15 /* InTheZone.app */,
				9F99CD1B2BBC58D30019BF15 /* InTheZoneTests.xctest */,
				9FCBB6F92BBD70C40056A462 /* WatchTheZone Watch App.app */,
				9FCBB7082BBD70C50056A462 /* WatchTheZone Watch AppTests.xctest */,
				9FCBB7122BBD70C50056A462 /* WatchTheZone Watch AppUITests.xctest */,
			);
			name = Products;
			sourceTree = "<group>";
		};
		9F99CD082BBC58D20019BF15 /* InTheZone */ = {
			isa = PBXGroup;
			children = (
				9FF71DA62BD013AA009B30F3 /* Info.plist */,
				9F4009FE2BCA68960089A806 /* maybe.mp4 */,
				9FCBB72C2BBDBC9E0056A462 /* GoogleService-Info.plist */,
				9F99CD382BBC59390019BF15 /* InTheZone.entitlements */,
				9F99CD092BBC58D20019BF15 /* InTheZoneApp.swift */,
				9F0817962BD1B422006437D5 /* WorkoutFinder.swift */,
				9F79CBDF2BBC5FA200E130F3 /* Connectivity.swift */,
				9FF71D8E2BCF6897009B30F3 /* Notifcations.swift */,
				9F400A242BCD46F80089A806 /* Store */,
				9F400A002BCACAE90089A806 /* SettingsManager.swift */,
				9F400A222BCD46E40089A806 /* Models */,
				9FCBB7262BBD765F0056A462 /* Views */,
				9F99CD0D2BBC58D30019BF15 /* Assets.xcassets */,
				9F069D6F2BCD481F0028C714 /* Playground */,
				9FCBB73D2BBDE3E20056A462 /* ContentView.swift */,
				9F99CD122BBC58D30019BF15 /* Persistence.swift */,
				9F99CD142BBC58D30019BF15 /* InTheZone.xcdatamodeld */,
				9F99CD0F2BBC58D30019BF15 /* Preview Content */,
			);
			path = InTheZone;
			sourceTree = "<group>";
		};
		9F99CD0F2BBC58D30019BF15 /* Preview Content */ = {
			isa = PBXGroup;
			children = (
				9F99CD102BBC58D30019BF15 /* Preview Assets.xcassets */,
			);
			path = "Preview Content";
			sourceTree = "<group>";
		};
		9F99CD1E2BBC58D30019BF15 /* InTheZoneTests */ = {
			isa = PBXGroup;
			children = (
				9F99CD1F2BBC58D30019BF15 /* InTheZoneTests.swift */,
			);
			path = InTheZoneTests;
			sourceTree = "<group>";
		};
		9F99CD282BBC58D30019BF15 /* InTheZoneUITests */ = {
			isa = PBXGroup;
			children = (
				9F99CD292BBC58D30019BF15 /* InTheZoneUITests.swift */,
				9F99CD2B2BBC58D30019BF15 /* InTheZoneUITestsLaunchTests.swift */,
			);
			path = InTheZoneUITests;
			sourceTree = "<group>";
		};
		9FAF67712BD1B5C20091D5C8 /* New Group */ = {
			isa = PBXGroup;
			children = (
				9FCBB6FB2BBD70C40056A462 /* WatchTheZoneApp.swift */,
				9FAF67722BD1B7600091D5C8 /* ActivityRingsView.swift */,
				9FAF67742BD1B76F0091D5C8 /* ActivityView.swift */,
				9FAF67762BD1B77F0091D5C8 /* ControlsView.swift */,
				9FAF67782BD1B7940091D5C8 /* ElapsedTimeView.swift */,
				9FAF677A2BD1B79C0091D5C8 /* MetricsView.swift */,
				9FAF67802BD1B7F00091D5C8 /* WorkoutManager.swift */,
				9FAF677C2BD1B7A90091D5C8 /* SessionPagingView.swift */,
				9FAF677E2BD1B7B20091D5C8 /* SummaryView.swift */,
			);
			path = "New Group";
			sourceTree = "<group>";
		};
		9FCBB6FA2BBD70C40056A462 /* WatchTheZone Watch App */ = {
			isa = PBXGroup;
			children = (
				9FCBB72B2BBDABB60056A462 /* WatchTheZone Watch App.entitlements */,
				9FEE2E092BD1C208000A65CE /* AppInfo.plist */,
				9FE605C22BC5961B00095A2D /* Views */,
				9FE605C02BC593FB00095A2D /* Settings.swift */,
				9FE605BE2BC58F9600095A2D /* Workout.swift */,
				9FCBB6FF2BBD70C50056A462 /* Assets.xcassets */,
				9FCBB7012BBD70C50056A462 /* Preview Content */,
			);
			path = "WatchTheZone Watch App";
			sourceTree = "<group>";
		};
		9FCBB7012BBD70C50056A462 /* Preview Content */ = {
			isa = PBXGroup;
			children = (
				9FCBB7022BBD70C50056A462 /* Preview Assets.xcassets */,
			);
			path = "Preview Content";
			sourceTree = "<group>";
		};
		9FCBB70B2BBD70C50056A462 /* WatchTheZone Watch AppTests */ = {
			isa = PBXGroup;
			children = (
				9FCBB70C2BBD70C50056A462 /* WatchTheZone_Watch_AppTests.swift */,
			);
			path = "WatchTheZone Watch AppTests";
			sourceTree = "<group>";
		};
		9FCBB7152BBD70C50056A462 /* WatchTheZone Watch AppUITests */ = {
			isa = PBXGroup;
			children = (
				9FCBB7162BBD70C50056A462 /* WatchTheZone_Watch_AppUITests.swift */,
				9FCBB7182BBD70C50056A462 /* WatchTheZone_Watch_AppUITestsLaunchTests.swift */,
			);
			path = "WatchTheZone Watch AppUITests";
			sourceTree = "<group>";
		};
		9FCBB7262BBD765F0056A462 /* Views */ = {
			isa = PBXGroup;
			children = (
				9FDDF28A2BCA589800916DD1 /* NewUserView.swift */,
				9FEE2E112BD28236000A65CE /* GetUserInfoView.swift */,
				9FCBB7332BBDD8E00056A462 /* WorkoutsView.swift */,
				9FF71D8C2BCF3DAE009B30F3 /* Profile */,
				9FF71D8B2BCF3D84009B30F3 /* Your HeartView */,
				9FF71D8D2BCF3DD1009B30F3 /* Splashscreen */,
			);
			path = Views;
			sourceTree = "<group>";
		};
		9FE605C22BC5961B00095A2D /* Views */ = {
			isa = PBXGroup;
			children = (
				9FCBB6FD2BBD70C40056A462 /* StartView.swift */,
				9FAF676D2BD1B5680091D5C8 /* WorkoutFinder.swift */,
				9FAF67712BD1B5C20091D5C8 /* New Group */,
				9F60B6E12BCA21EF0057D056 /* CircleAnimation.swift */,
				9FE605B82BC58F5900095A2D /* HistoryView.swift */,
				9FE605BC2BC58F8400095A2D /* SettingsView.swift */,
				9FAF67822BD1B9CF0091D5C8 /* SelectZoneView.swift */,
			);
			path = Views;
			sourceTree = "<group>";
		};
		9FF71D8B2BCF3D84009B30F3 /* Your HeartView */ = {
			isa = PBXGroup;
			children = (
				9FCBB7392BBDDD330056A462 /* YourHeartView.swift */,
				9FD6F8162BC439E800CC807A /* HRView.swift */,
				9FD6F81C2BC48B8800CC807A /* HeartBoxView.swift */,
				9FF71D902BCFE7E5009B30F3 /* Box Views */,
				9FD6F81E2BC4B23700CC807A /* HRZoneChartView.swift */,
			);
			path = "Your HeartView";
			sourceTree = "<group>";
		};
		9FF71D8C2BCF3DAE009B30F3 /* Profile */ = {
			isa = PBXGroup;
			children = (
				9FCBB7352BBDD8F50056A462 /* ProfileView.swift */,
				9FEE2E0B2BD1C8C8000A65CE /* ProfileViewModel.swift */,
				9FCBB7372BBDD8FD0056A462 /* SettingsView.swift */,
			);
			path = Profile;
			sourceTree = "<group>";
		};
		9FF71D8D2BCF3DD1009B30F3 /* Splashscreen */ = {
			isa = PBXGroup;
			children = (
				9FCBB7272BBD9BE70056A462 /* LoadingView.swift */,
				9F400A022BCB40280089A806 /* HRPulse.swift */,
			);
			path = Splashscreen;
			sourceTree = "<group>";
		};
		9FF71D902BCFE7E5009B30F3 /* Box Views */ = {
			isa = PBXGroup;
			children = (
				9F6EB2952BD4617900633C49 /* Utils.swift */,
				9F6EB2992BD4738000633C49 /* Data.swift */,
				9FF71D932BCFE9C6009B30F3 /* MaxHRView.swift */,
				9FF71D952BCFE9DF009B30F3 /* VO2MaxView.swift */,
				9FF71D972BCFE9EA009B30F3 /* HRVView.swift */,
				9FF71D992BCFE9FD009B30F3 /* RestingHRView.swift */,
				9FF71D912BCFE81C009B30F3 /* StepCountView.swift */,
				9FF71D9B2BCFEA21009B30F3 /* DistanceView.swift */,
				9FF71D9D2BCFEA30009B30F3 /* ActiveEnergyView.swift */,
				9FF71D9F2BCFEA3A009B30F3 /* RestingEnergyView.swift */,
			);
			path = "Box Views";
			sourceTree = "<group>";
		};
		9FFC528A2BBCC0860095DD95 /* Frameworks */ = {
			isa = PBXGroup;
			children = (
				9FFC52902BBCC0930095DD95 /* HealthKitUI.framework */,
				9FFC528B2BBCC0860095DD95 /* HealthKit.framework */,
			);
			name = Frameworks;
			sourceTree = "<group>";
		};
/* End PBXGroup section */

/* Begin PBXNativeTarget section */
		9F99CD052BBC58D20019BF15 /* InTheZone */ = {
			isa = PBXNativeTarget;
			buildConfigurationList = 9F99CD2F2BBC58D30019BF15 /* Build configuration list for PBXNativeTarget "InTheZone" */;
			buildPhases = (
				9F99CD022BBC58D20019BF15 /* Sources */,
				9F99CD032BBC58D20019BF15 /* Frameworks */,
				9F99CD042BBC58D20019BF15 /* Resources */,
				9FCF58A02BBCAF500029C70C /* Embed Watch Content */,
			);
			buildRules = (
			);
			dependencies = (
				9FCBB71B2BBD70C50056A462 /* PBXTargetDependency */,
			);
			name = InTheZone;
			packageProductDependencies = (
				9FF71DA92BD016AA009B30F3 /* SwiftUICharts */,
			);
			productName = InTheZone;
			productReference = 9F99CD062BBC58D20019BF15 /* InTheZone.app */;
			productType = "com.apple.product-type.application";
		};
		9F99CD1A2BBC58D30019BF15 /* InTheZoneTests */ = {
			isa = PBXNativeTarget;
			buildConfigurationList = 9F99CD322BBC58D30019BF15 /* Build configuration list for PBXNativeTarget "InTheZoneTests" */;
			buildPhases = (
				9F99CD172BBC58D30019BF15 /* Sources */,
				9F99CD182BBC58D30019BF15 /* Frameworks */,
				9F99CD192BBC58D30019BF15 /* Resources */,
			);
			buildRules = (
			);
			dependencies = (
				9F99CD1D2BBC58D30019BF15 /* PBXTargetDependency */,
			);
			name = InTheZoneTests;
			productName = InTheZoneTests;
			productReference = 9F99CD1B2BBC58D30019BF15 /* InTheZoneTests.xctest */;
			productType = "com.apple.product-type.bundle.unit-test";
		};
		9FCBB6F82BBD70C40056A462 /* WatchTheZone Watch App */ = {
			isa = PBXNativeTarget;
			buildConfigurationList = 9FCBB71D2BBD70C50056A462 /* Build configuration list for PBXNativeTarget "WatchTheZone Watch App" */;
			buildPhases = (
				9FCBB6F52BBD70C40056A462 /* Sources */,
				9FCBB6F62BBD70C40056A462 /* Frameworks */,
				9FCBB6F72BBD70C40056A462 /* Resources */,
			);
			buildRules = (
			);
			dependencies = (
			);
			name = "WatchTheZone Watch App";
			productName = "WatchTheZone Watch App";
			productReference = 9FCBB6F92BBD70C40056A462 /* WatchTheZone Watch App.app */;
			productType = "com.apple.product-type.application";
		};
		9FCBB7072BBD70C50056A462 /* WatchTheZone Watch AppTests */ = {
			isa = PBXNativeTarget;
			buildConfigurationList = 9FCBB7202BBD70C50056A462 /* Build configuration list for PBXNativeTarget "WatchTheZone Watch AppTests" */;
			buildPhases = (
				9FCBB7042BBD70C50056A462 /* Sources */,
				9FCBB7052BBD70C50056A462 /* Frameworks */,
				9FCBB7062BBD70C50056A462 /* Resources */,
			);
			buildRules = (
			);
			dependencies = (
				9FCBB70A2BBD70C50056A462 /* PBXTargetDependency */,
			);
			name = "WatchTheZone Watch AppTests";
			productName = "WatchTheZone Watch AppTests";
			productReference = 9FCBB7082BBD70C50056A462 /* WatchTheZone Watch AppTests.xctest */;
			productType = "com.apple.product-type.bundle.unit-test";
		};
		9FCBB7112BBD70C50056A462 /* WatchTheZone Watch AppUITests */ = {
			isa = PBXNativeTarget;
			buildConfigurationList = 9FCBB7232BBD70C50056A462 /* Build configuration list for PBXNativeTarget "WatchTheZone Watch AppUITests" */;
			buildPhases = (
				9FCBB70E2BBD70C50056A462 /* Sources */,
				9FCBB70F2BBD70C50056A462 /* Frameworks */,
				9FCBB7102BBD70C50056A462 /* Resources */,
			);
			buildRules = (
			);
			dependencies = (
				9FCBB7142BBD70C50056A462 /* PBXTargetDependency */,
			);
			name = "WatchTheZone Watch AppUITests";
			productName = "WatchTheZone Watch AppUITests";
			productReference = 9FCBB7122BBD70C50056A462 /* WatchTheZone Watch AppUITests.xctest */;
			productType = "com.apple.product-type.bundle.ui-testing";
		};
/* End PBXNativeTarget section */

/* Begin PBXProject section */
		9F99CCFE2BBC58D20019BF15 /* Project object */ = {
			isa = PBXProject;
			attributes = {
				BuildIndependentTargetsInParallel = 1;
				LastSwiftUpdateCheck = 1530;
				LastUpgradeCheck = 1530;
				TargetAttributes = {
					9F99CD052BBC58D20019BF15 = {
						CreatedOnToolsVersion = 15.3;
					};
					9F99CD1A2BBC58D30019BF15 = {
						CreatedOnToolsVersion = 15.3;
						TestTargetID = 9F99CD052BBC58D20019BF15;
					};
					9FCBB6F82BBD70C40056A462 = {
						CreatedOnToolsVersion = 15.3;
					};
					9FCBB7072BBD70C50056A462 = {
						CreatedOnToolsVersion = 15.3;
						TestTargetID = 9FCBB6F82BBD70C40056A462;
					};
					9FCBB7112BBD70C50056A462 = {
						CreatedOnToolsVersion = 15.3;
						TestTargetID = 9FCBB6F82BBD70C40056A462;
					};
				};
			};
			buildConfigurationList = 9F99CD012BBC58D20019BF15 /* Build configuration list for PBXProject "InTheZone" */;
			compatibilityVersion = "Xcode 14.0";
			developmentRegion = en;
			hasScannedForEncodings = 0;
			knownRegions = (
				en,
				Base,
			);
			mainGroup = 9F99CCFD2BBC58D20019BF15;
			packageReferences = (
				9FCBB72E2BBDD2600056A462 /* XCRemoteSwiftPackageReference "firebase-ios-sdk" */,
				9FF71DA52BD011AA009B30F3 /* XCRemoteSwiftPackageReference "ChartView" */,
			);
			productRefGroup = 9F99CD072BBC58D20019BF15 /* Products */;
			projectDirPath = "";
			projectRoot = "";
			targets = (
				9F99CD052BBC58D20019BF15 /* InTheZone */,
				9F99CD1A2BBC58D30019BF15 /* InTheZoneTests */,
				9FCBB6F82BBD70C40056A462 /* WatchTheZone Watch App */,
				9FCBB7072BBD70C50056A462 /* WatchTheZone Watch AppTests */,
				9FCBB7112BBD70C50056A462 /* WatchTheZone Watch AppUITests */,
			);
		};
/* End PBXProject section */

/* Begin PBXResourcesBuildPhase section */
		9F99CD042BBC58D20019BF15 /* Resources */ = {
			isa = PBXResourcesBuildPhase;
			buildActionMask = 2147483647;
			files = (
				9F99CD112BBC58D30019BF15 /* Preview Assets.xcassets in Resources */,
				9F99CD0E2BBC58D30019BF15 /* Assets.xcassets in Resources */,
				9F4009FF2BCA68960089A806 /* maybe.mp4 in Resources */,
				9FCBB72D2BBDBC9E0056A462 /* GoogleService-Info.plist in Resources */,
			);
			runOnlyForDeploymentPostprocessing = 0;
		};
		9F99CD192BBC58D30019BF15 /* Resources */ = {
			isa = PBXResourcesBuildPhase;
			buildActionMask = 2147483647;
			files = (
			);
			runOnlyForDeploymentPostprocessing = 0;
		};
		9FCBB6F72BBD70C40056A462 /* Resources */ = {
			isa = PBXResourcesBuildPhase;
			buildActionMask = 2147483647;
			files = (
				9FCBB7032BBD70C50056A462 /* Preview Assets.xcassets in Resources */,
				9FCBB7002BBD70C50056A462 /* Assets.xcassets in Resources */,
				9FEE2E0A2BD1C208000A65CE /* AppInfo.plist in Resources */,
			);
			runOnlyForDeploymentPostprocessing = 0;
		};
		9FCBB7062BBD70C50056A462 /* Resources */ = {
			isa = PBXResourcesBuildPhase;
			buildActionMask = 2147483647;
			files = (
			);
			runOnlyForDeploymentPostprocessing = 0;
		};
		9FCBB7102BBD70C50056A462 /* Resources */ = {
			isa = PBXResourcesBuildPhase;
			buildActionMask = 2147483647;
			files = (
			);
			runOnlyForDeploymentPostprocessing = 0;
		};
/* End PBXResourcesBuildPhase section */

/* Begin PBXSourcesBuildPhase section */
		9F99CD022BBC58D20019BF15 /* Sources */ = {
			isa = PBXSourcesBuildPhase;
			buildActionMask = 2147483647;
			files = (
				9FCBB7382BBDD8FD0056A462 /* SettingsView.swift in Sources */,
				9FF71D9C2BCFEA21009B30F3 /* DistanceView.swift in Sources */,
				9F6EB2982BD46E6800633C49 /* SwiftUIView.swift in Sources */,
				9FD6F8172BC439E800CC807A /* HRView.swift in Sources */,
				9FD6F8152BC421AF00CC807A /* StepCountTest.swift in Sources */,
				9FF71D922BCFE81C009B30F3 /* StepCountView.swift in Sources */,
				9F99CD132BBC58D30019BF15 /* Persistence.swift in Sources */,
				9F79CBE02BBC5FA200E130F3 /* Connectivity.swift in Sources */,
				9FCBB7282BBD9BE70056A462 /* LoadingView.swift in Sources */,
				9FCBB73E2BBDE3E20056A462 /* ContentView.swift in Sources */,
				9FF71D942BCFE9C6009B30F3 /* MaxHRView.swift in Sources */,
				9F99CD162BBC58D30019BF15 /* InTheZone.xcdatamodeld in Sources */,
				9FF71D9A2BCFE9FD009B30F3 /* RestingHRView.swift in Sources */,
				9F6EB29A2BD4738000633C49 /* Data.swift in Sources */,
				9FD6F81F2BC4B23700CC807A /* HRZoneChartView.swift in Sources */,
				9F99CD3E2BBC5B410019BF15 /* HRManager.swift in Sources */,
				9FF71D9E2BCFEA30009B30F3 /* ActiveEnergyView.swift in Sources */,
				9FEE2E142BD28DA2000A65CE /* UserData.swift in Sources */,
				9FB7C2FA2BD03A37007D7346 /* ProfileTesting.swift in Sources */,
				9F400A032BCB40280089A806 /* HRPulse.swift in Sources */,
				9FEE2E0C2BD1C8C8000A65CE /* ProfileViewModel.swift in Sources */,
				9FCBB7302BBDD8C20056A462 /* LoginView.swift in Sources */,
				9FDDF2892BCA4A6700916DD1 /* Test.swift in Sources */,
				9FEE2E162BD2F08B000A65CE /* PlayingWithSwiftCharts.swift in Sources */,
				9FCBB7342BBDD8E00056A462 /* WorkoutsView.swift in Sources */,
				9FF71DA02BCFEA3A009B30F3 /* RestingEnergyView.swift in Sources */,
				9FEE2E122BD28236000A65CE /* GetUserInfoView.swift in Sources */,
				9F6EB2962BD4617900633C49 /* Utils.swift in Sources */,
				9FCBB7322BBDD8D00056A462 /* RegisterView.swift in Sources */,
				9FCBB73A2BBDDD330056A462 /* YourHeartView.swift in Sources */,
				9F069D6E2BCD47AC0028C714 /* Step.swift in Sources */,
				9F0817972BD1B422006437D5 /* WorkoutFinder.swift in Sources */,
				9FF71D962BCFE9DF009B30F3 /* VO2MaxView.swift in Sources */,
				9F99CD0A2BBC58D20019BF15 /* InTheZoneApp.swift in Sources */,
				9F400A012BCACAE90089A806 /* SettingsManager.swift in Sources */,
				9FD6F81D2BC48B8800CC807A /* HeartBoxView.swift in Sources */,
				9F400A262BCD47220089A806 /* Workout.swift in Sources */,
				9FCBB7362BBDD8F50056A462 /* ProfileView.swift in Sources */,
				9FF71D8F2BCF6897009B30F3 /* Notifcations.swift in Sources */,
				9FDDF28B2BCA589800916DD1 /* NewUserView.swift in Sources */,
				9FF71D982BCFE9EA009B30F3 /* HRVView.swift in Sources */,
				9FB079A62BD3EB1300ED97AB /* HRZones.swift in Sources */,
			);
			runOnlyForDeploymentPostprocessing = 0;
		};
		9F99CD172BBC58D30019BF15 /* Sources */ = {
			isa = PBXSourcesBuildPhase;
			buildActionMask = 2147483647;
			files = (
				9F99CD202BBC58D30019BF15 /* InTheZoneTests.swift in Sources */,
			);
			runOnlyForDeploymentPostprocessing = 0;
		};
		9FCBB6F52BBD70C40056A462 /* Sources */ = {
			isa = PBXSourcesBuildPhase;
			buildActionMask = 2147483647;
			files = (
				9FCBB6FE2BBD70C40056A462 /* StartView.swift in Sources */,
				9FAF677B2BD1B79C0091D5C8 /* MetricsView.swift in Sources */,
				9F60B6E22BCA21EF0057D056 /* CircleAnimation.swift in Sources */,
				9FE605C12BC593FB00095A2D /* Settings.swift in Sources */,
				9FAF67732BD1B7600091D5C8 /* ActivityRingsView.swift in Sources */,
				9FAF67772BD1B77F0091D5C8 /* ControlsView.swift in Sources */,
				9FAF67832BD1B9CF0091D5C8 /* SelectZoneView.swift in Sources */,
				9FAF676E2BD1B5680091D5C8 /* WorkoutFinder.swift in Sources */,
				9FAF677D2BD1B7A90091D5C8 /* SessionPagingView.swift in Sources */,
				9FAF67752BD1B76F0091D5C8 /* ActivityView.swift in Sources */,
				9FE605BF2BC58F9600095A2D /* Workout.swift in Sources */,
				9FAF67792BD1B7940091D5C8 /* ElapsedTimeView.swift in Sources */,
				9FAF67812BD1B7F00091D5C8 /* WorkoutManager.swift in Sources */,
				9FAF677F2BD1B7B20091D5C8 /* SummaryView.swift in Sources */,
				9FCBB6FC2BBD70C40056A462 /* WatchTheZoneApp.swift in Sources */,
				9FE605BD2BC58F8400095A2D /* SettingsView.swift in Sources */,
				9FE605B92BC58F5900095A2D /* HistoryView.swift in Sources */,
			);
			runOnlyForDeploymentPostprocessing = 0;
		};
		9FCBB7042BBD70C50056A462 /* Sources */ = {
			isa = PBXSourcesBuildPhase;
			buildActionMask = 2147483647;
			files = (
				9FCBB70D2BBD70C50056A462 /* WatchTheZone_Watch_AppTests.swift in Sources */,
			);
			runOnlyForDeploymentPostprocessing = 0;
		};
		9FCBB70E2BBD70C50056A462 /* Sources */ = {
			isa = PBXSourcesBuildPhase;
			buildActionMask = 2147483647;
			files = (
				9FCBB7192BBD70C50056A462 /* WatchTheZone_Watch_AppUITestsLaunchTests.swift in Sources */,
				9FCBB7172BBD70C50056A462 /* WatchTheZone_Watch_AppUITests.swift in Sources */,
			);
			runOnlyForDeploymentPostprocessing = 0;
		};
/* End PBXSourcesBuildPhase section */

/* Begin PBXTargetDependency section */
		9F99CD1D2BBC58D30019BF15 /* PBXTargetDependency */ = {
			isa = PBXTargetDependency;
			target = 9F99CD052BBC58D20019BF15 /* InTheZone */;
			targetProxy = 9F99CD1C2BBC58D30019BF15 /* PBXContainerItemProxy */;
		};
		9FCBB70A2BBD70C50056A462 /* PBXTargetDependency */ = {
			isa = PBXTargetDependency;
			target = 9FCBB6F82BBD70C40056A462 /* WatchTheZone Watch App */;
			targetProxy = 9FCBB7092BBD70C50056A462 /* PBXContainerItemProxy */;
		};
		9FCBB7142BBD70C50056A462 /* PBXTargetDependency */ = {
			isa = PBXTargetDependency;
			target = 9FCBB6F82BBD70C40056A462 /* WatchTheZone Watch App */;
			targetProxy = 9FCBB7132BBD70C50056A462 /* PBXContainerItemProxy */;
		};
		9FCBB71B2BBD70C50056A462 /* PBXTargetDependency */ = {
			isa = PBXTargetDependency;
			target = 9FCBB6F82BBD70C40056A462 /* WatchTheZone Watch App */;
			targetProxy = 9FCBB71A2BBD70C50056A462 /* PBXContainerItemProxy */;
		};
/* End PBXTargetDependency section */

/* Begin XCBuildConfiguration section */
		9F99CD2D2BBC58D30019BF15 /* Debug */ = {
			isa = XCBuildConfiguration;
			buildSettings = {
				ALWAYS_SEARCH_USER_PATHS = NO;
				ASSETCATALOG_COMPILER_GENERATE_SWIFT_ASSET_SYMBOL_EXTENSIONS = YES;
				CLANG_ANALYZER_NONNULL = YES;
				CLANG_ANALYZER_NUMBER_OBJECT_CONVERSION = YES_AGGRESSIVE;
				CLANG_CXX_LANGUAGE_STANDARD = "gnu++20";
				CLANG_ENABLE_MODULES = YES;
				CLANG_ENABLE_OBJC_ARC = YES;
				CLANG_ENABLE_OBJC_WEAK = YES;
				CLANG_WARN_BLOCK_CAPTURE_AUTORELEASING = YES;
				CLANG_WARN_BOOL_CONVERSION = YES;
				CLANG_WARN_COMMA = YES;
				CLANG_WARN_CONSTANT_CONVERSION = YES;
				CLANG_WARN_DEPRECATED_OBJC_IMPLEMENTATIONS = YES;
				CLANG_WARN_DIRECT_OBJC_ISA_USAGE = YES_ERROR;
				CLANG_WARN_DOCUMENTATION_COMMENTS = YES;
				CLANG_WARN_EMPTY_BODY = YES;
				CLANG_WARN_ENUM_CONVERSION = YES;
				CLANG_WARN_INFINITE_RECURSION = YES;
				CLANG_WARN_INT_CONVERSION = YES;
				CLANG_WARN_NON_LITERAL_NULL_CONVERSION = YES;
				CLANG_WARN_OBJC_IMPLICIT_RETAIN_SELF = YES;
				CLANG_WARN_OBJC_LITERAL_CONVERSION = YES;
				CLANG_WARN_OBJC_ROOT_CLASS = YES_ERROR;
				CLANG_WARN_QUOTED_INCLUDE_IN_FRAMEWORK_HEADER = YES;
				CLANG_WARN_RANGE_LOOP_ANALYSIS = YES;
				CLANG_WARN_STRICT_PROTOTYPES = YES;
				CLANG_WARN_SUSPICIOUS_MOVE = YES;
				CLANG_WARN_UNGUARDED_AVAILABILITY = YES_AGGRESSIVE;
				CLANG_WARN_UNREACHABLE_CODE = YES;
				CLANG_WARN__DUPLICATE_METHOD_MATCH = YES;
				COPY_PHASE_STRIP = NO;
				DEBUG_INFORMATION_FORMAT = dwarf;
				ENABLE_STRICT_OBJC_MSGSEND = YES;
				ENABLE_TESTABILITY = YES;
				ENABLE_USER_SCRIPT_SANDBOXING = YES;
				GCC_C_LANGUAGE_STANDARD = gnu17;
				GCC_DYNAMIC_NO_PIC = NO;
				GCC_NO_COMMON_BLOCKS = YES;
				GCC_OPTIMIZATION_LEVEL = 0;
				GCC_PREPROCESSOR_DEFINITIONS = (
					"DEBUG=1",
					"$(inherited)",
				);
				GCC_WARN_64_TO_32_BIT_CONVERSION = YES;
				GCC_WARN_ABOUT_RETURN_TYPE = YES_ERROR;
				GCC_WARN_UNDECLARED_SELECTOR = YES;
				GCC_WARN_UNINITIALIZED_AUTOS = YES_AGGRESSIVE;
				GCC_WARN_UNUSED_FUNCTION = YES;
				GCC_WARN_UNUSED_VARIABLE = YES;
				IPHONEOS_DEPLOYMENT_TARGET = 17.4;
				LOCALIZATION_PREFERS_STRING_CATALOGS = YES;
				MTL_ENABLE_DEBUG_INFO = INCLUDE_SOURCE;
				MTL_FAST_MATH = YES;
				ONLY_ACTIVE_ARCH = YES;
				SDKROOT = iphoneos;
				SWIFT_ACTIVE_COMPILATION_CONDITIONS = "DEBUG $(inherited)";
				SWIFT_OPTIMIZATION_LEVEL = "-Onone";
				WATCHOS_DEPLOYMENT_TARGET = 10.4;
			};
			name = Debug;
		};
		9F99CD2E2BBC58D30019BF15 /* Release */ = {
			isa = XCBuildConfiguration;
			buildSettings = {
				ALWAYS_SEARCH_USER_PATHS = NO;
				ASSETCATALOG_COMPILER_GENERATE_SWIFT_ASSET_SYMBOL_EXTENSIONS = YES;
				CLANG_ANALYZER_NONNULL = YES;
				CLANG_ANALYZER_NUMBER_OBJECT_CONVERSION = YES_AGGRESSIVE;
				CLANG_CXX_LANGUAGE_STANDARD = "gnu++20";
				CLANG_ENABLE_MODULES = YES;
				CLANG_ENABLE_OBJC_ARC = YES;
				CLANG_ENABLE_OBJC_WEAK = YES;
				CLANG_WARN_BLOCK_CAPTURE_AUTORELEASING = YES;
				CLANG_WARN_BOOL_CONVERSION = YES;
				CLANG_WARN_COMMA = YES;
				CLANG_WARN_CONSTANT_CONVERSION = YES;
				CLANG_WARN_DEPRECATED_OBJC_IMPLEMENTATIONS = YES;
				CLANG_WARN_DIRECT_OBJC_ISA_USAGE = YES_ERROR;
				CLANG_WARN_DOCUMENTATION_COMMENTS = YES;
				CLANG_WARN_EMPTY_BODY = YES;
				CLANG_WARN_ENUM_CONVERSION = YES;
				CLANG_WARN_INFINITE_RECURSION = YES;
				CLANG_WARN_INT_CONVERSION = YES;
				CLANG_WARN_NON_LITERAL_NULL_CONVERSION = YES;
				CLANG_WARN_OBJC_IMPLICIT_RETAIN_SELF = YES;
				CLANG_WARN_OBJC_LITERAL_CONVERSION = YES;
				CLANG_WARN_OBJC_ROOT_CLASS = YES_ERROR;
				CLANG_WARN_QUOTED_INCLUDE_IN_FRAMEWORK_HEADER = YES;
				CLANG_WARN_RANGE_LOOP_ANALYSIS = YES;
				CLANG_WARN_STRICT_PROTOTYPES = YES;
				CLANG_WARN_SUSPICIOUS_MOVE = YES;
				CLANG_WARN_UNGUARDED_AVAILABILITY = YES_AGGRESSIVE;
				CLANG_WARN_UNREACHABLE_CODE = YES;
				CLANG_WARN__DUPLICATE_METHOD_MATCH = YES;
				COPY_PHASE_STRIP = NO;
				DEBUG_INFORMATION_FORMAT = "dwarf-with-dsym";
				ENABLE_NS_ASSERTIONS = NO;
				ENABLE_STRICT_OBJC_MSGSEND = YES;
				ENABLE_USER_SCRIPT_SANDBOXING = YES;
				GCC_C_LANGUAGE_STANDARD = gnu17;
				GCC_NO_COMMON_BLOCKS = YES;
				GCC_WARN_64_TO_32_BIT_CONVERSION = YES;
				GCC_WARN_ABOUT_RETURN_TYPE = YES_ERROR;
				GCC_WARN_UNDECLARED_SELECTOR = YES;
				GCC_WARN_UNINITIALIZED_AUTOS = YES_AGGRESSIVE;
				GCC_WARN_UNUSED_FUNCTION = YES;
				GCC_WARN_UNUSED_VARIABLE = YES;
				IPHONEOS_DEPLOYMENT_TARGET = 17.4;
				LOCALIZATION_PREFERS_STRING_CATALOGS = YES;
				MTL_ENABLE_DEBUG_INFO = NO;
				MTL_FAST_MATH = YES;
				SDKROOT = iphoneos;
				SWIFT_COMPILATION_MODE = wholemodule;
				VALIDATE_PRODUCT = YES;
				WATCHOS_DEPLOYMENT_TARGET = 10.4;
			};
			name = Release;
		};
		9F99CD302BBC58D30019BF15 /* Debug */ = {
			isa = XCBuildConfiguration;
			buildSettings = {
				ALWAYS_EMBED_SWIFT_STANDARD_LIBRARIES = YES;
				ASSETCATALOG_COMPILER_APPICON_NAME = AppIcon;
				ASSETCATALOG_COMPILER_GLOBAL_ACCENT_COLOR_NAME = AccentColor;
				CODE_SIGN_ENTITLEMENTS = InTheZone/InTheZone.entitlements;
				CODE_SIGN_STYLE = Automatic;
				CURRENT_PROJECT_VERSION = 1;
				DEVELOPMENT_ASSET_PATHS = "\"InTheZone/Preview Content\"";
				DEVELOPMENT_TEAM = SL8V4SQ33S;
				ENABLE_PREVIEWS = YES;
				GENERATE_INFOPLIST_FILE = YES;
				INFOPLIST_FILE = InTheZone/Info.plist;
				INFOPLIST_KEY_NSHealthShareUsageDescription = "Please allow us to access your health data.";
				INFOPLIST_KEY_UIApplicationSceneManifest_Generation = YES;
				INFOPLIST_KEY_UIApplicationSupportsIndirectInputEvents = YES;
				INFOPLIST_KEY_UISupportedInterfaceOrientations_iPad = "UIInterfaceOrientationPortrait UIInterfaceOrientationPortraitUpsideDown UIInterfaceOrientationLandscapeLeft UIInterfaceOrientationLandscapeRight";
				INFOPLIST_KEY_UISupportedInterfaceOrientations_iPhone = "UIInterfaceOrientationPortrait UIInterfaceOrientationLandscapeLeft UIInterfaceOrientationLandscapeRight";
				LD_RUNPATH_SEARCH_PATHS = (
					"$(inherited)",
					"@executable_path/Frameworks",
				);
				MARKETING_VERSION = 1.0;
				PRODUCT_BUNDLE_IDENTIFIER = comp3000.abrankin.ITZ;
				PRODUCT_NAME = "$(TARGET_NAME)";
				SWIFT_EMIT_LOC_STRINGS = YES;
				SWIFT_VERSION = 5.0;
				TARGETED_DEVICE_FAMILY = "1,2";
			};
			name = Debug;
		};
		9F99CD312BBC58D30019BF15 /* Release */ = {
			isa = XCBuildConfiguration;
			buildSettings = {
				ALWAYS_EMBED_SWIFT_STANDARD_LIBRARIES = YES;
				ASSETCATALOG_COMPILER_APPICON_NAME = AppIcon;
				ASSETCATALOG_COMPILER_GLOBAL_ACCENT_COLOR_NAME = AccentColor;
				CODE_SIGN_ENTITLEMENTS = InTheZone/InTheZone.entitlements;
				CODE_SIGN_STYLE = Automatic;
				CURRENT_PROJECT_VERSION = 1;
				DEVELOPMENT_ASSET_PATHS = "\"InTheZone/Preview Content\"";
				DEVELOPMENT_TEAM = SL8V4SQ33S;
				ENABLE_PREVIEWS = YES;
				GENERATE_INFOPLIST_FILE = YES;
				INFOPLIST_FILE = InTheZone/Info.plist;
				INFOPLIST_KEY_NSHealthShareUsageDescription = "Please allow us to access your health data.";
				INFOPLIST_KEY_UIApplicationSceneManifest_Generation = YES;
				INFOPLIST_KEY_UIApplicationSupportsIndirectInputEvents = YES;
				INFOPLIST_KEY_UISupportedInterfaceOrientations_iPad = "UIInterfaceOrientationPortrait UIInterfaceOrientationPortraitUpsideDown UIInterfaceOrientationLandscapeLeft UIInterfaceOrientationLandscapeRight";
				INFOPLIST_KEY_UISupportedInterfaceOrientations_iPhone = "UIInterfaceOrientationPortrait UIInterfaceOrientationLandscapeLeft UIInterfaceOrientationLandscapeRight";
				LD_RUNPATH_SEARCH_PATHS = (
					"$(inherited)",
					"@executable_path/Frameworks",
				);
				MARKETING_VERSION = 1.0;
				PRODUCT_BUNDLE_IDENTIFIER = comp3000.abrankin.ITZ;
				PRODUCT_NAME = "$(TARGET_NAME)";
				SWIFT_EMIT_LOC_STRINGS = YES;
				SWIFT_VERSION = 5.0;
				TARGETED_DEVICE_FAMILY = "1,2";
			};
			name = Release;
		};
		9F99CD332BBC58D30019BF15 /* Debug */ = {
			isa = XCBuildConfiguration;
			buildSettings = {
				ALWAYS_EMBED_SWIFT_STANDARD_LIBRARIES = YES;
				BUNDLE_LOADER = "$(TEST_HOST)";
				CODE_SIGN_STYLE = Automatic;
				CURRENT_PROJECT_VERSION = 1;
				DEVELOPMENT_TEAM = SL8V4SQ33S;
				GENERATE_INFOPLIST_FILE = YES;
				IPHONEOS_DEPLOYMENT_TARGET = 17.4;
				MARKETING_VERSION = 1.0;
				PRODUCT_BUNDLE_IDENTIFIER = comp3000.abrankin.InTheZoneTests;
				PRODUCT_NAME = "$(TARGET_NAME)";
				SWIFT_EMIT_LOC_STRINGS = NO;
				SWIFT_VERSION = 5.0;
				TARGETED_DEVICE_FAMILY = "1,2";
				TEST_HOST = "$(BUILT_PRODUCTS_DIR)/InTheZone.app/$(BUNDLE_EXECUTABLE_FOLDER_PATH)/InTheZone";
			};
			name = Debug;
		};
		9F99CD342BBC58D30019BF15 /* Release */ = {
			isa = XCBuildConfiguration;
			buildSettings = {
				ALWAYS_EMBED_SWIFT_STANDARD_LIBRARIES = YES;
				BUNDLE_LOADER = "$(TEST_HOST)";
				CODE_SIGN_STYLE = Automatic;
				CURRENT_PROJECT_VERSION = 1;
				DEVELOPMENT_TEAM = SL8V4SQ33S;
				GENERATE_INFOPLIST_FILE = YES;
				IPHONEOS_DEPLOYMENT_TARGET = 17.4;
				MARKETING_VERSION = 1.0;
				PRODUCT_BUNDLE_IDENTIFIER = comp3000.abrankin.InTheZoneTests;
				PRODUCT_NAME = "$(TARGET_NAME)";
				SWIFT_EMIT_LOC_STRINGS = NO;
				SWIFT_VERSION = 5.0;
				TARGETED_DEVICE_FAMILY = "1,2";
				TEST_HOST = "$(BUILT_PRODUCTS_DIR)/InTheZone.app/$(BUNDLE_EXECUTABLE_FOLDER_PATH)/InTheZone";
			};
			name = Release;
		};
		9FCBB71E2BBD70C50056A462 /* Debug */ = {
			isa = XCBuildConfiguration;
			buildSettings = {
				ASSETCATALOG_COMPILER_APPICON_NAME = AppIcon;
				ASSETCATALOG_COMPILER_GLOBAL_ACCENT_COLOR_NAME = AccentColor;
				CODE_SIGN_ENTITLEMENTS = "WatchTheZone Watch App/WatchTheZone Watch App.entitlements";
				CODE_SIGN_STYLE = Automatic;
				CURRENT_PROJECT_VERSION = 1;
				DEVELOPMENT_ASSET_PATHS = "\"WatchTheZone Watch App/Preview Content\"";
				DEVELOPMENT_TEAM = SL8V4SQ33S;
				ENABLE_PREVIEWS = YES;
				GENERATE_INFOPLIST_FILE = YES;
				INFOPLIST_KEY_CFBundleDisplayName = WatchTheZone;
				INFOPLIST_KEY_NSHealthShareUsageDescription = "Please allow access to enjoy all the features of our application.";
				INFOPLIST_KEY_NSHealthUpdateUsageDescription = "Workouts will be saved to Apple HealthKit";
				INFOPLIST_KEY_UISupportedInterfaceOrientations = "UIInterfaceOrientationPortrait UIInterfaceOrientationPortraitUpsideDown";
				INFOPLIST_KEY_WKCompanionAppBundleIdentifier = comp3000.abrankin.ITZ;
				LD_RUNPATH_SEARCH_PATHS = (
					"$(inherited)",
					"@executable_path/Frameworks",
				);
				MARKETING_VERSION = 1.0;
				PRODUCT_BUNDLE_IDENTIFIER = comp3000.abrankin.ITZ.watchkitapp;
				PRODUCT_NAME = "$(TARGET_NAME)";
				SDKROOT = watchos;
				SKIP_INSTALL = YES;
				SWIFT_EMIT_LOC_STRINGS = YES;
				SWIFT_VERSION = 5.0;
				TARGETED_DEVICE_FAMILY = 4;
				WATCHOS_DEPLOYMENT_TARGET = 10.4;
			};
			name = Debug;
		};
		9FCBB71F2BBD70C50056A462 /* Release */ = {
			isa = XCBuildConfiguration;
			buildSettings = {
				ASSETCATALOG_COMPILER_APPICON_NAME = AppIcon;
				ASSETCATALOG_COMPILER_GLOBAL_ACCENT_COLOR_NAME = AccentColor;
				CODE_SIGN_ENTITLEMENTS = "WatchTheZone Watch App/WatchTheZone Watch App.entitlements";
				CODE_SIGN_STYLE = Automatic;
				CURRENT_PROJECT_VERSION = 1;
				DEVELOPMENT_ASSET_PATHS = "\"WatchTheZone Watch App/Preview Content\"";
				DEVELOPMENT_TEAM = SL8V4SQ33S;
				ENABLE_PREVIEWS = YES;
				GENERATE_INFOPLIST_FILE = YES;
				INFOPLIST_KEY_CFBundleDisplayName = WatchTheZone;
				INFOPLIST_KEY_NSHealthShareUsageDescription = "Please allow access to enjoy all the features of our application.";
				INFOPLIST_KEY_NSHealthUpdateUsageDescription = "Workouts will be saved to Apple HealthKit";
				INFOPLIST_KEY_UISupportedInterfaceOrientations = "UIInterfaceOrientationPortrait UIInterfaceOrientationPortraitUpsideDown";
				INFOPLIST_KEY_WKCompanionAppBundleIdentifier = comp3000.abrankin.ITZ;
				LD_RUNPATH_SEARCH_PATHS = (
					"$(inherited)",
					"@executable_path/Frameworks",
				);
				MARKETING_VERSION = 1.0;
				PRODUCT_BUNDLE_IDENTIFIER = comp3000.abrankin.ITZ.watchkitapp;
				PRODUCT_NAME = "$(TARGET_NAME)";
				SDKROOT = watchos;
				SKIP_INSTALL = YES;
				SWIFT_EMIT_LOC_STRINGS = YES;
				SWIFT_VERSION = 5.0;
				TARGETED_DEVICE_FAMILY = 4;
				WATCHOS_DEPLOYMENT_TARGET = 10.4;
			};
			name = Release;
		};
		9FCBB7212BBD70C50056A462 /* Debug */ = {
			isa = XCBuildConfiguration;
			buildSettings = {
				ALWAYS_EMBED_SWIFT_STANDARD_LIBRARIES = YES;
				BUNDLE_LOADER = "$(TEST_HOST)";
				CODE_SIGN_STYLE = Automatic;
				CURRENT_PROJECT_VERSION = 1;
				DEVELOPMENT_TEAM = SL8V4SQ33S;
				GENERATE_INFOPLIST_FILE = YES;
				MARKETING_VERSION = 1.0;
				PRODUCT_BUNDLE_IDENTIFIER = "comp3000.abrankin.WatchTheZone-Watch-AppTests";
				PRODUCT_NAME = "$(TARGET_NAME)";
				SDKROOT = watchos;
				SWIFT_EMIT_LOC_STRINGS = NO;
				SWIFT_VERSION = 5.0;
				TARGETED_DEVICE_FAMILY = 4;
				TEST_HOST = "$(BUILT_PRODUCTS_DIR)/WatchTheZone Watch App.app/$(BUNDLE_EXECUTABLE_FOLDER_PATH)/WatchTheZone Watch App";
				WATCHOS_DEPLOYMENT_TARGET = 10.4;
			};
			name = Debug;
		};
		9FCBB7222BBD70C50056A462 /* Release */ = {
			isa = XCBuildConfiguration;
			buildSettings = {
				ALWAYS_EMBED_SWIFT_STANDARD_LIBRARIES = YES;
				BUNDLE_LOADER = "$(TEST_HOST)";
				CODE_SIGN_STYLE = Automatic;
				CURRENT_PROJECT_VERSION = 1;
				DEVELOPMENT_TEAM = SL8V4SQ33S;
				GENERATE_INFOPLIST_FILE = YES;
				MARKETING_VERSION = 1.0;
				PRODUCT_BUNDLE_IDENTIFIER = "comp3000.abrankin.WatchTheZone-Watch-AppTests";
				PRODUCT_NAME = "$(TARGET_NAME)";
				SDKROOT = watchos;
				SWIFT_EMIT_LOC_STRINGS = NO;
				SWIFT_VERSION = 5.0;
				TARGETED_DEVICE_FAMILY = 4;
				TEST_HOST = "$(BUILT_PRODUCTS_DIR)/WatchTheZone Watch App.app/$(BUNDLE_EXECUTABLE_FOLDER_PATH)/WatchTheZone Watch App";
				WATCHOS_DEPLOYMENT_TARGET = 10.4;
			};
			name = Release;
		};
		9FCBB7242BBD70C50056A462 /* Debug */ = {
			isa = XCBuildConfiguration;
			buildSettings = {
				ALWAYS_EMBED_SWIFT_STANDARD_LIBRARIES = YES;
				CODE_SIGN_STYLE = Automatic;
				CURRENT_PROJECT_VERSION = 1;
				DEVELOPMENT_TEAM = SL8V4SQ33S;
				GENERATE_INFOPLIST_FILE = YES;
				MARKETING_VERSION = 1.0;
				PRODUCT_BUNDLE_IDENTIFIER = "comp3000.abrankin.WatchTheZone-Watch-AppUITests";
				PRODUCT_NAME = "$(TARGET_NAME)";
				SDKROOT = watchos;
				SWIFT_EMIT_LOC_STRINGS = NO;
				SWIFT_VERSION = 5.0;
				TARGETED_DEVICE_FAMILY = 4;
				TEST_TARGET_NAME = "WatchTheZone Watch App";
			};
			name = Debug;
		};
		9FCBB7252BBD70C50056A462 /* Release */ = {
			isa = XCBuildConfiguration;
			buildSettings = {
				ALWAYS_EMBED_SWIFT_STANDARD_LIBRARIES = YES;
				CODE_SIGN_STYLE = Automatic;
				CURRENT_PROJECT_VERSION = 1;
				DEVELOPMENT_TEAM = SL8V4SQ33S;
				GENERATE_INFOPLIST_FILE = YES;
				MARKETING_VERSION = 1.0;
				PRODUCT_BUNDLE_IDENTIFIER = "comp3000.abrankin.WatchTheZone-Watch-AppUITests";
				PRODUCT_NAME = "$(TARGET_NAME)";
				SDKROOT = watchos;
				SWIFT_EMIT_LOC_STRINGS = NO;
				SWIFT_VERSION = 5.0;
				TARGETED_DEVICE_FAMILY = 4;
				TEST_TARGET_NAME = "WatchTheZone Watch App";
			};
			name = Release;
		};
/* End XCBuildConfiguration section */

/* Begin XCConfigurationList section */
		9F99CD012BBC58D20019BF15 /* Build configuration list for PBXProject "InTheZone" */ = {
			isa = XCConfigurationList;
			buildConfigurations = (
				9F99CD2D2BBC58D30019BF15 /* Debug */,
				9F99CD2E2BBC58D30019BF15 /* Release */,
			);
			defaultConfigurationIsVisible = 0;
			defaultConfigurationName = Release;
		};
		9F99CD2F2BBC58D30019BF15 /* Build configuration list for PBXNativeTarget "InTheZone" */ = {
			isa = XCConfigurationList;
			buildConfigurations = (
				9F99CD302BBC58D30019BF15 /* Debug */,
				9F99CD312BBC58D30019BF15 /* Release */,
			);
			defaultConfigurationIsVisible = 0;
			defaultConfigurationName = Release;
		};
		9F99CD322BBC58D30019BF15 /* Build configuration list for PBXNativeTarget "InTheZoneTests" */ = {
			isa = XCConfigurationList;
			buildConfigurations = (
				9F99CD332BBC58D30019BF15 /* Debug */,
				9F99CD342BBC58D30019BF15 /* Release */,
			);
			defaultConfigurationIsVisible = 0;
			defaultConfigurationName = Release;
		};
		9FCBB71D2BBD70C50056A462 /* Build configuration list for PBXNativeTarget "WatchTheZone Watch App" */ = {
			isa = XCConfigurationList;
			buildConfigurations = (
				9FCBB71E2BBD70C50056A462 /* Debug */,
				9FCBB71F2BBD70C50056A462 /* Release */,
			);
			defaultConfigurationIsVisible = 0;
			defaultConfigurationName = Release;
		};
		9FCBB7202BBD70C50056A462 /* Build configuration list for PBXNativeTarget "WatchTheZone Watch AppTests" */ = {
			isa = XCConfigurationList;
			buildConfigurations = (
				9FCBB7212BBD70C50056A462 /* Debug */,
				9FCBB7222BBD70C50056A462 /* Release */,
			);
			defaultConfigurationIsVisible = 0;
			defaultConfigurationName = Release;
		};
		9FCBB7232BBD70C50056A462 /* Build configuration list for PBXNativeTarget "WatchTheZone Watch AppUITests" */ = {
			isa = XCConfigurationList;
			buildConfigurations = (
				9FCBB7242BBD70C50056A462 /* Debug */,
				9FCBB7252BBD70C50056A462 /* Release */,
			);
			defaultConfigurationIsVisible = 0;
			defaultConfigurationName = Release;
		};
/* End XCConfigurationList section */

/* Begin XCRemoteSwiftPackageReference section */
		9FCBB72E2BBDD2600056A462 /* XCRemoteSwiftPackageReference "firebase-ios-sdk" */ = {
			isa = XCRemoteSwiftPackageReference;
			repositoryURL = "https://github.com/firebase/firebase-ios-sdk";
			requirement = {
				kind = upToNextMajorVersion;
				minimumVersion = 10.23.1;
			};
		};
		9FF71DA52BD011AA009B30F3 /* XCRemoteSwiftPackageReference "ChartView" */ = {
			isa = XCRemoteSwiftPackageReference;
			repositoryURL = "https://github.com/AppPear/ChartView";
			requirement = {
				kind = upToNextMajorVersion;
				minimumVersion = 1.5.5;
			};
		};
/* End XCRemoteSwiftPackageReference section */

/* Begin XCSwiftPackageProductDependency section */
		9FF71DA92BD016AA009B30F3 /* SwiftUICharts */ = {
			isa = XCSwiftPackageProductDependency;
			package = 9FF71DA52BD011AA009B30F3 /* XCRemoteSwiftPackageReference "ChartView" */;
			productName = SwiftUICharts;
		};
/* End XCSwiftPackageProductDependency section */

/* Begin XCVersionGroup section */
		9F99CD142BBC58D30019BF15 /* InTheZone.xcdatamodeld */ = {
			isa = XCVersionGroup;
			children = (
				9F99CD152BBC58D30019BF15 /* InTheZone.xcdatamodel */,
			);
			currentVersion = 9F99CD152BBC58D30019BF15 /* InTheZone.xcdatamodel */;
			path = InTheZone.xcdatamodeld;
			sourceTree = "<group>";
			versionGroupType = wrapper.xcdatamodel;
		};
/* End XCVersionGroup section */
	};
	rootObject = 9F99CCFE2BBC58D20019BF15 /* Project object */;
}
